// !$*UTF8*$!
{
	archiveVersion = 1;
	classes = {
	};
	objectVersion = 50;
	objects = {

/* Begin PBXBuildFile section */
		EECD00DF236AE36E002E9C98 /* libz.tbd in Frameworks */ = {isa = PBXBuildFile; fileRef = EECD00DE236AE36E002E9C98 /* libz.tbd */; };
		EECD00E1236AE377002E9C98 /* libbz2.tbd in Frameworks */ = {isa = PBXBuildFile; fileRef = EECD00E0236AE377002E9C98 /* libbz2.tbd */; };
		EECD00F1236AE482002E9C98 /* NHAVKitTimer.m in Sources */ = {isa = PBXBuildFile; fileRef = EECD00E4236AE481002E9C98 /* NHAVKitTimer.m */; };
		EECD00F2236AE482002E9C98 /* NH_INLINE.h in Headers */ = {isa = PBXBuildFile; fileRef = EECD00E5236AE481002E9C98 /* NH_INLINE.h */; };
		EECD00F3236AE482002E9C98 /* NHAVKitDefine.h in Headers */ = {isa = PBXBuildFile; fileRef = EECD00E6236AE481002E9C98 /* NHAVKitDefine.h */; };
		EECD00F4236AE482002E9C98 /* NHAVKitTimer.h in Headers */ = {isa = PBXBuildFile; fileRef = EECD00E7236AE481002E9C98 /* NHAVKitTimer.h */; };
		EECD00F5236AE482002E9C98 /* UIDevice+NHOrientation.h in Headers */ = {isa = PBXBuildFile; fileRef = EECD00E9236AE481002E9C98 /* UIDevice+NHOrientation.h */; };
		EECD00F6236AE482002E9C98 /* NSObject+converTime.m in Sources */ = {isa = PBXBuildFile; fileRef = EECD00EA236AE481002E9C98 /* NSObject+converTime.m */; };
		EECD00F7236AE482002E9C98 /* NSString+time.h in Headers */ = {isa = PBXBuildFile; fileRef = EECD00EB236AE481002E9C98 /* NSString+time.h */; };
		EECD00F8236AE482002E9C98 /* NSTimer+NHAutoRetain.m in Sources */ = {isa = PBXBuildFile; fileRef = EECD00EC236AE481002E9C98 /* NSTimer+NHAutoRetain.m */; };
		EECD00F9236AE482002E9C98 /* UIDevice+NHOrientation.m in Sources */ = {isa = PBXBuildFile; fileRef = EECD00ED236AE481002E9C98 /* UIDevice+NHOrientation.m */; };
		EECD00FA236AE482002E9C98 /* NSObject+converTime.h in Headers */ = {isa = PBXBuildFile; fileRef = EECD00EE236AE481002E9C98 /* NSObject+converTime.h */; };
		EECD00FB236AE482002E9C98 /* NSTimer+NHAutoRetain.h in Headers */ = {isa = PBXBuildFile; fileRef = EECD00EF236AE481002E9C98 /* NSTimer+NHAutoRetain.h */; };
		EECD00FC236AE482002E9C98 /* NSString+time.m in Sources */ = {isa = PBXBuildFile; fileRef = EECD00F0236AE481002E9C98 /* NSString+time.m */; };
		EECD00FE236AE4D1002E9C98 /* VideoToolbox.framework in Frameworks */ = {isa = PBXBuildFile; fileRef = EECD00FD236AE4D1002E9C98 /* VideoToolbox.framework */; };
		EECD0100236AE4DF002E9C98 /* AudioToolbox.framework in Frameworks */ = {isa = PBXBuildFile; fileRef = EECD00FF236AE4DF002E9C98 /* AudioToolbox.framework */; };
		EECD0107236AE595002E9C98 /* libiconv.tbd in Frameworks */ = {isa = PBXBuildFile; fileRef = EECD0105236AE584002E9C98 /* libiconv.tbd */; };
		EECDFEC4236AE0F8002E9C98 /* Decoder.h in Headers */ = {isa = PBXBuildFile; fileRef = EECDFEC2236AE0F8002E9C98 /* Decoder.h */; settings = {ATTRIBUTES = (Public, ); }; };
		EECDFECD236AE241002E9C98 /* NHFFmpegPlayer.m in Sources */ = {isa = PBXBuildFile; fileRef = EECDFECB236AE241002E9C98 /* NHFFmpegPlayer.m */; };
		EECDFECE236AE241002E9C98 /* NHFFmpegPlayer.h in Headers */ = {isa = PBXBuildFile; fileRef = EECDFECC236AE241002E9C98 /* NHFFmpegPlayer.h */; settings = {ATTRIBUTES = (Public, ); }; };
		EECDFF67236AE2E1002E9C98 /* version.h in Headers */ = {isa = PBXBuildFile; fileRef = EECDFEE6236AE2E1002E9C98 /* version.h */; };
		EECDFF68236AE2E1002E9C98 /* postprocess.h in Headers */ = {isa = PBXBuildFile; fileRef = EECDFEE7236AE2E1002E9C98 /* postprocess.h */; };
		EECDFF69236AE2E1002E9C98 /* version.h in Headers */ = {isa = PBXBuildFile; fileRef = EECDFEE9236AE2E1002E9C98 /* version.h */; };
		EECDFF6A236AE2E1002E9C98 /* buffersrc.h in Headers */ = {isa = PBXBuildFile; fileRef = EECDFEEA236AE2E1002E9C98 /* buffersrc.h */; };
		EECDFF6B236AE2E1002E9C98 /* buffersink.h in Headers */ = {isa = PBXBuildFile; fileRef = EECDFEEB236AE2E1002E9C98 /* buffersink.h */; };
		EECDFF6C236AE2E1002E9C98 /* avfilter.h in Headers */ = {isa = PBXBuildFile; fileRef = EECDFEEC236AE2E1002E9C98 /* avfilter.h */; };
		EECDFF6D236AE2E1002E9C98 /* avfiltergraph.h in Headers */ = {isa = PBXBuildFile; fileRef = EECDFEED236AE2E1002E9C98 /* avfiltergraph.h */; };
		EECDFF6E236AE2E1002E9C98 /* hwcontext.h in Headers */ = {isa = PBXBuildFile; fileRef = EECDFEEF236AE2E1002E9C98 /* hwcontext.h */; };
		EECDFF6F236AE2E1002E9C98 /* time.h in Headers */ = {isa = PBXBuildFile; fileRef = EECDFEF0236AE2E1002E9C98 /* time.h */; };
		EECDFF70236AE2E1002E9C98 /* hwcontext_cuda.h in Headers */ = {isa = PBXBuildFile; fileRef = EECDFEF1236AE2E1002E9C98 /* hwcontext_cuda.h */; };
		EECDFF71236AE2E1002E9C98 /* intfloat.h in Headers */ = {isa = PBXBuildFile; fileRef = EECDFEF2236AE2E1002E9C98 /* intfloat.h */; };
		EECDFF72236AE2E1002E9C98 /* error.h in Headers */ = {isa = PBXBuildFile; fileRef = EECDFEF3236AE2E1002E9C98 /* error.h */; };
		EECDFF73236AE2E1002E9C98 /* fifo.h in Headers */ = {isa = PBXBuildFile; fileRef = EECDFEF4236AE2E1002E9C98 /* fifo.h */; };
		EECDFF74236AE2E1002E9C98 /* blowfish.h in Headers */ = {isa = PBXBuildFile; fileRef = EECDFEF5236AE2E1002E9C98 /* blowfish.h */; };
		EECDFF75236AE2E1002E9C98 /* replaygain.h in Headers */ = {isa = PBXBuildFile; fileRef = EECDFEF6236AE2E1002E9C98 /* replaygain.h */; };
		EECDFF76236AE2E1002E9C98 /* version.h in Headers */ = {isa = PBXBuildFile; fileRef = EECDFEF7236AE2E1002E9C98 /* version.h */; };
		EECDFF77236AE2E1002E9C98 /* murmur3.h in Headers */ = {isa = PBXBuildFile; fileRef = EECDFEF8236AE2E1002E9C98 /* murmur3.h */; };
		EECDFF78236AE2E1002E9C98 /* stereo3d.h in Headers */ = {isa = PBXBuildFile; fileRef = EECDFEF9236AE2E1002E9C98 /* stereo3d.h */; };
		EECDFF79236AE2E1002E9C98 /* samplefmt.h in Headers */ = {isa = PBXBuildFile; fileRef = EECDFEFA236AE2E1002E9C98 /* samplefmt.h */; };
		EECDFF7A236AE2E1002E9C98 /* pixdesc.h in Headers */ = {isa = PBXBuildFile; fileRef = EECDFEFB236AE2E1002E9C98 /* pixdesc.h */; };
		EECDFF7B236AE2E1002E9C98 /* base64.h in Headers */ = {isa = PBXBuildFile; fileRef = EECDFEFC236AE2E1002E9C98 /* base64.h */; };
		EECDFF7C236AE2E1002E9C98 /* rational.h in Headers */ = {isa = PBXBuildFile; fileRef = EECDFEFD236AE2E1002E9C98 /* rational.h */; };
		EECDFF7D236AE2E1002E9C98 /* sha.h in Headers */ = {isa = PBXBuildFile; fileRef = EECDFEFE236AE2E1002E9C98 /* sha.h */; };
		EECDFF7E236AE2E1002E9C98 /* motion_vector.h in Headers */ = {isa = PBXBuildFile; fileRef = EECDFEFF236AE2E1002E9C98 /* motion_vector.h */; };
		EECDFF7F236AE2E1002E9C98 /* avconfig.h in Headers */ = {isa = PBXBuildFile; fileRef = EECDFF00236AE2E1002E9C98 /* avconfig.h */; };
		EECDFF80236AE2E1002E9C98 /* lfg.h in Headers */ = {isa = PBXBuildFile; fileRef = EECDFF01236AE2E1002E9C98 /* lfg.h */; };
		EECDFF81236AE2E1002E9C98 /* avutil.h in Headers */ = {isa = PBXBuildFile; fileRef = EECDFF02236AE2E1002E9C98 /* avutil.h */; };
		EECDFF82236AE2E1002E9C98 /* xtea.h in Headers */ = {isa = PBXBuildFile; fileRef = EECDFF03236AE2E1002E9C98 /* xtea.h */; };
		EECDFF83236AE2E1002E9C98 /* crc.h in Headers */ = {isa = PBXBuildFile; fileRef = EECDFF04236AE2E1002E9C98 /* crc.h */; };
		EECDFF84236AE2E1002E9C98 /* hwcontext_vdpau.h in Headers */ = {isa = PBXBuildFile; fileRef = EECDFF05236AE2E1002E9C98 /* hwcontext_vdpau.h */; };
		EECDFF85236AE2E1002E9C98 /* frame.h in Headers */ = {isa = PBXBuildFile; fileRef = EECDFF06236AE2E1002E9C98 /* frame.h */; };
		EECDFF86236AE2E1002E9C98 /* file.h in Headers */ = {isa = PBXBuildFile; fileRef = EECDFF07236AE2E1002E9C98 /* file.h */; };
		EECDFF87236AE2E1002E9C98 /* md5.h in Headers */ = {isa = PBXBuildFile; fileRef = EECDFF08236AE2E1002E9C98 /* md5.h */; };
		EECDFF88236AE2E1002E9C98 /* cast5.h in Headers */ = {isa = PBXBuildFile; fileRef = EECDFF09236AE2E1002E9C98 /* cast5.h */; };
		EECDFF89236AE2E1002E9C98 /* hwcontext_vaapi.h in Headers */ = {isa = PBXBuildFile; fileRef = EECDFF0A236AE2E1002E9C98 /* hwcontext_vaapi.h */; };
		EECDFF8A236AE2E1002E9C98 /* spherical.h in Headers */ = {isa = PBXBuildFile; fileRef = EECDFF0B236AE2E1002E9C98 /* spherical.h */; };
		EECDFF8B236AE2E1002E9C98 /* ffversion.h in Headers */ = {isa = PBXBuildFile; fileRef = EECDFF0C236AE2E1002E9C98 /* ffversion.h */; };
		EECDFF8C236AE2E1002E9C98 /* audio_fifo.h in Headers */ = {isa = PBXBuildFile; fileRef = EECDFF0D236AE2E1002E9C98 /* audio_fifo.h */; };
		EECDFF8D236AE2E1002E9C98 /* tree.h in Headers */ = {isa = PBXBuildFile; fileRef = EECDFF0E236AE2E1002E9C98 /* tree.h */; };
		EECDFF8E236AE2E1002E9C98 /* threadmessage.h in Headers */ = {isa = PBXBuildFile; fileRef = EECDFF0F236AE2E1002E9C98 /* threadmessage.h */; };
		EECDFF8F236AE2E1002E9C98 /* attributes.h in Headers */ = {isa = PBXBuildFile; fileRef = EECDFF10236AE2E1002E9C98 /* attributes.h */; };
		EECDFF90236AE2E1002E9C98 /* adler32.h in Headers */ = {isa = PBXBuildFile; fileRef = EECDFF11236AE2E1002E9C98 /* adler32.h */; };
		EECDFF91236AE2E1002E9C98 /* hwcontext_d3d11va.h in Headers */ = {isa = PBXBuildFile; fileRef = EECDFF12236AE2E1002E9C98 /* hwcontext_d3d11va.h */; };
		EECDFF92236AE2E1002E9C98 /* timecode.h in Headers */ = {isa = PBXBuildFile; fileRef = EECDFF13236AE2E1002E9C98 /* timecode.h */; };
		EECDFF93236AE2E1002E9C98 /* sha512.h in Headers */ = {isa = PBXBuildFile; fileRef = EECDFF14236AE2E1002E9C98 /* sha512.h */; };
		EECDFF94236AE2E1002E9C98 /* hwcontext_dxva2.h in Headers */ = {isa = PBXBuildFile; fileRef = EECDFF15236AE2E1002E9C98 /* hwcontext_dxva2.h */; };
		EECDFF95236AE2E1002E9C98 /* display.h in Headers */ = {isa = PBXBuildFile; fileRef = EECDFF16236AE2E1002E9C98 /* display.h */; };
		EECDFF96236AE2E1002E9C98 /* buffer.h in Headers */ = {isa = PBXBuildFile; fileRef = EECDFF17236AE2E1002E9C98 /* buffer.h */; };
		EECDFF97236AE2E1002E9C98 /* camellia.h in Headers */ = {isa = PBXBuildFile; fileRef = EECDFF18236AE2E1002E9C98 /* camellia.h */; };
		EECDFF98236AE2E1002E9C98 /* pixelutils.h in Headers */ = {isa = PBXBuildFile; fileRef = EECDFF19236AE2E1002E9C98 /* pixelutils.h */; };
		EECDFF99236AE2E1002E9C98 /* hwcontext_drm.h in Headers */ = {isa = PBXBuildFile; fileRef = EECDFF1A236AE2E1002E9C98 /* hwcontext_drm.h */; };
		EECDFF9A236AE2E1002E9C98 /* common.h in Headers */ = {isa = PBXBuildFile; fileRef = EECDFF1B236AE2E1002E9C98 /* common.h */; };
		EECDFF9B236AE2E1002E9C98 /* hmac.h in Headers */ = {isa = PBXBuildFile; fileRef = EECDFF1C236AE2E1002E9C98 /* hmac.h */; };
		EECDFF9C236AE2E1002E9C98 /* eval.h in Headers */ = {isa = PBXBuildFile; fileRef = EECDFF1D236AE2E1002E9C98 /* eval.h */; };
		EECDFF9D236AE2E1002E9C98 /* dict.h in Headers */ = {isa = PBXBuildFile; fileRef = EECDFF1E236AE2E1002E9C98 /* dict.h */; };
		EECDFF9E236AE2E1002E9C98 /* random_seed.h in Headers */ = {isa = PBXBuildFile; fileRef = EECDFF1F236AE2E1002E9C98 /* random_seed.h */; };
		EECDFF9F236AE2E1002E9C98 /* opt.h in Headers */ = {isa = PBXBuildFile; fileRef = EECDFF20236AE2E1002E9C98 /* opt.h */; };
		EECDFFA0236AE2E1002E9C98 /* mastering_display_metadata.h in Headers */ = {isa = PBXBuildFile; fileRef = EECDFF21236AE2E1002E9C98 /* mastering_display_metadata.h */; };
		EECDFFA1236AE2E1002E9C98 /* log.h in Headers */ = {isa = PBXBuildFile; fileRef = EECDFF22236AE2E1002E9C98 /* log.h */; };
		EECDFFA2236AE2E1002E9C98 /* aes.h in Headers */ = {isa = PBXBuildFile; fileRef = EECDFF23236AE2E1002E9C98 /* aes.h */; };
		EECDFFA3236AE2E1002E9C98 /* macros.h in Headers */ = {isa = PBXBuildFile; fileRef = EECDFF24236AE2E1002E9C98 /* macros.h */; };
		EECDFFA4236AE2E1002E9C98 /* bswap.h in Headers */ = {isa = PBXBuildFile; fileRef = EECDFF25236AE2E1002E9C98 /* bswap.h */; };
		EECDFFA5236AE2E1002E9C98 /* rc4.h in Headers */ = {isa = PBXBuildFile; fileRef = EECDFF26236AE2E1002E9C98 /* rc4.h */; };
		EECDFFA6236AE2E1002E9C98 /* tea.h in Headers */ = {isa = PBXBuildFile; fileRef = EECDFF27236AE2E1002E9C98 /* tea.h */; };
		EECDFFA7236AE2E1002E9C98 /* cpu.h in Headers */ = {isa = PBXBuildFile; fileRef = EECDFF28236AE2E1002E9C98 /* cpu.h */; };
		EECDFFA8236AE2E1002E9C98 /* lzo.h in Headers */ = {isa = PBXBuildFile; fileRef = EECDFF29236AE2E1002E9C98 /* lzo.h */; };
		EECDFFA9236AE2E1002E9C98 /* des.h in Headers */ = {isa = PBXBuildFile; fileRef = EECDFF2A236AE2E1002E9C98 /* des.h */; };
		EECDFFAA236AE2E1002E9C98 /* channel_layout.h in Headers */ = {isa = PBXBuildFile; fileRef = EECDFF2B236AE2E1002E9C98 /* channel_layout.h */; };
		EECDFFAB236AE2E1002E9C98 /* twofish.h in Headers */ = {isa = PBXBuildFile; fileRef = EECDFF2C236AE2E1002E9C98 /* twofish.h */; };
		EECDFFAC236AE2E1002E9C98 /* imgutils.h in Headers */ = {isa = PBXBuildFile; fileRef = EECDFF2D236AE2E1002E9C98 /* imgutils.h */; };
		EECDFFAD236AE2E1002E9C98 /* hwcontext_videotoolbox.h in Headers */ = {isa = PBXBuildFile; fileRef = EECDFF2E236AE2E1002E9C98 /* hwcontext_videotoolbox.h */; };
		EECDFFAE236AE2E1002E9C98 /* mem.h in Headers */ = {isa = PBXBuildFile; fileRef = EECDFF2F236AE2E1002E9C98 /* mem.h */; };
		EECDFFAF236AE2E1002E9C98 /* parseutils.h in Headers */ = {isa = PBXBuildFile; fileRef = EECDFF30236AE2E1002E9C98 /* parseutils.h */; };
		EECDFFB0236AE2E1002E9C98 /* ripemd.h in Headers */ = {isa = PBXBuildFile; fileRef = EECDFF31236AE2E1002E9C98 /* ripemd.h */; };
		EECDFFB1236AE2E1002E9C98 /* bprint.h in Headers */ = {isa = PBXBuildFile; fileRef = EECDFF32236AE2E1002E9C98 /* bprint.h */; };
		EECDFFB2236AE2E1002E9C98 /* hwcontext_qsv.h in Headers */ = {isa = PBXBuildFile; fileRef = EECDFF33236AE2E1002E9C98 /* hwcontext_qsv.h */; };
		EECDFFB3236AE2E1002E9C98 /* pixfmt.h in Headers */ = {isa = PBXBuildFile; fileRef = EECDFF34236AE2E1002E9C98 /* pixfmt.h */; };
		EECDFFB4236AE2E1002E9C98 /* aes_ctr.h in Headers */ = {isa = PBXBuildFile; fileRef = EECDFF35236AE2E1002E9C98 /* aes_ctr.h */; };
		EECDFFB5236AE2E1002E9C98 /* timestamp.h in Headers */ = {isa = PBXBuildFile; fileRef = EECDFF36236AE2E1002E9C98 /* timestamp.h */; };
		EECDFFB6236AE2E1002E9C98 /* downmix_info.h in Headers */ = {isa = PBXBuildFile; fileRef = EECDFF37236AE2E1002E9C98 /* downmix_info.h */; };
		EECDFFB7236AE2E1002E9C98 /* avassert.h in Headers */ = {isa = PBXBuildFile; fileRef = EECDFF38236AE2E1002E9C98 /* avassert.h */; };
		EECDFFB8236AE2E1002E9C98 /* hash.h in Headers */ = {isa = PBXBuildFile; fileRef = EECDFF39236AE2E1002E9C98 /* hash.h */; };
		EECDFFB9236AE2E1002E9C98 /* mathematics.h in Headers */ = {isa = PBXBuildFile; fileRef = EECDFF3A236AE2E1002E9C98 /* mathematics.h */; };
		EECDFFBA236AE2E1002E9C98 /* intreadwrite.h in Headers */ = {isa = PBXBuildFile; fileRef = EECDFF3B236AE2E1002E9C98 /* intreadwrite.h */; };
		EECDFFBB236AE2E1002E9C98 /* avstring.h in Headers */ = {isa = PBXBuildFile; fileRef = EECDFF3C236AE2E1002E9C98 /* avstring.h */; };
		EECDFFBC236AE2E1002E9C98 /* version.h in Headers */ = {isa = PBXBuildFile; fileRef = EECDFF3E236AE2E1002E9C98 /* version.h */; };
		EECDFFBD236AE2E1002E9C98 /* avdevice.h in Headers */ = {isa = PBXBuildFile; fileRef = EECDFF3F236AE2E1002E9C98 /* avdevice.h */; };
		EECDFFBE236AE2E1002E9C98 /* version.h in Headers */ = {isa = PBXBuildFile; fileRef = EECDFF41236AE2E1002E9C98 /* version.h */; };
		EECDFFBF236AE2E1002E9C98 /* avio.h in Headers */ = {isa = PBXBuildFile; fileRef = EECDFF42236AE2E1002E9C98 /* avio.h */; };
		EECDFFC0236AE2E1002E9C98 /* avformat.h in Headers */ = {isa = PBXBuildFile; fileRef = EECDFF43236AE2E1002E9C98 /* avformat.h */; };
		EECDFFC1236AE2E1002E9C98 /* version.h in Headers */ = {isa = PBXBuildFile; fileRef = EECDFF45236AE2E1002E9C98 /* version.h */; };
		EECDFFC2236AE2E1002E9C98 /* swscale.h in Headers */ = {isa = PBXBuildFile; fileRef = EECDFF46236AE2E1002E9C98 /* swscale.h */; };
		EECDFFC3236AE2E1002E9C98 /* avcodec.h in Headers */ = {isa = PBXBuildFile; fileRef = EECDFF48236AE2E1002E9C98 /* avcodec.h */; };
		EECDFFC4236AE2E1002E9C98 /* version.h in Headers */ = {isa = PBXBuildFile; fileRef = EECDFF49236AE2E1002E9C98 /* version.h */; };
		EECDFFC5236AE2E1002E9C98 /* vdpau.h in Headers */ = {isa = PBXBuildFile; fileRef = EECDFF4A236AE2E1002E9C98 /* vdpau.h */; };
		EECDFFC6236AE2E1002E9C98 /* qsv.h in Headers */ = {isa = PBXBuildFile; fileRef = EECDFF4B236AE2E1002E9C98 /* qsv.h */; };
		EECDFFC7236AE2E1002E9C98 /* vaapi.h in Headers */ = {isa = PBXBuildFile; fileRef = EECDFF4C236AE2E1002E9C98 /* vaapi.h */; };
		EECDFFC8236AE2E2002E9C98 /* videotoolbox.h in Headers */ = {isa = PBXBuildFile; fileRef = EECDFF4D236AE2E1002E9C98 /* videotoolbox.h */; };
		EECDFFC9236AE2E2002E9C98 /* xvmc.h in Headers */ = {isa = PBXBuildFile; fileRef = EECDFF4E236AE2E1002E9C98 /* xvmc.h */; };
		EECDFFCA236AE2E2002E9C98 /* mediacodec.h in Headers */ = {isa = PBXBuildFile; fileRef = EECDFF4F236AE2E1002E9C98 /* mediacodec.h */; };
		EECDFFCB236AE2E2002E9C98 /* d3d11va.h in Headers */ = {isa = PBXBuildFile; fileRef = EECDFF50236AE2E1002E9C98 /* d3d11va.h */; };
		EECDFFCC236AE2E2002E9C98 /* avfft.h in Headers */ = {isa = PBXBuildFile; fileRef = EECDFF51236AE2E1002E9C98 /* avfft.h */; };
		EECDFFCD236AE2E2002E9C98 /* vda.h in Headers */ = {isa = PBXBuildFile; fileRef = EECDFF52236AE2E1002E9C98 /* vda.h */; };
		EECDFFCE236AE2E2002E9C98 /* jni.h in Headers */ = {isa = PBXBuildFile; fileRef = EECDFF53236AE2E1002E9C98 /* jni.h */; };
		EECDFFCF236AE2E2002E9C98 /* dirac.h in Headers */ = {isa = PBXBuildFile; fileRef = EECDFF54236AE2E1002E9C98 /* dirac.h */; };
		EECDFFD0236AE2E2002E9C98 /* avdct.h in Headers */ = {isa = PBXBuildFile; fileRef = EECDFF55236AE2E1002E9C98 /* avdct.h */; };
		EECDFFD1236AE2E2002E9C98 /* vorbis_parser.h in Headers */ = {isa = PBXBuildFile; fileRef = EECDFF56236AE2E1002E9C98 /* vorbis_parser.h */; };
		EECDFFD2236AE2E2002E9C98 /* dxva2.h in Headers */ = {isa = PBXBuildFile; fileRef = EECDFF57236AE2E1002E9C98 /* dxva2.h */; };
		EECDFFD3236AE2E2002E9C98 /* dv_profile.h in Headers */ = {isa = PBXBuildFile; fileRef = EECDFF58236AE2E1002E9C98 /* dv_profile.h */; };
		EECDFFD4236AE2E2002E9C98 /* version.h in Headers */ = {isa = PBXBuildFile; fileRef = EECDFF5A236AE2E1002E9C98 /* version.h */; };
		EECDFFD5236AE2E2002E9C98 /* swresample.h in Headers */ = {isa = PBXBuildFile; fileRef = EECDFF5B236AE2E1002E9C98 /* swresample.h */; };
		EECDFFD6236AE2E2002E9C98 /* libavutil.a in Frameworks */ = {isa = PBXBuildFile; fileRef = EECDFF5D236AE2E1002E9C98 /* libavutil.a */; };
		EECDFFD7236AE2E2002E9C98 /* libavfilter.a in Frameworks */ = {isa = PBXBuildFile; fileRef = EECDFF5E236AE2E1002E9C98 /* libavfilter.a */; };
		EECDFFD8236AE2E2002E9C98 /* libavcodec.a in Frameworks */ = {isa = PBXBuildFile; fileRef = EECDFF5F236AE2E1002E9C98 /* libavcodec.a */; };
		EECDFFD9236AE2E2002E9C98 /* libpostproc.a in Frameworks */ = {isa = PBXBuildFile; fileRef = EECDFF60236AE2E1002E9C98 /* libpostproc.a */; };
		EECDFFDA236AE2E2002E9C98 /* libavformat.a in Frameworks */ = {isa = PBXBuildFile; fileRef = EECDFF61236AE2E1002E9C98 /* libavformat.a */; };
		EECDFFDB236AE2E2002E9C98 /* libavdevice.a in Frameworks */ = {isa = PBXBuildFile; fileRef = EECDFF62236AE2E1002E9C98 /* libavdevice.a */; };
		EECDFFDC236AE2E2002E9C98 /* libswresample.a in Frameworks */ = {isa = PBXBuildFile; fileRef = EECDFF63236AE2E1002E9C98 /* libswresample.a */; };
		EECDFFDD236AE2E2002E9C98 /* libfaac.a in Frameworks */ = {isa = PBXBuildFile; fileRef = EECDFF64236AE2E1002E9C98 /* libfaac.a */; };
		EECDFFDE236AE2E2002E9C98 /* libswscale.a in Frameworks */ = {isa = PBXBuildFile; fileRef = EECDFF65236AE2E1002E9C98 /* libswscale.a */; };
		EECDFFDF236AE2E2002E9C98 /* libx264.a in Frameworks */ = {isa = PBXBuildFile; fileRef = EECDFF66236AE2E1002E9C98 /* libx264.a */; };
/* End PBXBuildFile section */

/* Begin PBXFileReference section */
		EECD00DE236AE36E002E9C98 /* libz.tbd */ = {isa = PBXFileReference; lastKnownFileType = "sourcecode.text-based-dylib-definition"; name = libz.tbd; path = Platforms/MacOSX.platform/Developer/SDKs/MacOSX10.15.sdk/usr/lib/libz.tbd; sourceTree = DEVELOPER_DIR; };
		EECD00E0236AE377002E9C98 /* libbz2.tbd */ = {isa = PBXFileReference; lastKnownFileType = "sourcecode.text-based-dylib-definition"; name = libbz2.tbd; path = Platforms/MacOSX.platform/Developer/SDKs/MacOSX10.15.sdk/usr/lib/libbz2.tbd; sourceTree = DEVELOPER_DIR; };
		EECD00E4236AE481002E9C98 /* NHAVKitTimer.m */ = {isa = PBXFileReference; fileEncoding = 4; lastKnownFileType = sourcecode.c.objc; path = NHAVKitTimer.m; sourceTree = "<group>"; };
		EECD00E5236AE481002E9C98 /* NH_INLINE.h */ = {isa = PBXFileReference; fileEncoding = 4; lastKnownFileType = sourcecode.c.h; path = NH_INLINE.h; sourceTree = "<group>"; };
		EECD00E6236AE481002E9C98 /* NHAVKitDefine.h */ = {isa = PBXFileReference; fileEncoding = 4; lastKnownFileType = sourcecode.c.h; path = NHAVKitDefine.h; sourceTree = "<group>"; };
		EECD00E7236AE481002E9C98 /* NHAVKitTimer.h */ = {isa = PBXFileReference; fileEncoding = 4; lastKnownFileType = sourcecode.c.h; path = NHAVKitTimer.h; sourceTree = "<group>"; };
		EECD00E9236AE481002E9C98 /* UIDevice+NHOrientation.h */ = {isa = PBXFileReference; fileEncoding = 4; lastKnownFileType = sourcecode.c.h; path = "UIDevice+NHOrientation.h"; sourceTree = "<group>"; };
		EECD00EA236AE481002E9C98 /* NSObject+converTime.m */ = {isa = PBXFileReference; fileEncoding = 4; lastKnownFileType = sourcecode.c.objc; path = "NSObject+converTime.m"; sourceTree = "<group>"; };
		EECD00EB236AE481002E9C98 /* NSString+time.h */ = {isa = PBXFileReference; fileEncoding = 4; lastKnownFileType = sourcecode.c.h; path = "NSString+time.h"; sourceTree = "<group>"; };
		EECD00EC236AE481002E9C98 /* NSTimer+NHAutoRetain.m */ = {isa = PBXFileReference; fileEncoding = 4; lastKnownFileType = sourcecode.c.objc; path = "NSTimer+NHAutoRetain.m"; sourceTree = "<group>"; };
		EECD00ED236AE481002E9C98 /* UIDevice+NHOrientation.m */ = {isa = PBXFileReference; fileEncoding = 4; lastKnownFileType = sourcecode.c.objc; path = "UIDevice+NHOrientation.m"; sourceTree = "<group>"; };
		EECD00EE236AE481002E9C98 /* NSObject+converTime.h */ = {isa = PBXFileReference; fileEncoding = 4; lastKnownFileType = sourcecode.c.h; path = "NSObject+converTime.h"; sourceTree = "<group>"; };
		EECD00EF236AE481002E9C98 /* NSTimer+NHAutoRetain.h */ = {isa = PBXFileReference; fileEncoding = 4; lastKnownFileType = sourcecode.c.h; path = "NSTimer+NHAutoRetain.h"; sourceTree = "<group>"; };
		EECD00F0236AE481002E9C98 /* NSString+time.m */ = {isa = PBXFileReference; fileEncoding = 4; lastKnownFileType = sourcecode.c.objc; path = "NSString+time.m"; sourceTree = "<group>"; };
		EECD00FD236AE4D1002E9C98 /* VideoToolbox.framework */ = {isa = PBXFileReference; lastKnownFileType = wrapper.framework; name = VideoToolbox.framework; path = Platforms/MacOSX.platform/Developer/SDKs/MacOSX10.15.sdk/System/Library/Frameworks/VideoToolbox.framework; sourceTree = DEVELOPER_DIR; };
		EECD00FF236AE4DF002E9C98 /* AudioToolbox.framework */ = {isa = PBXFileReference; lastKnownFileType = wrapper.framework; name = AudioToolbox.framework; path = Platforms/MacOSX.platform/Developer/SDKs/MacOSX10.15.sdk/System/Library/Frameworks/AudioToolbox.framework; sourceTree = DEVELOPER_DIR; };
		EECD0101236AE4FB002E9C98 /* CoreVideo.framework */ = {isa = PBXFileReference; lastKnownFileType = wrapper.framework; name = CoreVideo.framework; path = Platforms/MacOSX.platform/Developer/SDKs/MacOSX10.15.sdk/System/Library/Frameworks/CoreVideo.framework; sourceTree = DEVELOPER_DIR; };
		EECD0103236AE512002E9C98 /* AVFoundation.framework */ = {isa = PBXFileReference; lastKnownFileType = wrapper.framework; name = AVFoundation.framework; path = Platforms/MacOSX.platform/Developer/SDKs/MacOSX10.15.sdk/System/Library/Frameworks/AVFoundation.framework; sourceTree = DEVELOPER_DIR; };
		EECD0105236AE584002E9C98 /* libiconv.tbd */ = {isa = PBXFileReference; lastKnownFileType = "sourcecode.text-based-dylib-definition"; name = libiconv.tbd; path = Platforms/MacOSX.platform/Developer/SDKs/MacOSX10.15.sdk/usr/lib/libiconv.tbd; sourceTree = DEVELOPER_DIR; };
		EECDFEBF236AE0F8002E9C98 /* NHFFmpegDecoder.framework */ = {isa = PBXFileReference; explicitFileType = wrapper.framework; includeInIndex = 0; path = NHFFmpegDecoder.framework; sourceTree = BUILT_PRODUCTS_DIR; };
		EECDFEC2236AE0F8002E9C98 /* Decoder.h */ = {isa = PBXFileReference; lastKnownFileType = sourcecode.c.h; path = Decoder.h; sourceTree = "<group>"; };
		EECDFEC3236AE0F8002E9C98 /* Info.plist */ = {isa = PBXFileReference; lastKnownFileType = text.plist.xml; path = Info.plist; sourceTree = "<group>"; };
		EECDFECB236AE241002E9C98 /* NHFFmpegPlayer.m */ = {isa = PBXFileReference; fileEncoding = 4; lastKnownFileType = sourcecode.c.objc; path = NHFFmpegPlayer.m; sourceTree = "<group>"; };
		EECDFECC236AE241002E9C98 /* NHFFmpegPlayer.h */ = {isa = PBXFileReference; fileEncoding = 4; lastKnownFileType = sourcecode.c.h; path = NHFFmpegPlayer.h; sourceTree = "<group>"; };
		EECDFEE6236AE2E1002E9C98 /* version.h */ = {isa = PBXFileReference; fileEncoding = 4; lastKnownFileType = sourcecode.c.h; path = version.h; sourceTree = "<group>"; };
		EECDFEE7236AE2E1002E9C98 /* postprocess.h */ = {isa = PBXFileReference; fileEncoding = 4; lastKnownFileType = sourcecode.c.h; path = postprocess.h; sourceTree = "<group>"; };
		EECDFEE9236AE2E1002E9C98 /* version.h */ = {isa = PBXFileReference; fileEncoding = 4; lastKnownFileType = sourcecode.c.h; path = version.h; sourceTree = "<group>"; };
		EECDFEEA236AE2E1002E9C98 /* buffersrc.h */ = {isa = PBXFileReference; fileEncoding = 4; lastKnownFileType = sourcecode.c.h; path = buffersrc.h; sourceTree = "<group>"; };
		EECDFEEB236AE2E1002E9C98 /* buffersink.h */ = {isa = PBXFileReference; fileEncoding = 4; lastKnownFileType = sourcecode.c.h; path = buffersink.h; sourceTree = "<group>"; };
		EECDFEEC236AE2E1002E9C98 /* avfilter.h */ = {isa = PBXFileReference; fileEncoding = 4; lastKnownFileType = sourcecode.c.h; path = avfilter.h; sourceTree = "<group>"; };
		EECDFEED236AE2E1002E9C98 /* avfiltergraph.h */ = {isa = PBXFileReference; fileEncoding = 4; lastKnownFileType = sourcecode.c.h; path = avfiltergraph.h; sourceTree = "<group>"; };
		EECDFEEF236AE2E1002E9C98 /* hwcontext.h */ = {isa = PBXFileReference; fileEncoding = 4; lastKnownFileType = sourcecode.c.h; path = hwcontext.h; sourceTree = "<group>"; };
		EECDFEF0236AE2E1002E9C98 /* time.h */ = {isa = PBXFileReference; fileEncoding = 4; lastKnownFileType = sourcecode.c.h; path = time.h; sourceTree = "<group>"; };
		EECDFEF1236AE2E1002E9C98 /* hwcontext_cuda.h */ = {isa = PBXFileReference; fileEncoding = 4; lastKnownFileType = sourcecode.c.h; path = hwcontext_cuda.h; sourceTree = "<group>"; };
		EECDFEF2236AE2E1002E9C98 /* intfloat.h */ = {isa = PBXFileReference; fileEncoding = 4; lastKnownFileType = sourcecode.c.h; path = intfloat.h; sourceTree = "<group>"; };
		EECDFEF3236AE2E1002E9C98 /* error.h */ = {isa = PBXFileReference; fileEncoding = 4; lastKnownFileType = sourcecode.c.h; path = error.h; sourceTree = "<group>"; };
		EECDFEF4236AE2E1002E9C98 /* fifo.h */ = {isa = PBXFileReference; fileEncoding = 4; lastKnownFileType = sourcecode.c.h; path = fifo.h; sourceTree = "<group>"; };
		EECDFEF5236AE2E1002E9C98 /* blowfish.h */ = {isa = PBXFileReference; fileEncoding = 4; lastKnownFileType = sourcecode.c.h; path = blowfish.h; sourceTree = "<group>"; };
		EECDFEF6236AE2E1002E9C98 /* replaygain.h */ = {isa = PBXFileReference; fileEncoding = 4; lastKnownFileType = sourcecode.c.h; path = replaygain.h; sourceTree = "<group>"; };
		EECDFEF7236AE2E1002E9C98 /* version.h */ = {isa = PBXFileReference; fileEncoding = 4; lastKnownFileType = sourcecode.c.h; path = version.h; sourceTree = "<group>"; };
		EECDFEF8236AE2E1002E9C98 /* murmur3.h */ = {isa = PBXFileReference; fileEncoding = 4; lastKnownFileType = sourcecode.c.h; path = murmur3.h; sourceTree = "<group>"; };
		EECDFEF9236AE2E1002E9C98 /* stereo3d.h */ = {isa = PBXFileReference; fileEncoding = 4; lastKnownFileType = sourcecode.c.h; path = stereo3d.h; sourceTree = "<group>"; };
		EECDFEFA236AE2E1002E9C98 /* samplefmt.h */ = {isa = PBXFileReference; fileEncoding = 4; lastKnownFileType = sourcecode.c.h; path = samplefmt.h; sourceTree = "<group>"; };
		EECDFEFB236AE2E1002E9C98 /* pixdesc.h */ = {isa = PBXFileReference; fileEncoding = 4; lastKnownFileType = sourcecode.c.h; path = pixdesc.h; sourceTree = "<group>"; };
		EECDFEFC236AE2E1002E9C98 /* base64.h */ = {isa = PBXFileReference; fileEncoding = 4; lastKnownFileType = sourcecode.c.h; path = base64.h; sourceTree = "<group>"; };
		EECDFEFD236AE2E1002E9C98 /* rational.h */ = {isa = PBXFileReference; fileEncoding = 4; lastKnownFileType = sourcecode.c.h; path = rational.h; sourceTree = "<group>"; };
		EECDFEFE236AE2E1002E9C98 /* sha.h */ = {isa = PBXFileReference; fileEncoding = 4; lastKnownFileType = sourcecode.c.h; path = sha.h; sourceTree = "<group>"; };
		EECDFEFF236AE2E1002E9C98 /* motion_vector.h */ = {isa = PBXFileReference; fileEncoding = 4; lastKnownFileType = sourcecode.c.h; path = motion_vector.h; sourceTree = "<group>"; };
		EECDFF00236AE2E1002E9C98 /* avconfig.h */ = {isa = PBXFileReference; fileEncoding = 4; lastKnownFileType = sourcecode.c.h; path = avconfig.h; sourceTree = "<group>"; };
		EECDFF01236AE2E1002E9C98 /* lfg.h */ = {isa = PBXFileReference; fileEncoding = 4; lastKnownFileType = sourcecode.c.h; path = lfg.h; sourceTree = "<group>"; };
		EECDFF02236AE2E1002E9C98 /* avutil.h */ = {isa = PBXFileReference; fileEncoding = 4; lastKnownFileType = sourcecode.c.h; path = avutil.h; sourceTree = "<group>"; };
		EECDFF03236AE2E1002E9C98 /* xtea.h */ = {isa = PBXFileReference; fileEncoding = 4; lastKnownFileType = sourcecode.c.h; path = xtea.h; sourceTree = "<group>"; };
		EECDFF04236AE2E1002E9C98 /* crc.h */ = {isa = PBXFileReference; fileEncoding = 4; lastKnownFileType = sourcecode.c.h; path = crc.h; sourceTree = "<group>"; };
		EECDFF05236AE2E1002E9C98 /* hwcontext_vdpau.h */ = {isa = PBXFileReference; fileEncoding = 4; lastKnownFileType = sourcecode.c.h; path = hwcontext_vdpau.h; sourceTree = "<group>"; };
		EECDFF06236AE2E1002E9C98 /* frame.h */ = {isa = PBXFileReference; fileEncoding = 4; lastKnownFileType = sourcecode.c.h; path = frame.h; sourceTree = "<group>"; };
		EECDFF07236AE2E1002E9C98 /* file.h */ = {isa = PBXFileReference; fileEncoding = 4; lastKnownFileType = sourcecode.c.h; path = file.h; sourceTree = "<group>"; };
		EECDFF08236AE2E1002E9C98 /* md5.h */ = {isa = PBXFileReference; fileEncoding = 4; lastKnownFileType = sourcecode.c.h; path = md5.h; sourceTree = "<group>"; };
		EECDFF09236AE2E1002E9C98 /* cast5.h */ = {isa = PBXFileReference; fileEncoding = 4; lastKnownFileType = sourcecode.c.h; path = cast5.h; sourceTree = "<group>"; };
		EECDFF0A236AE2E1002E9C98 /* hwcontext_vaapi.h */ = {isa = PBXFileReference; fileEncoding = 4; lastKnownFileType = sourcecode.c.h; path = hwcontext_vaapi.h; sourceTree = "<group>"; };
		EECDFF0B236AE2E1002E9C98 /* spherical.h */ = {isa = PBXFileReference; fileEncoding = 4; lastKnownFileType = sourcecode.c.h; path = spherical.h; sourceTree = "<group>"; };
		EECDFF0C236AE2E1002E9C98 /* ffversion.h */ = {isa = PBXFileReference; fileEncoding = 4; lastKnownFileType = sourcecode.c.h; path = ffversion.h; sourceTree = "<group>"; };
		EECDFF0D236AE2E1002E9C98 /* audio_fifo.h */ = {isa = PBXFileReference; fileEncoding = 4; lastKnownFileType = sourcecode.c.h; path = audio_fifo.h; sourceTree = "<group>"; };
		EECDFF0E236AE2E1002E9C98 /* tree.h */ = {isa = PBXFileReference; fileEncoding = 4; lastKnownFileType = sourcecode.c.h; path = tree.h; sourceTree = "<group>"; };
		EECDFF0F236AE2E1002E9C98 /* threadmessage.h */ = {isa = PBXFileReference; fileEncoding = 4; lastKnownFileType = sourcecode.c.h; path = threadmessage.h; sourceTree = "<group>"; };
		EECDFF10236AE2E1002E9C98 /* attributes.h */ = {isa = PBXFileReference; fileEncoding = 4; lastKnownFileType = sourcecode.c.h; path = attributes.h; sourceTree = "<group>"; };
		EECDFF11236AE2E1002E9C98 /* adler32.h */ = {isa = PBXFileReference; fileEncoding = 4; lastKnownFileType = sourcecode.c.h; path = adler32.h; sourceTree = "<group>"; };
		EECDFF12236AE2E1002E9C98 /* hwcontext_d3d11va.h */ = {isa = PBXFileReference; fileEncoding = 4; lastKnownFileType = sourcecode.c.h; path = hwcontext_d3d11va.h; sourceTree = "<group>"; };
		EECDFF13236AE2E1002E9C98 /* timecode.h */ = {isa = PBXFileReference; fileEncoding = 4; lastKnownFileType = sourcecode.c.h; path = timecode.h; sourceTree = "<group>"; };
		EECDFF14236AE2E1002E9C98 /* sha512.h */ = {isa = PBXFileReference; fileEncoding = 4; lastKnownFileType = sourcecode.c.h; path = sha512.h; sourceTree = "<group>"; };
		EECDFF15236AE2E1002E9C98 /* hwcontext_dxva2.h */ = {isa = PBXFileReference; fileEncoding = 4; lastKnownFileType = sourcecode.c.h; path = hwcontext_dxva2.h; sourceTree = "<group>"; };
		EECDFF16236AE2E1002E9C98 /* display.h */ = {isa = PBXFileReference; fileEncoding = 4; lastKnownFileType = sourcecode.c.h; path = display.h; sourceTree = "<group>"; };
		EECDFF17236AE2E1002E9C98 /* buffer.h */ = {isa = PBXFileReference; fileEncoding = 4; lastKnownFileType = sourcecode.c.h; path = buffer.h; sourceTree = "<group>"; };
		EECDFF18236AE2E1002E9C98 /* camellia.h */ = {isa = PBXFileReference; fileEncoding = 4; lastKnownFileType = sourcecode.c.h; path = camellia.h; sourceTree = "<group>"; };
		EECDFF19236AE2E1002E9C98 /* pixelutils.h */ = {isa = PBXFileReference; fileEncoding = 4; lastKnownFileType = sourcecode.c.h; path = pixelutils.h; sourceTree = "<group>"; };
		EECDFF1A236AE2E1002E9C98 /* hwcontext_drm.h */ = {isa = PBXFileReference; fileEncoding = 4; lastKnownFileType = sourcecode.c.h; path = hwcontext_drm.h; sourceTree = "<group>"; };
		EECDFF1B236AE2E1002E9C98 /* common.h */ = {isa = PBXFileReference; fileEncoding = 4; lastKnownFileType = sourcecode.c.h; path = common.h; sourceTree = "<group>"; };
		EECDFF1C236AE2E1002E9C98 /* hmac.h */ = {isa = PBXFileReference; fileEncoding = 4; lastKnownFileType = sourcecode.c.h; path = hmac.h; sourceTree = "<group>"; };
		EECDFF1D236AE2E1002E9C98 /* eval.h */ = {isa = PBXFileReference; fileEncoding = 4; lastKnownFileType = sourcecode.c.h; path = eval.h; sourceTree = "<group>"; };
		EECDFF1E236AE2E1002E9C98 /* dict.h */ = {isa = PBXFileReference; fileEncoding = 4; lastKnownFileType = sourcecode.c.h; path = dict.h; sourceTree = "<group>"; };
		EECDFF1F236AE2E1002E9C98 /* random_seed.h */ = {isa = PBXFileReference; fileEncoding = 4; lastKnownFileType = sourcecode.c.h; path = random_seed.h; sourceTree = "<group>"; };
		EECDFF20236AE2E1002E9C98 /* opt.h */ = {isa = PBXFileReference; fileEncoding = 4; lastKnownFileType = sourcecode.c.h; path = opt.h; sourceTree = "<group>"; };
		EECDFF21236AE2E1002E9C98 /* mastering_display_metadata.h */ = {isa = PBXFileReference; fileEncoding = 4; lastKnownFileType = sourcecode.c.h; path = mastering_display_metadata.h; sourceTree = "<group>"; };
		EECDFF22236AE2E1002E9C98 /* log.h */ = {isa = PBXFileReference; fileEncoding = 4; lastKnownFileType = sourcecode.c.h; path = log.h; sourceTree = "<group>"; };
		EECDFF23236AE2E1002E9C98 /* aes.h */ = {isa = PBXFileReference; fileEncoding = 4; lastKnownFileType = sourcecode.c.h; path = aes.h; sourceTree = "<group>"; };
		EECDFF24236AE2E1002E9C98 /* macros.h */ = {isa = PBXFileReference; fileEncoding = 4; lastKnownFileType = sourcecode.c.h; path = macros.h; sourceTree = "<group>"; };
		EECDFF25236AE2E1002E9C98 /* bswap.h */ = {isa = PBXFileReference; fileEncoding = 4; lastKnownFileType = sourcecode.c.h; path = bswap.h; sourceTree = "<group>"; };
		EECDFF26236AE2E1002E9C98 /* rc4.h */ = {isa = PBXFileReference; fileEncoding = 4; lastKnownFileType = sourcecode.c.h; path = rc4.h; sourceTree = "<group>"; };
		EECDFF27236AE2E1002E9C98 /* tea.h */ = {isa = PBXFileReference; fileEncoding = 4; lastKnownFileType = sourcecode.c.h; path = tea.h; sourceTree = "<group>"; };
		EECDFF28236AE2E1002E9C98 /* cpu.h */ = {isa = PBXFileReference; fileEncoding = 4; lastKnownFileType = sourcecode.c.h; path = cpu.h; sourceTree = "<group>"; };
		EECDFF29236AE2E1002E9C98 /* lzo.h */ = {isa = PBXFileReference; fileEncoding = 4; lastKnownFileType = sourcecode.c.h; path = lzo.h; sourceTree = "<group>"; };
		EECDFF2A236AE2E1002E9C98 /* des.h */ = {isa = PBXFileReference; fileEncoding = 4; lastKnownFileType = sourcecode.c.h; path = des.h; sourceTree = "<group>"; };
		EECDFF2B236AE2E1002E9C98 /* channel_layout.h */ = {isa = PBXFileReference; fileEncoding = 4; lastKnownFileType = sourcecode.c.h; path = channel_layout.h; sourceTree = "<group>"; };
		EECDFF2C236AE2E1002E9C98 /* twofish.h */ = {isa = PBXFileReference; fileEncoding = 4; lastKnownFileType = sourcecode.c.h; path = twofish.h; sourceTree = "<group>"; };
		EECDFF2D236AE2E1002E9C98 /* imgutils.h */ = {isa = PBXFileReference; fileEncoding = 4; lastKnownFileType = sourcecode.c.h; path = imgutils.h; sourceTree = "<group>"; };
		EECDFF2E236AE2E1002E9C98 /* hwcontext_videotoolbox.h */ = {isa = PBXFileReference; fileEncoding = 4; lastKnownFileType = sourcecode.c.h; path = hwcontext_videotoolbox.h; sourceTree = "<group>"; };
		EECDFF2F236AE2E1002E9C98 /* mem.h */ = {isa = PBXFileReference; fileEncoding = 4; lastKnownFileType = sourcecode.c.h; path = mem.h; sourceTree = "<group>"; };
		EECDFF30236AE2E1002E9C98 /* parseutils.h */ = {isa = PBXFileReference; fileEncoding = 4; lastKnownFileType = sourcecode.c.h; path = parseutils.h; sourceTree = "<group>"; };
		EECDFF31236AE2E1002E9C98 /* ripemd.h */ = {isa = PBXFileReference; fileEncoding = 4; lastKnownFileType = sourcecode.c.h; path = ripemd.h; sourceTree = "<group>"; };
		EECDFF32236AE2E1002E9C98 /* bprint.h */ = {isa = PBXFileReference; fileEncoding = 4; lastKnownFileType = sourcecode.c.h; path = bprint.h; sourceTree = "<group>"; };
		EECDFF33236AE2E1002E9C98 /* hwcontext_qsv.h */ = {isa = PBXFileReference; fileEncoding = 4; lastKnownFileType = sourcecode.c.h; path = hwcontext_qsv.h; sourceTree = "<group>"; };
		EECDFF34236AE2E1002E9C98 /* pixfmt.h */ = {isa = PBXFileReference; fileEncoding = 4; lastKnownFileType = sourcecode.c.h; path = pixfmt.h; sourceTree = "<group>"; };
		EECDFF35236AE2E1002E9C98 /* aes_ctr.h */ = {isa = PBXFileReference; fileEncoding = 4; lastKnownFileType = sourcecode.c.h; path = aes_ctr.h; sourceTree = "<group>"; };
		EECDFF36236AE2E1002E9C98 /* timestamp.h */ = {isa = PBXFileReference; fileEncoding = 4; lastKnownFileType = sourcecode.c.h; path = timestamp.h; sourceTree = "<group>"; };
		EECDFF37236AE2E1002E9C98 /* downmix_info.h */ = {isa = PBXFileReference; fileEncoding = 4; lastKnownFileType = sourcecode.c.h; path = downmix_info.h; sourceTree = "<group>"; };
		EECDFF38236AE2E1002E9C98 /* avassert.h */ = {isa = PBXFileReference; fileEncoding = 4; lastKnownFileType = sourcecode.c.h; path = avassert.h; sourceTree = "<group>"; };
		EECDFF39236AE2E1002E9C98 /* hash.h */ = {isa = PBXFileReference; fileEncoding = 4; lastKnownFileType = sourcecode.c.h; path = hash.h; sourceTree = "<group>"; };
		EECDFF3A236AE2E1002E9C98 /* mathematics.h */ = {isa = PBXFileReference; fileEncoding = 4; lastKnownFileType = sourcecode.c.h; path = mathematics.h; sourceTree = "<group>"; };
		EECDFF3B236AE2E1002E9C98 /* intreadwrite.h */ = {isa = PBXFileReference; fileEncoding = 4; lastKnownFileType = sourcecode.c.h; path = intreadwrite.h; sourceTree = "<group>"; };
		EECDFF3C236AE2E1002E9C98 /* avstring.h */ = {isa = PBXFileReference; fileEncoding = 4; lastKnownFileType = sourcecode.c.h; path = avstring.h; sourceTree = "<group>"; };
		EECDFF3E236AE2E1002E9C98 /* version.h */ = {isa = PBXFileReference; fileEncoding = 4; lastKnownFileType = sourcecode.c.h; path = version.h; sourceTree = "<group>"; };
		EECDFF3F236AE2E1002E9C98 /* avdevice.h */ = {isa = PBXFileReference; fileEncoding = 4; lastKnownFileType = sourcecode.c.h; path = avdevice.h; sourceTree = "<group>"; };
		EECDFF41236AE2E1002E9C98 /* version.h */ = {isa = PBXFileReference; fileEncoding = 4; lastKnownFileType = sourcecode.c.h; path = version.h; sourceTree = "<group>"; };
		EECDFF42236AE2E1002E9C98 /* avio.h */ = {isa = PBXFileReference; fileEncoding = 4; lastKnownFileType = sourcecode.c.h; path = avio.h; sourceTree = "<group>"; };
		EECDFF43236AE2E1002E9C98 /* avformat.h */ = {isa = PBXFileReference; fileEncoding = 4; lastKnownFileType = sourcecode.c.h; path = avformat.h; sourceTree = "<group>"; };
		EECDFF45236AE2E1002E9C98 /* version.h */ = {isa = PBXFileReference; fileEncoding = 4; lastKnownFileType = sourcecode.c.h; path = version.h; sourceTree = "<group>"; };
		EECDFF46236AE2E1002E9C98 /* swscale.h */ = {isa = PBXFileReference; fileEncoding = 4; lastKnownFileType = sourcecode.c.h; path = swscale.h; sourceTree = "<group>"; };
		EECDFF48236AE2E1002E9C98 /* avcodec.h */ = {isa = PBXFileReference; fileEncoding = 4; lastKnownFileType = sourcecode.c.h; path = avcodec.h; sourceTree = "<group>"; };
		EECDFF49236AE2E1002E9C98 /* version.h */ = {isa = PBXFileReference; fileEncoding = 4; lastKnownFileType = sourcecode.c.h; path = version.h; sourceTree = "<group>"; };
		EECDFF4A236AE2E1002E9C98 /* vdpau.h */ = {isa = PBXFileReference; fileEncoding = 4; lastKnownFileType = sourcecode.c.h; path = vdpau.h; sourceTree = "<group>"; };
		EECDFF4B236AE2E1002E9C98 /* qsv.h */ = {isa = PBXFileReference; fileEncoding = 4; lastKnownFileType = sourcecode.c.h; path = qsv.h; sourceTree = "<group>"; };
		EECDFF4C236AE2E1002E9C98 /* vaapi.h */ = {isa = PBXFileReference; fileEncoding = 4; lastKnownFileType = sourcecode.c.h; path = vaapi.h; sourceTree = "<group>"; };
		EECDFF4D236AE2E1002E9C98 /* videotoolbox.h */ = {isa = PBXFileReference; fileEncoding = 4; lastKnownFileType = sourcecode.c.h; path = videotoolbox.h; sourceTree = "<group>"; };
		EECDFF4E236AE2E1002E9C98 /* xvmc.h */ = {isa = PBXFileReference; fileEncoding = 4; lastKnownFileType = sourcecode.c.h; path = xvmc.h; sourceTree = "<group>"; };
		EECDFF4F236AE2E1002E9C98 /* mediacodec.h */ = {isa = PBXFileReference; fileEncoding = 4; lastKnownFileType = sourcecode.c.h; path = mediacodec.h; sourceTree = "<group>"; };
		EECDFF50236AE2E1002E9C98 /* d3d11va.h */ = {isa = PBXFileReference; fileEncoding = 4; lastKnownFileType = sourcecode.c.h; path = d3d11va.h; sourceTree = "<group>"; };
		EECDFF51236AE2E1002E9C98 /* avfft.h */ = {isa = PBXFileReference; fileEncoding = 4; lastKnownFileType = sourcecode.c.h; path = avfft.h; sourceTree = "<group>"; };
		EECDFF52236AE2E1002E9C98 /* vda.h */ = {isa = PBXFileReference; fileEncoding = 4; lastKnownFileType = sourcecode.c.h; path = vda.h; sourceTree = "<group>"; };
		EECDFF53236AE2E1002E9C98 /* jni.h */ = {isa = PBXFileReference; fileEncoding = 4; lastKnownFileType = sourcecode.c.h; path = jni.h; sourceTree = "<group>"; };
		EECDFF54236AE2E1002E9C98 /* dirac.h */ = {isa = PBXFileReference; fileEncoding = 4; lastKnownFileType = sourcecode.c.h; path = dirac.h; sourceTree = "<group>"; };
		EECDFF55236AE2E1002E9C98 /* avdct.h */ = {isa = PBXFileReference; fileEncoding = 4; lastKnownFileType = sourcecode.c.h; path = avdct.h; sourceTree = "<group>"; };
		EECDFF56236AE2E1002E9C98 /* vorbis_parser.h */ = {isa = PBXFileReference; fileEncoding = 4; lastKnownFileType = sourcecode.c.h; path = vorbis_parser.h; sourceTree = "<group>"; };
		EECDFF57236AE2E1002E9C98 /* dxva2.h */ = {isa = PBXFileReference; fileEncoding = 4; lastKnownFileType = sourcecode.c.h; path = dxva2.h; sourceTree = "<group>"; };
		EECDFF58236AE2E1002E9C98 /* dv_profile.h */ = {isa = PBXFileReference; fileEncoding = 4; lastKnownFileType = sourcecode.c.h; path = dv_profile.h; sourceTree = "<group>"; };
		EECDFF5A236AE2E1002E9C98 /* version.h */ = {isa = PBXFileReference; fileEncoding = 4; lastKnownFileType = sourcecode.c.h; path = version.h; sourceTree = "<group>"; };
		EECDFF5B236AE2E1002E9C98 /* swresample.h */ = {isa = PBXFileReference; fileEncoding = 4; lastKnownFileType = sourcecode.c.h; path = swresample.h; sourceTree = "<group>"; };
		EECDFF5D236AE2E1002E9C98 /* libavutil.a */ = {isa = PBXFileReference; lastKnownFileType = archive.ar; path = libavutil.a; sourceTree = "<group>"; };
		EECDFF5E236AE2E1002E9C98 /* libavfilter.a */ = {isa = PBXFileReference; lastKnownFileType = archive.ar; path = libavfilter.a; sourceTree = "<group>"; };
		EECDFF5F236AE2E1002E9C98 /* libavcodec.a */ = {isa = PBXFileReference; lastKnownFileType = archive.ar; path = libavcodec.a; sourceTree = "<group>"; };
		EECDFF60236AE2E1002E9C98 /* libpostproc.a */ = {isa = PBXFileReference; lastKnownFileType = archive.ar; path = libpostproc.a; sourceTree = "<group>"; };
		EECDFF61236AE2E1002E9C98 /* libavformat.a */ = {isa = PBXFileReference; lastKnownFileType = archive.ar; path = libavformat.a; sourceTree = "<group>"; };
		EECDFF62236AE2E1002E9C98 /* libavdevice.a */ = {isa = PBXFileReference; lastKnownFileType = archive.ar; path = libavdevice.a; sourceTree = "<group>"; };
		EECDFF63236AE2E1002E9C98 /* libswresample.a */ = {isa = PBXFileReference; lastKnownFileType = archive.ar; path = libswresample.a; sourceTree = "<group>"; };
		EECDFF64236AE2E1002E9C98 /* libfaac.a */ = {isa = PBXFileReference; lastKnownFileType = archive.ar; path = libfaac.a; sourceTree = "<group>"; };
		EECDFF65236AE2E1002E9C98 /* libswscale.a */ = {isa = PBXFileReference; lastKnownFileType = archive.ar; path = libswscale.a; sourceTree = "<group>"; };
		EECDFF66236AE2E1002E9C98 /* libx264.a */ = {isa = PBXFileReference; lastKnownFileType = archive.ar; path = libx264.a; sourceTree = "<group>"; };
/* End PBXFileReference section */

/* Begin PBXFrameworksBuildPhase section */
		EECDFEBC236AE0F8002E9C98 /* Frameworks */ = {
			isa = PBXFrameworksBuildPhase;
			buildActionMask = 2147483647;
			files = (
				EECD0107236AE595002E9C98 /* libiconv.tbd in Frameworks */,
				EECD00E1236AE377002E9C98 /* libbz2.tbd in Frameworks */,
				EECD00FE236AE4D1002E9C98 /* VideoToolbox.framework in Frameworks */,
				EECD00DF236AE36E002E9C98 /* libz.tbd in Frameworks */,
				EECDFFD7236AE2E2002E9C98 /* libavfilter.a in Frameworks */,
				EECDFFD9236AE2E2002E9C98 /* libpostproc.a in Frameworks */,
				EECDFFDD236AE2E2002E9C98 /* libfaac.a in Frameworks */,
				EECDFFD6236AE2E2002E9C98 /* libavutil.a in Frameworks */,
				EECDFFDA236AE2E2002E9C98 /* libavformat.a in Frameworks */,
				EECDFFDB236AE2E2002E9C98 /* libavdevice.a in Frameworks */,
				EECDFFDE236AE2E2002E9C98 /* libswscale.a in Frameworks */,
				EECDFFDF236AE2E2002E9C98 /* libx264.a in Frameworks */,
				EECD0100236AE4DF002E9C98 /* AudioToolbox.framework in Frameworks */,
				EECDFFDC236AE2E2002E9C98 /* libswresample.a in Frameworks */,
				EECDFFD8236AE2E2002E9C98 /* libavcodec.a in Frameworks */,
			);
			runOnlyForDeploymentPostprocessing = 0;
		};
/* End PBXFrameworksBuildPhase section */

/* Begin PBXGroup section */
		EECD00DD236AE36E002E9C98 /* Frameworks */ = {
			isa = PBXGroup;
			children = (
				EECD0105236AE584002E9C98 /* libiconv.tbd */,
				EECD0103236AE512002E9C98 /* AVFoundation.framework */,
				EECD0101236AE4FB002E9C98 /* CoreVideo.framework */,
				EECD00FF236AE4DF002E9C98 /* AudioToolbox.framework */,
				EECD00FD236AE4D1002E9C98 /* VideoToolbox.framework */,
				EECD00E0236AE377002E9C98 /* libbz2.tbd */,
				EECD00DE236AE36E002E9C98 /* libz.tbd */,
			);
			name = Frameworks;
			sourceTree = "<group>";
		};
		EECD00E2236AE481002E9C98 /* Baseic */ = {
			isa = PBXGroup;
			children = (
				EECD00E3236AE481002E9C98 /* Unit */,
				EECD00E8236AE481002E9C98 /* Extension */,
			);
			name = Baseic;
			path = ../../../../NHAVKit2/Baseic;
			sourceTree = "<group>";
		};
		EECD00E3236AE481002E9C98 /* Unit */ = {
			isa = PBXGroup;
			children = (
				EECD00E5236AE481002E9C98 /* NH_INLINE.h */,
				EECD00E6236AE481002E9C98 /* NHAVKitDefine.h */,
				EECD00E7236AE481002E9C98 /* NHAVKitTimer.h */,
				EECD00E4236AE481002E9C98 /* NHAVKitTimer.m */,
			);
			path = Unit;
			sourceTree = "<group>";
		};
		EECD00E8236AE481002E9C98 /* Extension */ = {
			isa = PBXGroup;
			children = (
				EECD00E9236AE481002E9C98 /* UIDevice+NHOrientation.h */,
				EECD00EA236AE481002E9C98 /* NSObject+converTime.m */,
				EECD00EB236AE481002E9C98 /* NSString+time.h */,
				EECD00EC236AE481002E9C98 /* NSTimer+NHAutoRetain.m */,
				EECD00ED236AE481002E9C98 /* UIDevice+NHOrientation.m */,
				EECD00EE236AE481002E9C98 /* NSObject+converTime.h */,
				EECD00EF236AE481002E9C98 /* NSTimer+NHAutoRetain.h */,
				EECD00F0236AE481002E9C98 /* NSString+time.m */,
			);
			path = Extension;
			sourceTree = "<group>";
		};
		EECDFEB5236AE0F8002E9C98 = {
			isa = PBXGroup;
			children = (
				EECDFEC1236AE0F8002E9C98 /* NHFFmpegDecoder */,
				EECDFEC0236AE0F8002E9C98 /* Products */,
				EECD00DD236AE36E002E9C98 /* Frameworks */,
			);
			sourceTree = "<group>";
		};
		EECDFEC0236AE0F8002E9C98 /* Products */ = {
			isa = PBXGroup;
			children = (
				EECDFEBF236AE0F8002E9C98 /* NHFFmpegDecoder.framework */,
			);
			name = Products;
			sourceTree = "<group>";
		};
		EECDFEC1236AE0F8002E9C98 /* NHFFmpegDecoder */ = {
			isa = PBXGroup;
			children = (
				EECD00E2236AE481002E9C98 /* Baseic */,
				EECDFEE3236AE2E1002E9C98 /* FFmpeg */,
				EECDFECA236AE241002E9C98 /* Decoder */,
				EECDFEC2236AE0F8002E9C98 /* Decoder.h */,
				EECDFEC3236AE0F8002E9C98 /* Info.plist */,
			);
			path = NHFFmpegDecoder;
			sourceTree = "<group>";
		};
		EECDFECA236AE241002E9C98 /* Decoder */ = {
			isa = PBXGroup;
			children = (
				EECDFECC236AE241002E9C98 /* NHFFmpegPlayer.h */,
				EECDFECB236AE241002E9C98 /* NHFFmpegPlayer.m */,
			);
			name = Decoder;
			path = ../../../../NHAVKit2/FFmpeg/Decoder;
			sourceTree = "<group>";
		};
		EECDFEE3236AE2E1002E9C98 /* FFmpeg */ = {
			isa = PBXGroup;
			children = (
				EECDFEE4236AE2E1002E9C98 /* include */,
				EECDFF5C236AE2E1002E9C98 /* lib */,
			);
			name = FFmpeg;
			path = ../../../../NHAVKit2/Library/FFmpeg;
			sourceTree = "<group>";
		};
		EECDFEE4236AE2E1002E9C98 /* include */ = {
			isa = PBXGroup;
			children = (
				EECDFEE5236AE2E1002E9C98 /* libpostproc */,
				EECDFEE8236AE2E1002E9C98 /* libavfilter */,
				EECDFEEE236AE2E1002E9C98 /* libavutil */,
				EECDFF3D236AE2E1002E9C98 /* libavdevice */,
				EECDFF40236AE2E1002E9C98 /* libavformat */,
				EECDFF44236AE2E1002E9C98 /* libswscale */,
				EECDFF47236AE2E1002E9C98 /* libavcodec */,
				EECDFF59236AE2E1002E9C98 /* libswresample */,
			);
			path = include;
			sourceTree = "<group>";
		};
		EECDFEE5236AE2E1002E9C98 /* libpostproc */ = {
			isa = PBXGroup;
			children = (
				EECDFEE6236AE2E1002E9C98 /* version.h */,
				EECDFEE7236AE2E1002E9C98 /* postprocess.h */,
			);
			path = libpostproc;
			sourceTree = "<group>";
		};
		EECDFEE8236AE2E1002E9C98 /* libavfilter */ = {
			isa = PBXGroup;
			children = (
				EECDFEE9236AE2E1002E9C98 /* version.h */,
				EECDFEEA236AE2E1002E9C98 /* buffersrc.h */,
				EECDFEEB236AE2E1002E9C98 /* buffersink.h */,
				EECDFEEC236AE2E1002E9C98 /* avfilter.h */,
				EECDFEED236AE2E1002E9C98 /* avfiltergraph.h */,
			);
			path = libavfilter;
			sourceTree = "<group>";
		};
		EECDFEEE236AE2E1002E9C98 /* libavutil */ = {
			isa = PBXGroup;
			children = (
				EECDFEEF236AE2E1002E9C98 /* hwcontext.h */,
				EECDFEF0236AE2E1002E9C98 /* time.h */,
				EECDFEF1236AE2E1002E9C98 /* hwcontext_cuda.h */,
				EECDFEF2236AE2E1002E9C98 /* intfloat.h */,
				EECDFEF3236AE2E1002E9C98 /* error.h */,
				EECDFEF4236AE2E1002E9C98 /* fifo.h */,
				EECDFEF5236AE2E1002E9C98 /* blowfish.h */,
				EECDFEF6236AE2E1002E9C98 /* replaygain.h */,
				EECDFEF7236AE2E1002E9C98 /* version.h */,
				EECDFEF8236AE2E1002E9C98 /* murmur3.h */,
				EECDFEF9236AE2E1002E9C98 /* stereo3d.h */,
				EECDFEFA236AE2E1002E9C98 /* samplefmt.h */,
				EECDFEFB236AE2E1002E9C98 /* pixdesc.h */,
				EECDFEFC236AE2E1002E9C98 /* base64.h */,
				EECDFEFD236AE2E1002E9C98 /* rational.h */,
				EECDFEFE236AE2E1002E9C98 /* sha.h */,
				EECDFEFF236AE2E1002E9C98 /* motion_vector.h */,
				EECDFF00236AE2E1002E9C98 /* avconfig.h */,
				EECDFF01236AE2E1002E9C98 /* lfg.h */,
				EECDFF02236AE2E1002E9C98 /* avutil.h */,
				EECDFF03236AE2E1002E9C98 /* xtea.h */,
				EECDFF04236AE2E1002E9C98 /* crc.h */,
				EECDFF05236AE2E1002E9C98 /* hwcontext_vdpau.h */,
				EECDFF06236AE2E1002E9C98 /* frame.h */,
				EECDFF07236AE2E1002E9C98 /* file.h */,
				EECDFF08236AE2E1002E9C98 /* md5.h */,
				EECDFF09236AE2E1002E9C98 /* cast5.h */,
				EECDFF0A236AE2E1002E9C98 /* hwcontext_vaapi.h */,
				EECDFF0B236AE2E1002E9C98 /* spherical.h */,
				EECDFF0C236AE2E1002E9C98 /* ffversion.h */,
				EECDFF0D236AE2E1002E9C98 /* audio_fifo.h */,
				EECDFF0E236AE2E1002E9C98 /* tree.h */,
				EECDFF0F236AE2E1002E9C98 /* threadmessage.h */,
				EECDFF10236AE2E1002E9C98 /* attributes.h */,
				EECDFF11236AE2E1002E9C98 /* adler32.h */,
				EECDFF12236AE2E1002E9C98 /* hwcontext_d3d11va.h */,
				EECDFF13236AE2E1002E9C98 /* timecode.h */,
				EECDFF14236AE2E1002E9C98 /* sha512.h */,
				EECDFF15236AE2E1002E9C98 /* hwcontext_dxva2.h */,
				EECDFF16236AE2E1002E9C98 /* display.h */,
				EECDFF17236AE2E1002E9C98 /* buffer.h */,
				EECDFF18236AE2E1002E9C98 /* camellia.h */,
				EECDFF19236AE2E1002E9C98 /* pixelutils.h */,
				EECDFF1A236AE2E1002E9C98 /* hwcontext_drm.h */,
				EECDFF1B236AE2E1002E9C98 /* common.h */,
				EECDFF1C236AE2E1002E9C98 /* hmac.h */,
				EECDFF1D236AE2E1002E9C98 /* eval.h */,
				EECDFF1E236AE2E1002E9C98 /* dict.h */,
				EECDFF1F236AE2E1002E9C98 /* random_seed.h */,
				EECDFF20236AE2E1002E9C98 /* opt.h */,
				EECDFF21236AE2E1002E9C98 /* mastering_display_metadata.h */,
				EECDFF22236AE2E1002E9C98 /* log.h */,
				EECDFF23236AE2E1002E9C98 /* aes.h */,
				EECDFF24236AE2E1002E9C98 /* macros.h */,
				EECDFF25236AE2E1002E9C98 /* bswap.h */,
				EECDFF26236AE2E1002E9C98 /* rc4.h */,
				EECDFF27236AE2E1002E9C98 /* tea.h */,
				EECDFF28236AE2E1002E9C98 /* cpu.h */,
				EECDFF29236AE2E1002E9C98 /* lzo.h */,
				EECDFF2A236AE2E1002E9C98 /* des.h */,
				EECDFF2B236AE2E1002E9C98 /* channel_layout.h */,
				EECDFF2C236AE2E1002E9C98 /* twofish.h */,
				EECDFF2D236AE2E1002E9C98 /* imgutils.h */,
				EECDFF2E236AE2E1002E9C98 /* hwcontext_videotoolbox.h */,
				EECDFF2F236AE2E1002E9C98 /* mem.h */,
				EECDFF30236AE2E1002E9C98 /* parseutils.h */,
				EECDFF31236AE2E1002E9C98 /* ripemd.h */,
				EECDFF32236AE2E1002E9C98 /* bprint.h */,
				EECDFF33236AE2E1002E9C98 /* hwcontext_qsv.h */,
				EECDFF34236AE2E1002E9C98 /* pixfmt.h */,
				EECDFF35236AE2E1002E9C98 /* aes_ctr.h */,
				EECDFF36236AE2E1002E9C98 /* timestamp.h */,
				EECDFF37236AE2E1002E9C98 /* downmix_info.h */,
				EECDFF38236AE2E1002E9C98 /* avassert.h */,
				EECDFF39236AE2E1002E9C98 /* hash.h */,
				EECDFF3A236AE2E1002E9C98 /* mathematics.h */,
				EECDFF3B236AE2E1002E9C98 /* intreadwrite.h */,
				EECDFF3C236AE2E1002E9C98 /* avstring.h */,
			);
			path = libavutil;
			sourceTree = "<group>";
		};
		EECDFF3D236AE2E1002E9C98 /* libavdevice */ = {
			isa = PBXGroup;
			children = (
				EECDFF3E236AE2E1002E9C98 /* version.h */,
				EECDFF3F236AE2E1002E9C98 /* avdevice.h */,
			);
			path = libavdevice;
			sourceTree = "<group>";
		};
		EECDFF40236AE2E1002E9C98 /* libavformat */ = {
			isa = PBXGroup;
			children = (
				EECDFF41236AE2E1002E9C98 /* version.h */,
				EECDFF42236AE2E1002E9C98 /* avio.h */,
				EECDFF43236AE2E1002E9C98 /* avformat.h */,
			);
			path = libavformat;
			sourceTree = "<group>";
		};
		EECDFF44236AE2E1002E9C98 /* libswscale */ = {
			isa = PBXGroup;
			children = (
				EECDFF45236AE2E1002E9C98 /* version.h */,
				EECDFF46236AE2E1002E9C98 /* swscale.h */,
			);
			path = libswscale;
			sourceTree = "<group>";
		};
		EECDFF47236AE2E1002E9C98 /* libavcodec */ = {
			isa = PBXGroup;
			children = (
				EECDFF48236AE2E1002E9C98 /* avcodec.h */,
				EECDFF49236AE2E1002E9C98 /* version.h */,
				EECDFF4A236AE2E1002E9C98 /* vdpau.h */,
				EECDFF4B236AE2E1002E9C98 /* qsv.h */,
				EECDFF4C236AE2E1002E9C98 /* vaapi.h */,
				EECDFF4D236AE2E1002E9C98 /* videotoolbox.h */,
				EECDFF4E236AE2E1002E9C98 /* xvmc.h */,
				EECDFF4F236AE2E1002E9C98 /* mediacodec.h */,
				EECDFF50236AE2E1002E9C98 /* d3d11va.h */,
				EECDFF51236AE2E1002E9C98 /* avfft.h */,
				EECDFF52236AE2E1002E9C98 /* vda.h */,
				EECDFF53236AE2E1002E9C98 /* jni.h */,
				EECDFF54236AE2E1002E9C98 /* dirac.h */,
				EECDFF55236AE2E1002E9C98 /* avdct.h */,
				EECDFF56236AE2E1002E9C98 /* vorbis_parser.h */,
				EECDFF57236AE2E1002E9C98 /* dxva2.h */,
				EECDFF58236AE2E1002E9C98 /* dv_profile.h */,
			);
			path = libavcodec;
			sourceTree = "<group>";
		};
		EECDFF59236AE2E1002E9C98 /* libswresample */ = {
			isa = PBXGroup;
			children = (
				EECDFF5A236AE2E1002E9C98 /* version.h */,
				EECDFF5B236AE2E1002E9C98 /* swresample.h */,
			);
			path = libswresample;
			sourceTree = "<group>";
		};
		EECDFF5C236AE2E1002E9C98 /* lib */ = {
			isa = PBXGroup;
			children = (
				EECDFF5D236AE2E1002E9C98 /* libavutil.a */,
				EECDFF5E236AE2E1002E9C98 /* libavfilter.a */,
				EECDFF5F236AE2E1002E9C98 /* libavcodec.a */,
				EECDFF60236AE2E1002E9C98 /* libpostproc.a */,
				EECDFF61236AE2E1002E9C98 /* libavformat.a */,
				EECDFF62236AE2E1002E9C98 /* libavdevice.a */,
				EECDFF63236AE2E1002E9C98 /* libswresample.a */,
				EECDFF64236AE2E1002E9C98 /* libfaac.a */,
				EECDFF65236AE2E1002E9C98 /* libswscale.a */,
				EECDFF66236AE2E1002E9C98 /* libx264.a */,
			);
			path = lib;
			sourceTree = "<group>";
		};
/* End PBXGroup section */

/* Begin PBXHeadersBuildPhase section */
		EECDFEBA236AE0F8002E9C98 /* Headers */ = {
			isa = PBXHeadersBuildPhase;
			buildActionMask = 2147483647;
			files = (
				EECDFECE236AE241002E9C98 /* NHFFmpegPlayer.h in Headers */,
				EECDFFD2236AE2E2002E9C98 /* dxva2.h in Headers */,
				EECDFFA5236AE2E1002E9C98 /* rc4.h in Headers */,
				EECDFF9B236AE2E1002E9C98 /* hmac.h in Headers */,
				EECDFF8A236AE2E1002E9C98 /* spherical.h in Headers */,
				EECDFFB1236AE2E1002E9C98 /* bprint.h in Headers */,
				EECDFFD1236AE2E2002E9C98 /* vorbis_parser.h in Headers */,
				EECDFFC1236AE2E1002E9C98 /* version.h in Headers */,
				EECDFF69236AE2E1002E9C98 /* version.h in Headers */,
				EECDFFAE236AE2E1002E9C98 /* mem.h in Headers */,
				EECDFFA1236AE2E1002E9C98 /* log.h in Headers */,
				EECDFF68236AE2E1002E9C98 /* postprocess.h in Headers */,
				EECDFFB2236AE2E1002E9C98 /* hwcontext_qsv.h in Headers */,
				EECDFFD5236AE2E2002E9C98 /* swresample.h in Headers */,
				EECDFFA0236AE2E1002E9C98 /* mastering_display_metadata.h in Headers */,
				EECDFFA8236AE2E1002E9C98 /* lzo.h in Headers */,
				EECDFFC0236AE2E1002E9C98 /* avformat.h in Headers */,
				EECDFFD3236AE2E2002E9C98 /* dv_profile.h in Headers */,
				EECDFF7D236AE2E1002E9C98 /* sha.h in Headers */,
				EECDFFC2236AE2E1002E9C98 /* swscale.h in Headers */,
				EECDFFA2236AE2E1002E9C98 /* aes.h in Headers */,
				EECDFF80236AE2E1002E9C98 /* lfg.h in Headers */,
				EECDFFD4236AE2E2002E9C98 /* version.h in Headers */,
				EECDFFAA236AE2E1002E9C98 /* channel_layout.h in Headers */,
				EECDFF7F236AE2E1002E9C98 /* avconfig.h in Headers */,
				EECDFF77236AE2E1002E9C98 /* murmur3.h in Headers */,
				EECDFF96236AE2E1002E9C98 /* buffer.h in Headers */,
				EECDFF6F236AE2E1002E9C98 /* time.h in Headers */,
				EECDFFC5236AE2E1002E9C98 /* vdpau.h in Headers */,
				EECDFF79236AE2E1002E9C98 /* samplefmt.h in Headers */,
				EECDFF9E236AE2E1002E9C98 /* random_seed.h in Headers */,
				EECDFF95236AE2E1002E9C98 /* display.h in Headers */,
				EECDFF7E236AE2E1002E9C98 /* motion_vector.h in Headers */,
				EECDFFCA236AE2E2002E9C98 /* mediacodec.h in Headers */,
				EECDFF84236AE2E1002E9C98 /* hwcontext_vdpau.h in Headers */,
				EECDFFAD236AE2E1002E9C98 /* hwcontext_videotoolbox.h in Headers */,
				EECDFF91236AE2E1002E9C98 /* hwcontext_d3d11va.h in Headers */,
				EECDFF87236AE2E1002E9C98 /* md5.h in Headers */,
				EECDFF82236AE2E1002E9C98 /* xtea.h in Headers */,
				EECDFF6D236AE2E1002E9C98 /* avfiltergraph.h in Headers */,
				EECDFF75236AE2E1002E9C98 /* replaygain.h in Headers */,
				EECD00FA236AE482002E9C98 /* NSObject+converTime.h in Headers */,
				EECDFFCD236AE2E2002E9C98 /* vda.h in Headers */,
				EECDFF9A236AE2E1002E9C98 /* common.h in Headers */,
				EECD00F7236AE482002E9C98 /* NSString+time.h in Headers */,
				EECDFFB4236AE2E1002E9C98 /* aes_ctr.h in Headers */,
				EECDFFD0236AE2E2002E9C98 /* avdct.h in Headers */,
				EECDFF73236AE2E1002E9C98 /* fifo.h in Headers */,
				EECDFFC4236AE2E1002E9C98 /* version.h in Headers */,
				EECDFFB0236AE2E1002E9C98 /* ripemd.h in Headers */,
				EECDFF97236AE2E1002E9C98 /* camellia.h in Headers */,
				EECDFF71236AE2E1002E9C98 /* intfloat.h in Headers */,
				EECD00F4236AE482002E9C98 /* NHAVKitTimer.h in Headers */,
				EECDFF78236AE2E1002E9C98 /* stereo3d.h in Headers */,
				EECDFFCF236AE2E2002E9C98 /* dirac.h in Headers */,
				EECDFF6B236AE2E1002E9C98 /* buffersink.h in Headers */,
				EECD00F5236AE482002E9C98 /* UIDevice+NHOrientation.h in Headers */,
				EECDFF85236AE2E1002E9C98 /* frame.h in Headers */,
				EECDFF70236AE2E1002E9C98 /* hwcontext_cuda.h in Headers */,
				EECDFFA6236AE2E1002E9C98 /* tea.h in Headers */,
				EECDFFA3236AE2E1002E9C98 /* macros.h in Headers */,
				EECDFF9D236AE2E1002E9C98 /* dict.h in Headers */,
				EECDFFB8236AE2E1002E9C98 /* hash.h in Headers */,
				EECDFFBB236AE2E1002E9C98 /* avstring.h in Headers */,
				EECDFFB9236AE2E1002E9C98 /* mathematics.h in Headers */,
				EECDFF88236AE2E1002E9C98 /* cast5.h in Headers */,
				EECDFF9F236AE2E1002E9C98 /* opt.h in Headers */,
				EECD00FB236AE482002E9C98 /* NSTimer+NHAutoRetain.h in Headers */,
				EECDFFCE236AE2E2002E9C98 /* jni.h in Headers */,
				EECDFFAB236AE2E1002E9C98 /* twofish.h in Headers */,
				EECDFF8C236AE2E1002E9C98 /* audio_fifo.h in Headers */,
				EECDFFC3236AE2E1002E9C98 /* avcodec.h in Headers */,
				EECDFFBA236AE2E1002E9C98 /* intreadwrite.h in Headers */,
				EECDFFC9236AE2E2002E9C98 /* xvmc.h in Headers */,
				EECD00F2236AE482002E9C98 /* NH_INLINE.h in Headers */,
				EECDFFCC236AE2E2002E9C98 /* avfft.h in Headers */,
				EECDFF8E236AE2E1002E9C98 /* threadmessage.h in Headers */,
				EECDFF8D236AE2E1002E9C98 /* tree.h in Headers */,
				EECDFFA9236AE2E1002E9C98 /* des.h in Headers */,
				EECDFF6E236AE2E1002E9C98 /* hwcontext.h in Headers */,
				EECDFFAC236AE2E1002E9C98 /* imgutils.h in Headers */,
				EECDFFAF236AE2E1002E9C98 /* parseutils.h in Headers */,
				EECDFF8B236AE2E1002E9C98 /* ffversion.h in Headers */,
				EECDFF99236AE2E1002E9C98 /* hwcontext_drm.h in Headers */,
				EECDFFC7236AE2E1002E9C98 /* vaapi.h in Headers */,
				EECDFF81236AE2E1002E9C98 /* avutil.h in Headers */,
				EECDFFBC236AE2E1002E9C98 /* version.h in Headers */,
				EECDFFB6236AE2E1002E9C98 /* downmix_info.h in Headers */,
				EECD00F3236AE482002E9C98 /* NHAVKitDefine.h in Headers */,
				EECDFF83236AE2E1002E9C98 /* crc.h in Headers */,
				EECDFFCB236AE2E2002E9C98 /* d3d11va.h in Headers */,
				EECDFF94236AE2E1002E9C98 /* hwcontext_dxva2.h in Headers */,
				EECDFFBD236AE2E1002E9C98 /* avdevice.h in Headers */,
				EECDFF6A236AE2E1002E9C98 /* buffersrc.h in Headers */,
				EECDFFC8236AE2E2002E9C98 /* videotoolbox.h in Headers */,
				EECDFFB7236AE2E1002E9C98 /* avassert.h in Headers */,
				EECDFF93236AE2E1002E9C98 /* sha512.h in Headers */,
				EECDFF92236AE2E1002E9C98 /* timecode.h in Headers */,
				EECDFF7B236AE2E1002E9C98 /* base64.h in Headers */,
				EECDFF90236AE2E1002E9C98 /* adler32.h in Headers */,
				EECDFFB3236AE2E1002E9C98 /* pixfmt.h in Headers */,
				EECDFF6C236AE2E1002E9C98 /* avfilter.h in Headers */,
				EECDFFB5236AE2E1002E9C98 /* timestamp.h in Headers */,
				EECDFFA7236AE2E1002E9C98 /* cpu.h in Headers */,
				EECDFF98236AE2E1002E9C98 /* pixelutils.h in Headers */,
				EECDFF76236AE2E1002E9C98 /* version.h in Headers */,
				EECDFFBF236AE2E1002E9C98 /* avio.h in Headers */,
				EECDFF7C236AE2E1002E9C98 /* rational.h in Headers */,
				EECDFF89236AE2E1002E9C98 /* hwcontext_vaapi.h in Headers */,
				EECDFF86236AE2E1002E9C98 /* file.h in Headers */,
				EECDFF72236AE2E1002E9C98 /* error.h in Headers */,
				EECDFF67236AE2E1002E9C98 /* version.h in Headers */,
				EECDFFA4236AE2E1002E9C98 /* bswap.h in Headers */,
				EECDFF7A236AE2E1002E9C98 /* pixdesc.h in Headers */,
				EECDFFBE236AE2E1002E9C98 /* version.h in Headers */,
				EECDFFC6236AE2E1002E9C98 /* qsv.h in Headers */,
				EECDFF9C236AE2E1002E9C98 /* eval.h in Headers */,
				EECDFF8F236AE2E1002E9C98 /* attributes.h in Headers */,
				EECDFF74236AE2E1002E9C98 /* blowfish.h in Headers */,
				EECDFEC4236AE0F8002E9C98 /* Decoder.h in Headers */,
			);
			runOnlyForDeploymentPostprocessing = 0;
		};
/* End PBXHeadersBuildPhase section */

/* Begin PBXNativeTarget section */
		EECDFEBE236AE0F8002E9C98 /* NHFFmpegDecoder */ = {
			isa = PBXNativeTarget;
			buildConfigurationList = EECDFEC7236AE0F8002E9C98 /* Build configuration list for PBXNativeTarget "NHFFmpegDecoder" */;
			buildPhases = (
				EECDFEBA236AE0F8002E9C98 /* Headers */,
				EECDFEBB236AE0F8002E9C98 /* Sources */,
				EECDFEBC236AE0F8002E9C98 /* Frameworks */,
				EECDFEBD236AE0F8002E9C98 /* Resources */,
			);
			buildRules = (
			);
			dependencies = (
			);
			name = NHFFmpegDecoder;
			productName = NHFFmpegDecoder;
			productReference = EECDFEBF236AE0F8002E9C98 /* NHFFmpegDecoder.framework */;
			productType = "com.apple.product-type.framework";
		};
/* End PBXNativeTarget section */

/* Begin PBXProject section */
		EECDFEB6236AE0F8002E9C98 /* Project object */ = {
			isa = PBXProject;
			attributes = {
				LastUpgradeCheck = 1110;
				ORGANIZATIONNAME = nenhall;
				TargetAttributes = {
					EECDFEBE236AE0F8002E9C98 = {
						CreatedOnToolsVersion = 11.1;
					};
				};
			};
			buildConfigurationList = EECDFEB9236AE0F8002E9C98 /* Build configuration list for PBXProject "NHFFmpegDecoder" */;
			compatibilityVersion = "Xcode 9.3";
			developmentRegion = en;
			hasScannedForEncodings = 0;
			knownRegions = (
				en,
				Base,
			);
			mainGroup = EECDFEB5236AE0F8002E9C98;
			productRefGroup = EECDFEC0236AE0F8002E9C98 /* Products */;
			projectDirPath = "";
			projectRoot = "";
			targets = (
				EECDFEBE236AE0F8002E9C98 /* NHFFmpegDecoder */,
			);
		};
/* End PBXProject section */

/* Begin PBXResourcesBuildPhase section */
		EECDFEBD236AE0F8002E9C98 /* Resources */ = {
			isa = PBXResourcesBuildPhase;
			buildActionMask = 2147483647;
			files = (
			);
			runOnlyForDeploymentPostprocessing = 0;
		};
/* End PBXResourcesBuildPhase section */

/* Begin PBXSourcesBuildPhase section */
		EECDFEBB236AE0F8002E9C98 /* Sources */ = {
			isa = PBXSourcesBuildPhase;
			buildActionMask = 2147483647;
			files = (
				EECD00F8236AE482002E9C98 /* NSTimer+NHAutoRetain.m in Sources */,
				EECD00F6236AE482002E9C98 /* NSObject+converTime.m in Sources */,
				EECDFECD236AE241002E9C98 /* NHFFmpegPlayer.m in Sources */,
				EECD00F1236AE482002E9C98 /* NHAVKitTimer.m in Sources */,
				EECD00FC236AE482002E9C98 /* NSString+time.m in Sources */,
				EECD00F9236AE482002E9C98 /* UIDevice+NHOrientation.m in Sources */,
			);
			runOnlyForDeploymentPostprocessing = 0;
		};
/* End PBXSourcesBuildPhase section */

/* Begin XCBuildConfiguration section */
		EECDFEC5236AE0F8002E9C98 /* Debug */ = {
			isa = XCBuildConfiguration;
			buildSettings = {
				ALWAYS_SEARCH_USER_PATHS = NO;
				CLANG_ANALYZER_NONNULL = YES;
				CLANG_ANALYZER_NUMBER_OBJECT_CONVERSION = YES_AGGRESSIVE;
				CLANG_CXX_LANGUAGE_STANDARD = "gnu++14";
				CLANG_CXX_LIBRARY = "libc++";
				CLANG_ENABLE_MODULES = YES;
				CLANG_ENABLE_OBJC_ARC = YES;
				CLANG_ENABLE_OBJC_WEAK = YES;
				CLANG_WARN_BLOCK_CAPTURE_AUTORELEASING = YES;
				CLANG_WARN_BOOL_CONVERSION = YES;
				CLANG_WARN_COMMA = YES;
				CLANG_WARN_CONSTANT_CONVERSION = YES;
				CLANG_WARN_DEPRECATED_OBJC_IMPLEMENTATIONS = YES;
				CLANG_WARN_DIRECT_OBJC_ISA_USAGE = YES_ERROR;
				CLANG_WARN_DOCUMENTATION_COMMENTS = YES;
				CLANG_WARN_EMPTY_BODY = YES;
				CLANG_WARN_ENUM_CONVERSION = YES;
				CLANG_WARN_INFINITE_RECURSION = YES;
				CLANG_WARN_INT_CONVERSION = YES;
				CLANG_WARN_NON_LITERAL_NULL_CONVERSION = YES;
				CLANG_WARN_OBJC_IMPLICIT_RETAIN_SELF = YES;
				CLANG_WARN_OBJC_LITERAL_CONVERSION = YES;
				CLANG_WARN_OBJC_ROOT_CLASS = YES_ERROR;
				CLANG_WARN_RANGE_LOOP_ANALYSIS = YES;
				CLANG_WARN_STRICT_PROTOTYPES = YES;
				CLANG_WARN_SUSPICIOUS_MOVE = YES;
				CLANG_WARN_UNGUARDED_AVAILABILITY = YES_AGGRESSIVE;
				CLANG_WARN_UNREACHABLE_CODE = YES;
				CLANG_WARN__DUPLICATE_METHOD_MATCH = YES;
				COPY_PHASE_STRIP = NO;
				CURRENT_PROJECT_VERSION = 1;
				DEBUG_INFORMATION_FORMAT = dwarf;
				ENABLE_STRICT_OBJC_MSGSEND = YES;
				ENABLE_TESTABILITY = YES;
				GCC_C_LANGUAGE_STANDARD = gnu11;
				GCC_DYNAMIC_NO_PIC = NO;
				GCC_NO_COMMON_BLOCKS = YES;
				GCC_OPTIMIZATION_LEVEL = 0;
				GCC_PREPROCESSOR_DEFINITIONS = (
					"DEBUG=1",
					"$(inherited)",
				);
				GCC_WARN_64_TO_32_BIT_CONVERSION = YES;
				GCC_WARN_ABOUT_RETURN_TYPE = YES_ERROR;
				GCC_WARN_UNDECLARED_SELECTOR = YES;
				GCC_WARN_UNINITIALIZED_AUTOS = YES_AGGRESSIVE;
				GCC_WARN_UNUSED_FUNCTION = YES;
				GCC_WARN_UNUSED_VARIABLE = YES;
				IPHONEOS_DEPLOYMENT_TARGET = 13.1;
				MTL_ENABLE_DEBUG_INFO = INCLUDE_SOURCE;
				MTL_FAST_MATH = YES;
				ONLY_ACTIVE_ARCH = YES;
				SDKROOT = iphoneos;
				VERSIONING_SYSTEM = "apple-generic";
				VERSION_INFO_PREFIX = "";
			};
			name = Debug;
		};
		EECDFEC6236AE0F8002E9C98 /* Release */ = {
			isa = XCBuildConfiguration;
			buildSettings = {
				ALWAYS_SEARCH_USER_PATHS = NO;
				CLANG_ANALYZER_NONNULL = YES;
				CLANG_ANALYZER_NUMBER_OBJECT_CONVERSION = YES_AGGRESSIVE;
				CLANG_CXX_LANGUAGE_STANDARD = "gnu++14";
				CLANG_CXX_LIBRARY = "libc++";
				CLANG_ENABLE_MODULES = YES;
				CLANG_ENABLE_OBJC_ARC = YES;
				CLANG_ENABLE_OBJC_WEAK = YES;
				CLANG_WARN_BLOCK_CAPTURE_AUTORELEASING = YES;
				CLANG_WARN_BOOL_CONVERSION = YES;
				CLANG_WARN_COMMA = YES;
				CLANG_WARN_CONSTANT_CONVERSION = YES;
				CLANG_WARN_DEPRECATED_OBJC_IMPLEMENTATIONS = YES;
				CLANG_WARN_DIRECT_OBJC_ISA_USAGE = YES_ERROR;
				CLANG_WARN_DOCUMENTATION_COMMENTS = YES;
				CLANG_WARN_EMPTY_BODY = YES;
				CLANG_WARN_ENUM_CONVERSION = YES;
				CLANG_WARN_INFINITE_RECURSION = YES;
				CLANG_WARN_INT_CONVERSION = YES;
				CLANG_WARN_NON_LITERAL_NULL_CONVERSION = YES;
				CLANG_WARN_OBJC_IMPLICIT_RETAIN_SELF = YES;
				CLANG_WARN_OBJC_LITERAL_CONVERSION = YES;
				CLANG_WARN_OBJC_ROOT_CLASS = YES_ERROR;
				CLANG_WARN_RANGE_LOOP_ANALYSIS = YES;
				CLANG_WARN_STRICT_PROTOTYPES = YES;
				CLANG_WARN_SUSPICIOUS_MOVE = YES;
				CLANG_WARN_UNGUARDED_AVAILABILITY = YES_AGGRESSIVE;
				CLANG_WARN_UNREACHABLE_CODE = YES;
				CLANG_WARN__DUPLICATE_METHOD_MATCH = YES;
				COPY_PHASE_STRIP = NO;
				CURRENT_PROJECT_VERSION = 1;
				DEBUG_INFORMATION_FORMAT = "dwarf-with-dsym";
				ENABLE_NS_ASSERTIONS = NO;
				ENABLE_STRICT_OBJC_MSGSEND = YES;
				GCC_C_LANGUAGE_STANDARD = gnu11;
				GCC_NO_COMMON_BLOCKS = YES;
				GCC_WARN_64_TO_32_BIT_CONVERSION = YES;
				GCC_WARN_ABOUT_RETURN_TYPE = YES_ERROR;
				GCC_WARN_UNDECLARED_SELECTOR = YES;
				GCC_WARN_UNINITIALIZED_AUTOS = YES_AGGRESSIVE;
				GCC_WARN_UNUSED_FUNCTION = YES;
				GCC_WARN_UNUSED_VARIABLE = YES;
				IPHONEOS_DEPLOYMENT_TARGET = 13.1;
				MTL_ENABLE_DEBUG_INFO = NO;
				MTL_FAST_MATH = YES;
				SDKROOT = iphoneos;
				VALIDATE_PRODUCT = YES;
				VERSIONING_SYSTEM = "apple-generic";
				VERSION_INFO_PREFIX = "";
			};
			name = Release;
		};
		EECDFEC8236AE0F8002E9C98 /* Debug */ = {
			isa = XCBuildConfiguration;
			buildSettings = {
				CODE_SIGN_STYLE = Automatic;
				DEFINES_MODULE = YES;
				DEVELOPMENT_TEAM = ZPRFW6HFT6;
				DYLIB_COMPATIBILITY_VERSION = 1;
				DYLIB_CURRENT_VERSION = 1;
				DYLIB_INSTALL_NAME_BASE = "@rpath";
				ENABLE_STRICT_OBJC_MSGSEND = NO;
				HEADER_SEARCH_PATHS = "\"$(SRCROOT)/../../../NHAVKit2/Library/FFmpeg/include\"";
				INFOPLIST_FILE = NHFFmpegDecoder/Info.plist;
				INSTALL_PATH = "$(LOCAL_LIBRARY_DIR)/Frameworks";
				IPHONEOS_DEPLOYMENT_TARGET = 8.0;
				LD_RUNPATH_SEARCH_PATHS = (
					"$(inherited)",
					"@executable_path/Frameworks",
					"@loader_path/Frameworks",
				);
				LIBRARY_SEARCH_PATHS = "\"$(SRCROOT)/../../../NHAVKit2/Library/FFmpeg/lib\"";
				PRODUCT_BUNDLE_IDENTIFIER = com.nenhall.studio.NHFFmpegDecoder;
				PRODUCT_NAME = "$(TARGET_NAME:c99extidentifier)";
				SKIP_INSTALL = YES;
				TARGETED_DEVICE_FAMILY = "1,2";
			};
			name = Debug;
		};
		EECDFEC9236AE0F8002E9C98 /* Release */ = {
			isa = XCBuildConfiguration;
			buildSettings = {
				CODE_SIGN_STYLE = Automatic;
				DEFINES_MODULE = YES;
				DEVELOPMENT_TEAM = ZPRFW6HFT6;
				DYLIB_COMPATIBILITY_VERSION = 1;
				DYLIB_CURRENT_VERSION = 1;
				DYLIB_INSTALL_NAME_BASE = "@rpath";
				ENABLE_STRICT_OBJC_MSGSEND = NO;
				HEADER_SEARCH_PATHS = "\"$(SRCROOT)/../../../NHAVKit2/Library/FFmpeg/include\"";
				INFOPLIST_FILE = NHFFmpegDecoder/Info.plist;
				INSTALL_PATH = "$(LOCAL_LIBRARY_DIR)/Frameworks";
				IPHONEOS_DEPLOYMENT_TARGET = 8.0;
				LD_RUNPATH_SEARCH_PATHS = (
					"$(inherited)",
					"@executable_path/Frameworks",
					"@loader_path/Frameworks",
				);
				LIBRARY_SEARCH_PATHS = "\"$(SRCROOT)/../../../NHAVKit2/Library/FFmpeg/lib\"";
				PRODUCT_BUNDLE_IDENTIFIER = com.nenhall.studio.NHFFmpegDecoder;
				PRODUCT_NAME = "$(TARGET_NAME:c99extidentifier)";
				SKIP_INSTALL = YES;
				TARGETED_DEVICE_FAMILY = "1,2";
			};
			name = Release;
		};
/* End XCBuildConfiguration section */

/* Begin XCConfigurationList section */
		EECDFEB9236AE0F8002E9C98 /* Build configuration list for PBXProject "NHFFmpegDecoder" */ = {
			isa = XCConfigurationList;
			buildConfigurations = (
				EECDFEC5236AE0F8002E9C98 /* Debug */,
				EECDFEC6236AE0F8002E9C98 /* Release */,
			);
			defaultConfigurationIsVisible = 0;
			defaultConfigurationName = Release;
		};
		EECDFEC7236AE0F8002E9C98 /* Build configuration list for PBXNativeTarget "NHFFmpegDecoder" */ = {
			isa = XCConfigurationList;
			buildConfigurations = (
				EECDFEC8236AE0F8002E9C98 /* Debug */,
				EECDFEC9236AE0F8002E9C98 /* Release */,
			);
			defaultConfigurationIsVisible = 0;
			defaultConfigurationName = Release;
		};
/* End XCConfigurationList section */
	};
	rootObject = EECDFEB6236AE0F8002E9C98 /* Project object */;
}
