// !$*UTF8*$!
{
	archiveVersion = 1;
	classes = {
	};
	objectVersion = 50;
	objects = {

/* Begin PBXBuildFile section */
		EECD0064236AE2F3002E9C98 /* version.h in Headers */ = {isa = PBXBuildFile; fileRef = EECDFFE3236AE2F2002E9C98 /* version.h */; };
		EECD0065236AE2F3002E9C98 /* postprocess.h in Headers */ = {isa = PBXBuildFile; fileRef = EECDFFE4236AE2F2002E9C98 /* postprocess.h */; };
		EECD0066236AE2F3002E9C98 /* version.h in Headers */ = {isa = PBXBuildFile; fileRef = EECDFFE6236AE2F2002E9C98 /* version.h */; };
		EECD0067236AE2F3002E9C98 /* buffersrc.h in Headers */ = {isa = PBXBuildFile; fileRef = EECDFFE7236AE2F2002E9C98 /* buffersrc.h */; };
		EECD0068236AE2F3002E9C98 /* buffersink.h in Headers */ = {isa = PBXBuildFile; fileRef = EECDFFE8236AE2F2002E9C98 /* buffersink.h */; };
		EECD0069236AE2F3002E9C98 /* avfilter.h in Headers */ = {isa = PBXBuildFile; fileRef = EECDFFE9236AE2F2002E9C98 /* avfilter.h */; };
		EECD006A236AE2F3002E9C98 /* avfiltergraph.h in Headers */ = {isa = PBXBuildFile; fileRef = EECDFFEA236AE2F2002E9C98 /* avfiltergraph.h */; };
		EECD006B236AE2F3002E9C98 /* hwcontext.h in Headers */ = {isa = PBXBuildFile; fileRef = EECDFFEC236AE2F2002E9C98 /* hwcontext.h */; };
		EECD006C236AE2F3002E9C98 /* time.h in Headers */ = {isa = PBXBuildFile; fileRef = EECDFFED236AE2F2002E9C98 /* time.h */; };
		EECD006D236AE2F3002E9C98 /* hwcontext_cuda.h in Headers */ = {isa = PBXBuildFile; fileRef = EECDFFEE236AE2F2002E9C98 /* hwcontext_cuda.h */; };
		EECD006E236AE2F3002E9C98 /* intfloat.h in Headers */ = {isa = PBXBuildFile; fileRef = EECDFFEF236AE2F2002E9C98 /* intfloat.h */; };
		EECD006F236AE2F3002E9C98 /* error.h in Headers */ = {isa = PBXBuildFile; fileRef = EECDFFF0236AE2F2002E9C98 /* error.h */; };
		EECD0070236AE2F3002E9C98 /* fifo.h in Headers */ = {isa = PBXBuildFile; fileRef = EECDFFF1236AE2F2002E9C98 /* fifo.h */; };
		EECD0071236AE2F3002E9C98 /* blowfish.h in Headers */ = {isa = PBXBuildFile; fileRef = EECDFFF2236AE2F2002E9C98 /* blowfish.h */; };
		EECD0072236AE2F3002E9C98 /* replaygain.h in Headers */ = {isa = PBXBuildFile; fileRef = EECDFFF3236AE2F2002E9C98 /* replaygain.h */; };
		EECD0073236AE2F3002E9C98 /* version.h in Headers */ = {isa = PBXBuildFile; fileRef = EECDFFF4236AE2F2002E9C98 /* version.h */; };
		EECD0074236AE2F3002E9C98 /* murmur3.h in Headers */ = {isa = PBXBuildFile; fileRef = EECDFFF5236AE2F2002E9C98 /* murmur3.h */; };
		EECD0075236AE2F3002E9C98 /* stereo3d.h in Headers */ = {isa = PBXBuildFile; fileRef = EECDFFF6236AE2F2002E9C98 /* stereo3d.h */; };
		EECD0076236AE2F3002E9C98 /* samplefmt.h in Headers */ = {isa = PBXBuildFile; fileRef = EECDFFF7236AE2F2002E9C98 /* samplefmt.h */; };
		EECD0077236AE2F3002E9C98 /* pixdesc.h in Headers */ = {isa = PBXBuildFile; fileRef = EECDFFF8236AE2F2002E9C98 /* pixdesc.h */; };
		EECD0078236AE2F3002E9C98 /* base64.h in Headers */ = {isa = PBXBuildFile; fileRef = EECDFFF9236AE2F2002E9C98 /* base64.h */; };
		EECD0079236AE2F3002E9C98 /* rational.h in Headers */ = {isa = PBXBuildFile; fileRef = EECDFFFA236AE2F2002E9C98 /* rational.h */; };
		EECD007A236AE2F3002E9C98 /* sha.h in Headers */ = {isa = PBXBuildFile; fileRef = EECDFFFB236AE2F2002E9C98 /* sha.h */; };
		EECD007B236AE2F3002E9C98 /* motion_vector.h in Headers */ = {isa = PBXBuildFile; fileRef = EECDFFFC236AE2F2002E9C98 /* motion_vector.h */; };
		EECD007C236AE2F3002E9C98 /* avconfig.h in Headers */ = {isa = PBXBuildFile; fileRef = EECDFFFD236AE2F2002E9C98 /* avconfig.h */; };
		EECD007D236AE2F3002E9C98 /* lfg.h in Headers */ = {isa = PBXBuildFile; fileRef = EECDFFFE236AE2F2002E9C98 /* lfg.h */; };
		EECD007E236AE2F3002E9C98 /* avutil.h in Headers */ = {isa = PBXBuildFile; fileRef = EECDFFFF236AE2F2002E9C98 /* avutil.h */; };
		EECD007F236AE2F3002E9C98 /* xtea.h in Headers */ = {isa = PBXBuildFile; fileRef = EECD0000236AE2F2002E9C98 /* xtea.h */; };
		EECD0080236AE2F3002E9C98 /* crc.h in Headers */ = {isa = PBXBuildFile; fileRef = EECD0001236AE2F2002E9C98 /* crc.h */; };
		EECD0081236AE2F3002E9C98 /* hwcontext_vdpau.h in Headers */ = {isa = PBXBuildFile; fileRef = EECD0002236AE2F2002E9C98 /* hwcontext_vdpau.h */; };
		EECD0082236AE2F3002E9C98 /* frame.h in Headers */ = {isa = PBXBuildFile; fileRef = EECD0003236AE2F2002E9C98 /* frame.h */; };
		EECD0083236AE2F3002E9C98 /* file.h in Headers */ = {isa = PBXBuildFile; fileRef = EECD0004236AE2F2002E9C98 /* file.h */; };
		EECD0084236AE2F3002E9C98 /* md5.h in Headers */ = {isa = PBXBuildFile; fileRef = EECD0005236AE2F2002E9C98 /* md5.h */; };
		EECD0085236AE2F3002E9C98 /* cast5.h in Headers */ = {isa = PBXBuildFile; fileRef = EECD0006236AE2F2002E9C98 /* cast5.h */; };
		EECD0086236AE2F3002E9C98 /* hwcontext_vaapi.h in Headers */ = {isa = PBXBuildFile; fileRef = EECD0007236AE2F2002E9C98 /* hwcontext_vaapi.h */; };
		EECD0087236AE2F3002E9C98 /* spherical.h in Headers */ = {isa = PBXBuildFile; fileRef = EECD0008236AE2F2002E9C98 /* spherical.h */; };
		EECD0088236AE2F3002E9C98 /* ffversion.h in Headers */ = {isa = PBXBuildFile; fileRef = EECD0009236AE2F2002E9C98 /* ffversion.h */; };
		EECD0089236AE2F3002E9C98 /* audio_fifo.h in Headers */ = {isa = PBXBuildFile; fileRef = EECD000A236AE2F2002E9C98 /* audio_fifo.h */; };
		EECD008A236AE2F3002E9C98 /* tree.h in Headers */ = {isa = PBXBuildFile; fileRef = EECD000B236AE2F2002E9C98 /* tree.h */; };
		EECD008B236AE2F3002E9C98 /* threadmessage.h in Headers */ = {isa = PBXBuildFile; fileRef = EECD000C236AE2F2002E9C98 /* threadmessage.h */; };
		EECD008C236AE2F3002E9C98 /* attributes.h in Headers */ = {isa = PBXBuildFile; fileRef = EECD000D236AE2F2002E9C98 /* attributes.h */; };
		EECD008D236AE2F3002E9C98 /* adler32.h in Headers */ = {isa = PBXBuildFile; fileRef = EECD000E236AE2F2002E9C98 /* adler32.h */; };
		EECD008E236AE2F3002E9C98 /* hwcontext_d3d11va.h in Headers */ = {isa = PBXBuildFile; fileRef = EECD000F236AE2F2002E9C98 /* hwcontext_d3d11va.h */; };
		EECD008F236AE2F3002E9C98 /* timecode.h in Headers */ = {isa = PBXBuildFile; fileRef = EECD0010236AE2F2002E9C98 /* timecode.h */; };
		EECD0090236AE2F3002E9C98 /* sha512.h in Headers */ = {isa = PBXBuildFile; fileRef = EECD0011236AE2F2002E9C98 /* sha512.h */; };
		EECD0091236AE2F3002E9C98 /* hwcontext_dxva2.h in Headers */ = {isa = PBXBuildFile; fileRef = EECD0012236AE2F2002E9C98 /* hwcontext_dxva2.h */; };
		EECD0092236AE2F3002E9C98 /* display.h in Headers */ = {isa = PBXBuildFile; fileRef = EECD0013236AE2F2002E9C98 /* display.h */; };
		EECD0093236AE2F3002E9C98 /* buffer.h in Headers */ = {isa = PBXBuildFile; fileRef = EECD0014236AE2F2002E9C98 /* buffer.h */; };
		EECD0094236AE2F3002E9C98 /* camellia.h in Headers */ = {isa = PBXBuildFile; fileRef = EECD0015236AE2F2002E9C98 /* camellia.h */; };
		EECD0095236AE2F3002E9C98 /* pixelutils.h in Headers */ = {isa = PBXBuildFile; fileRef = EECD0016236AE2F2002E9C98 /* pixelutils.h */; };
		EECD0096236AE2F3002E9C98 /* hwcontext_drm.h in Headers */ = {isa = PBXBuildFile; fileRef = EECD0017236AE2F2002E9C98 /* hwcontext_drm.h */; };
		EECD0097236AE2F3002E9C98 /* common.h in Headers */ = {isa = PBXBuildFile; fileRef = EECD0018236AE2F2002E9C98 /* common.h */; };
		EECD0098236AE2F3002E9C98 /* hmac.h in Headers */ = {isa = PBXBuildFile; fileRef = EECD0019236AE2F2002E9C98 /* hmac.h */; };
		EECD0099236AE2F3002E9C98 /* eval.h in Headers */ = {isa = PBXBuildFile; fileRef = EECD001A236AE2F2002E9C98 /* eval.h */; };
		EECD009A236AE2F3002E9C98 /* dict.h in Headers */ = {isa = PBXBuildFile; fileRef = EECD001B236AE2F2002E9C98 /* dict.h */; };
		EECD009B236AE2F3002E9C98 /* random_seed.h in Headers */ = {isa = PBXBuildFile; fileRef = EECD001C236AE2F2002E9C98 /* random_seed.h */; };
		EECD009C236AE2F3002E9C98 /* opt.h in Headers */ = {isa = PBXBuildFile; fileRef = EECD001D236AE2F2002E9C98 /* opt.h */; };
		EECD009D236AE2F3002E9C98 /* mastering_display_metadata.h in Headers */ = {isa = PBXBuildFile; fileRef = EECD001E236AE2F2002E9C98 /* mastering_display_metadata.h */; };
		EECD009E236AE2F3002E9C98 /* log.h in Headers */ = {isa = PBXBuildFile; fileRef = EECD001F236AE2F2002E9C98 /* log.h */; };
		EECD009F236AE2F3002E9C98 /* aes.h in Headers */ = {isa = PBXBuildFile; fileRef = EECD0020236AE2F2002E9C98 /* aes.h */; };
		EECD00A0236AE2F3002E9C98 /* macros.h in Headers */ = {isa = PBXBuildFile; fileRef = EECD0021236AE2F2002E9C98 /* macros.h */; };
		EECD00A1236AE2F3002E9C98 /* bswap.h in Headers */ = {isa = PBXBuildFile; fileRef = EECD0022236AE2F2002E9C98 /* bswap.h */; };
		EECD00A2236AE2F3002E9C98 /* rc4.h in Headers */ = {isa = PBXBuildFile; fileRef = EECD0023236AE2F2002E9C98 /* rc4.h */; };
		EECD00A3236AE2F3002E9C98 /* tea.h in Headers */ = {isa = PBXBuildFile; fileRef = EECD0024236AE2F2002E9C98 /* tea.h */; };
		EECD00A4236AE2F3002E9C98 /* cpu.h in Headers */ = {isa = PBXBuildFile; fileRef = EECD0025236AE2F2002E9C98 /* cpu.h */; };
		EECD00A5236AE2F3002E9C98 /* lzo.h in Headers */ = {isa = PBXBuildFile; fileRef = EECD0026236AE2F2002E9C98 /* lzo.h */; };
		EECD00A6236AE2F3002E9C98 /* des.h in Headers */ = {isa = PBXBuildFile; fileRef = EECD0027236AE2F2002E9C98 /* des.h */; };
		EECD00A7236AE2F3002E9C98 /* channel_layout.h in Headers */ = {isa = PBXBuildFile; fileRef = EECD0028236AE2F2002E9C98 /* channel_layout.h */; };
		EECD00A8236AE2F3002E9C98 /* twofish.h in Headers */ = {isa = PBXBuildFile; fileRef = EECD0029236AE2F2002E9C98 /* twofish.h */; };
		EECD00A9236AE2F3002E9C98 /* imgutils.h in Headers */ = {isa = PBXBuildFile; fileRef = EECD002A236AE2F2002E9C98 /* imgutils.h */; };
		EECD00AA236AE2F3002E9C98 /* hwcontext_videotoolbox.h in Headers */ = {isa = PBXBuildFile; fileRef = EECD002B236AE2F2002E9C98 /* hwcontext_videotoolbox.h */; };
		EECD00AB236AE2F3002E9C98 /* mem.h in Headers */ = {isa = PBXBuildFile; fileRef = EECD002C236AE2F2002E9C98 /* mem.h */; };
		EECD00AC236AE2F3002E9C98 /* parseutils.h in Headers */ = {isa = PBXBuildFile; fileRef = EECD002D236AE2F2002E9C98 /* parseutils.h */; };
		EECD00AD236AE2F3002E9C98 /* ripemd.h in Headers */ = {isa = PBXBuildFile; fileRef = EECD002E236AE2F2002E9C98 /* ripemd.h */; };
		EECD00AE236AE2F3002E9C98 /* bprint.h in Headers */ = {isa = PBXBuildFile; fileRef = EECD002F236AE2F2002E9C98 /* bprint.h */; };
		EECD00AF236AE2F3002E9C98 /* hwcontext_qsv.h in Headers */ = {isa = PBXBuildFile; fileRef = EECD0030236AE2F2002E9C98 /* hwcontext_qsv.h */; };
		EECD00B0236AE2F3002E9C98 /* pixfmt.h in Headers */ = {isa = PBXBuildFile; fileRef = EECD0031236AE2F2002E9C98 /* pixfmt.h */; };
		EECD00B1236AE2F3002E9C98 /* aes_ctr.h in Headers */ = {isa = PBXBuildFile; fileRef = EECD0032236AE2F2002E9C98 /* aes_ctr.h */; };
		EECD00B2236AE2F3002E9C98 /* timestamp.h in Headers */ = {isa = PBXBuildFile; fileRef = EECD0033236AE2F2002E9C98 /* timestamp.h */; };
		EECD00B3236AE2F3002E9C98 /* downmix_info.h in Headers */ = {isa = PBXBuildFile; fileRef = EECD0034236AE2F2002E9C98 /* downmix_info.h */; };
		EECD00B4236AE2F3002E9C98 /* avassert.h in Headers */ = {isa = PBXBuildFile; fileRef = EECD0035236AE2F2002E9C98 /* avassert.h */; };
		EECD00B5236AE2F3002E9C98 /* hash.h in Headers */ = {isa = PBXBuildFile; fileRef = EECD0036236AE2F2002E9C98 /* hash.h */; };
		EECD00B6236AE2F3002E9C98 /* mathematics.h in Headers */ = {isa = PBXBuildFile; fileRef = EECD0037236AE2F2002E9C98 /* mathematics.h */; };
		EECD00B7236AE2F3002E9C98 /* intreadwrite.h in Headers */ = {isa = PBXBuildFile; fileRef = EECD0038236AE2F2002E9C98 /* intreadwrite.h */; };
		EECD00B8236AE2F3002E9C98 /* avstring.h in Headers */ = {isa = PBXBuildFile; fileRef = EECD0039236AE2F2002E9C98 /* avstring.h */; };
		EECD00B9236AE2F3002E9C98 /* version.h in Headers */ = {isa = PBXBuildFile; fileRef = EECD003B236AE2F2002E9C98 /* version.h */; };
		EECD00BA236AE2F3002E9C98 /* avdevice.h in Headers */ = {isa = PBXBuildFile; fileRef = EECD003C236AE2F2002E9C98 /* avdevice.h */; };
		EECD00BB236AE2F3002E9C98 /* version.h in Headers */ = {isa = PBXBuildFile; fileRef = EECD003E236AE2F2002E9C98 /* version.h */; };
		EECD00BC236AE2F3002E9C98 /* avio.h in Headers */ = {isa = PBXBuildFile; fileRef = EECD003F236AE2F2002E9C98 /* avio.h */; };
		EECD00BD236AE2F3002E9C98 /* avformat.h in Headers */ = {isa = PBXBuildFile; fileRef = EECD0040236AE2F2002E9C98 /* avformat.h */; };
		EECD00BE236AE2F3002E9C98 /* version.h in Headers */ = {isa = PBXBuildFile; fileRef = EECD0042236AE2F2002E9C98 /* version.h */; };
		EECD00BF236AE2F3002E9C98 /* swscale.h in Headers */ = {isa = PBXBuildFile; fileRef = EECD0043236AE2F2002E9C98 /* swscale.h */; };
		EECD00C0236AE2F3002E9C98 /* avcodec.h in Headers */ = {isa = PBXBuildFile; fileRef = EECD0045236AE2F2002E9C98 /* avcodec.h */; };
		EECD00C1236AE2F3002E9C98 /* version.h in Headers */ = {isa = PBXBuildFile; fileRef = EECD0046236AE2F2002E9C98 /* version.h */; };
		EECD00C2236AE2F3002E9C98 /* vdpau.h in Headers */ = {isa = PBXBuildFile; fileRef = EECD0047236AE2F2002E9C98 /* vdpau.h */; };
		EECD00C3236AE2F3002E9C98 /* qsv.h in Headers */ = {isa = PBXBuildFile; fileRef = EECD0048236AE2F2002E9C98 /* qsv.h */; };
		EECD00C4236AE2F3002E9C98 /* vaapi.h in Headers */ = {isa = PBXBuildFile; fileRef = EECD0049236AE2F2002E9C98 /* vaapi.h */; };
		EECD00C5236AE2F3002E9C98 /* videotoolbox.h in Headers */ = {isa = PBXBuildFile; fileRef = EECD004A236AE2F2002E9C98 /* videotoolbox.h */; };
		EECD00C6236AE2F3002E9C98 /* xvmc.h in Headers */ = {isa = PBXBuildFile; fileRef = EECD004B236AE2F2002E9C98 /* xvmc.h */; };
		EECD00C7236AE2F3002E9C98 /* mediacodec.h in Headers */ = {isa = PBXBuildFile; fileRef = EECD004C236AE2F2002E9C98 /* mediacodec.h */; };
		EECD00C8236AE2F3002E9C98 /* d3d11va.h in Headers */ = {isa = PBXBuildFile; fileRef = EECD004D236AE2F2002E9C98 /* d3d11va.h */; };
		EECD00C9236AE2F3002E9C98 /* avfft.h in Headers */ = {isa = PBXBuildFile; fileRef = EECD004E236AE2F3002E9C98 /* avfft.h */; };
		EECD00CA236AE2F3002E9C98 /* vda.h in Headers */ = {isa = PBXBuildFile; fileRef = EECD004F236AE2F3002E9C98 /* vda.h */; };
		EECD00CB236AE2F3002E9C98 /* jni.h in Headers */ = {isa = PBXBuildFile; fileRef = EECD0050236AE2F3002E9C98 /* jni.h */; };
		EECD00CC236AE2F3002E9C98 /* dirac.h in Headers */ = {isa = PBXBuildFile; fileRef = EECD0051236AE2F3002E9C98 /* dirac.h */; };
		EECD00CD236AE2F3002E9C98 /* avdct.h in Headers */ = {isa = PBXBuildFile; fileRef = EECD0052236AE2F3002E9C98 /* avdct.h */; };
		EECD00CE236AE2F3002E9C98 /* vorbis_parser.h in Headers */ = {isa = PBXBuildFile; fileRef = EECD0053236AE2F3002E9C98 /* vorbis_parser.h */; };
		EECD00CF236AE2F3002E9C98 /* dxva2.h in Headers */ = {isa = PBXBuildFile; fileRef = EECD0054236AE2F3002E9C98 /* dxva2.h */; };
		EECD00D0236AE2F3002E9C98 /* dv_profile.h in Headers */ = {isa = PBXBuildFile; fileRef = EECD0055236AE2F3002E9C98 /* dv_profile.h */; };
		EECD00D1236AE2F3002E9C98 /* version.h in Headers */ = {isa = PBXBuildFile; fileRef = EECD0057236AE2F3002E9C98 /* version.h */; };
		EECD00D2236AE2F3002E9C98 /* swresample.h in Headers */ = {isa = PBXBuildFile; fileRef = EECD0058236AE2F3002E9C98 /* swresample.h */; };
		EECD00D3236AE2F3002E9C98 /* libavutil.a in Frameworks */ = {isa = PBXBuildFile; fileRef = EECD005A236AE2F3002E9C98 /* libavutil.a */; };
		EECD00D4236AE2F3002E9C98 /* libavfilter.a in Frameworks */ = {isa = PBXBuildFile; fileRef = EECD005B236AE2F3002E9C98 /* libavfilter.a */; };
		EECD00D5236AE2F3002E9C98 /* libavcodec.a in Frameworks */ = {isa = PBXBuildFile; fileRef = EECD005C236AE2F3002E9C98 /* libavcodec.a */; };
		EECD00D6236AE2F3002E9C98 /* libpostproc.a in Frameworks */ = {isa = PBXBuildFile; fileRef = EECD005D236AE2F3002E9C98 /* libpostproc.a */; };
		EECD00D7236AE2F3002E9C98 /* libavformat.a in Frameworks */ = {isa = PBXBuildFile; fileRef = EECD005E236AE2F3002E9C98 /* libavformat.a */; };
		EECD00D8236AE2F3002E9C98 /* libavdevice.a in Frameworks */ = {isa = PBXBuildFile; fileRef = EECD005F236AE2F3002E9C98 /* libavdevice.a */; };
		EECD00D9236AE2F3002E9C98 /* libswresample.a in Frameworks */ = {isa = PBXBuildFile; fileRef = EECD0060236AE2F3002E9C98 /* libswresample.a */; };
		EECD00DA236AE2F3002E9C98 /* libfaac.a in Frameworks */ = {isa = PBXBuildFile; fileRef = EECD0061236AE2F3002E9C98 /* libfaac.a */; };
		EECD00DB236AE2F3002E9C98 /* libswscale.a in Frameworks */ = {isa = PBXBuildFile; fileRef = EECD0062236AE2F3002E9C98 /* libswscale.a */; };
		EECD00DC236AE2F3002E9C98 /* libx264.a in Frameworks */ = {isa = PBXBuildFile; fileRef = EECD0063236AE2F3002E9C98 /* libx264.a */; };
		EECD010B236AE86F002E9C98 /* NHCaptureSessionProtocol.h in Headers */ = {isa = PBXBuildFile; fileRef = EECD010A236AE86F002E9C98 /* NHCaptureSessionProtocol.h */; };
		EECD010E236AE8D2002E9C98 /* NHVideoConfiguration.m in Sources */ = {isa = PBXBuildFile; fileRef = EECD010C236AE8D2002E9C98 /* NHVideoConfiguration.m */; };
		EECD010F236AE8D2002E9C98 /* NHVideoConfiguration.h in Headers */ = {isa = PBXBuildFile; fileRef = EECD010D236AE8D2002E9C98 /* NHVideoConfiguration.h */; };
		EECD0112236AE948002E9C98 /* VideoToolbox.framework in Frameworks */ = {isa = PBXBuildFile; fileRef = EECD0111236AE948002E9C98 /* VideoToolbox.framework */; };
		EECD0114236AE94C002E9C98 /* AudioToolbox.framework in Frameworks */ = {isa = PBXBuildFile; fileRef = EECD0113236AE94C002E9C98 /* AudioToolbox.framework */; };
		EECD0116236AE952002E9C98 /* libz.tbd in Frameworks */ = {isa = PBXBuildFile; fileRef = EECD0115236AE952002E9C98 /* libz.tbd */; };
		EECD0118236AE956002E9C98 /* libbz2.tbd in Frameworks */ = {isa = PBXBuildFile; fileRef = EECD0117236AE956002E9C98 /* libbz2.tbd */; };
		EECD011A236AE96B002E9C98 /* libiconv.tbd in Frameworks */ = {isa = PBXBuildFile; fileRef = EECD0119236AE96B002E9C98 /* libiconv.tbd */; };
		EECDFEAF236AE0CB002E9C98 /* Encoder.h in Headers */ = {isa = PBXBuildFile; fileRef = EECDFEAD236AE0CB002E9C98 /* Encoder.h */; settings = {ATTRIBUTES = (Public, ); }; };
		EECDFEDA236AE2B6002E9C98 /* NHFFmpegSession.m in Sources */ = {isa = PBXBuildFile; fileRef = EECDFED0236AE2B6002E9C98 /* NHFFmpegSession.m */; };
		EECDFEDB236AE2B6002E9C98 /* NHFFmpegSession.h in Headers */ = {isa = PBXBuildFile; fileRef = EECDFED1236AE2B6002E9C98 /* NHFFmpegSession.h */; settings = {ATTRIBUTES = (Public, ); }; };
		EECDFEDC236AE2B6002E9C98 /* NHWriteH264Stream.h in Headers */ = {isa = PBXBuildFile; fileRef = EECDFED3236AE2B6002E9C98 /* NHWriteH264Stream.h */; };
		EECDFEDD236AE2B6002E9C98 /* NHX264OutputProtocol.h in Headers */ = {isa = PBXBuildFile; fileRef = EECDFED4236AE2B6002E9C98 /* NHX264OutputProtocol.h */; };
		EECDFEDE236AE2B6002E9C98 /* NHX264Manager.m in Sources */ = {isa = PBXBuildFile; fileRef = EECDFED5236AE2B6002E9C98 /* NHX264Manager.m */; };
		EECDFEDF236AE2B6002E9C98 /* NHH264Encoder.h in Headers */ = {isa = PBXBuildFile; fileRef = EECDFED6236AE2B6002E9C98 /* NHH264Encoder.h */; };
		EECDFEE0236AE2B6002E9C98 /* NHWriteH264Stream.m in Sources */ = {isa = PBXBuildFile; fileRef = EECDFED7236AE2B6002E9C98 /* NHWriteH264Stream.m */; };
		EECDFEE1236AE2B6002E9C98 /* NHX264Manager.h in Headers */ = {isa = PBXBuildFile; fileRef = EECDFED8236AE2B6002E9C98 /* NHX264Manager.h */; settings = {ATTRIBUTES = (Public, ); }; };
		EECDFEE2236AE2B6002E9C98 /* NHH264Encoder.m in Sources */ = {isa = PBXBuildFile; fileRef = EECDFED9236AE2B6002E9C98 /* NHH264Encoder.m */; };
/* End PBXBuildFile section */

/* Begin PBXFileReference section */
		EECD0000236AE2F2002E9C98 /* xtea.h */ = {isa = PBXFileReference; fileEncoding = 4; lastKnownFileType = sourcecode.c.h; path = xtea.h; sourceTree = "<group>"; };
		EECD0001236AE2F2002E9C98 /* crc.h */ = {isa = PBXFileReference; fileEncoding = 4; lastKnownFileType = sourcecode.c.h; path = crc.h; sourceTree = "<group>"; };
		EECD0002236AE2F2002E9C98 /* hwcontext_vdpau.h */ = {isa = PBXFileReference; fileEncoding = 4; lastKnownFileType = sourcecode.c.h; path = hwcontext_vdpau.h; sourceTree = "<group>"; };
		EECD0003236AE2F2002E9C98 /* frame.h */ = {isa = PBXFileReference; fileEncoding = 4; lastKnownFileType = sourcecode.c.h; path = frame.h; sourceTree = "<group>"; };
		EECD0004236AE2F2002E9C98 /* file.h */ = {isa = PBXFileReference; fileEncoding = 4; lastKnownFileType = sourcecode.c.h; path = file.h; sourceTree = "<group>"; };
		EECD0005236AE2F2002E9C98 /* md5.h */ = {isa = PBXFileReference; fileEncoding = 4; lastKnownFileType = sourcecode.c.h; path = md5.h; sourceTree = "<group>"; };
		EECD0006236AE2F2002E9C98 /* cast5.h */ = {isa = PBXFileReference; fileEncoding = 4; lastKnownFileType = sourcecode.c.h; path = cast5.h; sourceTree = "<group>"; };
		EECD0007236AE2F2002E9C98 /* hwcontext_vaapi.h */ = {isa = PBXFileReference; fileEncoding = 4; lastKnownFileType = sourcecode.c.h; path = hwcontext_vaapi.h; sourceTree = "<group>"; };
		EECD0008236AE2F2002E9C98 /* spherical.h */ = {isa = PBXFileReference; fileEncoding = 4; lastKnownFileType = sourcecode.c.h; path = spherical.h; sourceTree = "<group>"; };
		EECD0009236AE2F2002E9C98 /* ffversion.h */ = {isa = PBXFileReference; fileEncoding = 4; lastKnownFileType = sourcecode.c.h; path = ffversion.h; sourceTree = "<group>"; };
		EECD000A236AE2F2002E9C98 /* audio_fifo.h */ = {isa = PBXFileReference; fileEncoding = 4; lastKnownFileType = sourcecode.c.h; path = audio_fifo.h; sourceTree = "<group>"; };
		EECD000B236AE2F2002E9C98 /* tree.h */ = {isa = PBXFileReference; fileEncoding = 4; lastKnownFileType = sourcecode.c.h; path = tree.h; sourceTree = "<group>"; };
		EECD000C236AE2F2002E9C98 /* threadmessage.h */ = {isa = PBXFileReference; fileEncoding = 4; lastKnownFileType = sourcecode.c.h; path = threadmessage.h; sourceTree = "<group>"; };
		EECD000D236AE2F2002E9C98 /* attributes.h */ = {isa = PBXFileReference; fileEncoding = 4; lastKnownFileType = sourcecode.c.h; path = attributes.h; sourceTree = "<group>"; };
		EECD000E236AE2F2002E9C98 /* adler32.h */ = {isa = PBXFileReference; fileEncoding = 4; lastKnownFileType = sourcecode.c.h; path = adler32.h; sourceTree = "<group>"; };
		EECD000F236AE2F2002E9C98 /* hwcontext_d3d11va.h */ = {isa = PBXFileReference; fileEncoding = 4; lastKnownFileType = sourcecode.c.h; path = hwcontext_d3d11va.h; sourceTree = "<group>"; };
		EECD0010236AE2F2002E9C98 /* timecode.h */ = {isa = PBXFileReference; fileEncoding = 4; lastKnownFileType = sourcecode.c.h; path = timecode.h; sourceTree = "<group>"; };
		EECD0011236AE2F2002E9C98 /* sha512.h */ = {isa = PBXFileReference; fileEncoding = 4; lastKnownFileType = sourcecode.c.h; path = sha512.h; sourceTree = "<group>"; };
		EECD0012236AE2F2002E9C98 /* hwcontext_dxva2.h */ = {isa = PBXFileReference; fileEncoding = 4; lastKnownFileType = sourcecode.c.h; path = hwcontext_dxva2.h; sourceTree = "<group>"; };
		EECD0013236AE2F2002E9C98 /* display.h */ = {isa = PBXFileReference; fileEncoding = 4; lastKnownFileType = sourcecode.c.h; path = display.h; sourceTree = "<group>"; };
		EECD0014236AE2F2002E9C98 /* buffer.h */ = {isa = PBXFileReference; fileEncoding = 4; lastKnownFileType = sourcecode.c.h; path = buffer.h; sourceTree = "<group>"; };
		EECD0015236AE2F2002E9C98 /* camellia.h */ = {isa = PBXFileReference; fileEncoding = 4; lastKnownFileType = sourcecode.c.h; path = camellia.h; sourceTree = "<group>"; };
		EECD0016236AE2F2002E9C98 /* pixelutils.h */ = {isa = PBXFileReference; fileEncoding = 4; lastKnownFileType = sourcecode.c.h; path = pixelutils.h; sourceTree = "<group>"; };
		EECD0017236AE2F2002E9C98 /* hwcontext_drm.h */ = {isa = PBXFileReference; fileEncoding = 4; lastKnownFileType = sourcecode.c.h; path = hwcontext_drm.h; sourceTree = "<group>"; };
		EECD0018236AE2F2002E9C98 /* common.h */ = {isa = PBXFileReference; fileEncoding = 4; lastKnownFileType = sourcecode.c.h; path = common.h; sourceTree = "<group>"; };
		EECD0019236AE2F2002E9C98 /* hmac.h */ = {isa = PBXFileReference; fileEncoding = 4; lastKnownFileType = sourcecode.c.h; path = hmac.h; sourceTree = "<group>"; };
		EECD001A236AE2F2002E9C98 /* eval.h */ = {isa = PBXFileReference; fileEncoding = 4; lastKnownFileType = sourcecode.c.h; path = eval.h; sourceTree = "<group>"; };
		EECD001B236AE2F2002E9C98 /* dict.h */ = {isa = PBXFileReference; fileEncoding = 4; lastKnownFileType = sourcecode.c.h; path = dict.h; sourceTree = "<group>"; };
		EECD001C236AE2F2002E9C98 /* random_seed.h */ = {isa = PBXFileReference; fileEncoding = 4; lastKnownFileType = sourcecode.c.h; path = random_seed.h; sourceTree = "<group>"; };
		EECD001D236AE2F2002E9C98 /* opt.h */ = {isa = PBXFileReference; fileEncoding = 4; lastKnownFileType = sourcecode.c.h; path = opt.h; sourceTree = "<group>"; };
		EECD001E236AE2F2002E9C98 /* mastering_display_metadata.h */ = {isa = PBXFileReference; fileEncoding = 4; lastKnownFileType = sourcecode.c.h; path = mastering_display_metadata.h; sourceTree = "<group>"; };
		EECD001F236AE2F2002E9C98 /* log.h */ = {isa = PBXFileReference; fileEncoding = 4; lastKnownFileType = sourcecode.c.h; path = log.h; sourceTree = "<group>"; };
		EECD0020236AE2F2002E9C98 /* aes.h */ = {isa = PBXFileReference; fileEncoding = 4; lastKnownFileType = sourcecode.c.h; path = aes.h; sourceTree = "<group>"; };
		EECD0021236AE2F2002E9C98 /* macros.h */ = {isa = PBXFileReference; fileEncoding = 4; lastKnownFileType = sourcecode.c.h; path = macros.h; sourceTree = "<group>"; };
		EECD0022236AE2F2002E9C98 /* bswap.h */ = {isa = PBXFileReference; fileEncoding = 4; lastKnownFileType = sourcecode.c.h; path = bswap.h; sourceTree = "<group>"; };
		EECD0023236AE2F2002E9C98 /* rc4.h */ = {isa = PBXFileReference; fileEncoding = 4; lastKnownFileType = sourcecode.c.h; path = rc4.h; sourceTree = "<group>"; };
		EECD0024236AE2F2002E9C98 /* tea.h */ = {isa = PBXFileReference; fileEncoding = 4; lastKnownFileType = sourcecode.c.h; path = tea.h; sourceTree = "<group>"; };
		EECD0025236AE2F2002E9C98 /* cpu.h */ = {isa = PBXFileReference; fileEncoding = 4; lastKnownFileType = sourcecode.c.h; path = cpu.h; sourceTree = "<group>"; };
		EECD0026236AE2F2002E9C98 /* lzo.h */ = {isa = PBXFileReference; fileEncoding = 4; lastKnownFileType = sourcecode.c.h; path = lzo.h; sourceTree = "<group>"; };
		EECD0027236AE2F2002E9C98 /* des.h */ = {isa = PBXFileReference; fileEncoding = 4; lastKnownFileType = sourcecode.c.h; path = des.h; sourceTree = "<group>"; };
		EECD0028236AE2F2002E9C98 /* channel_layout.h */ = {isa = PBXFileReference; fileEncoding = 4; lastKnownFileType = sourcecode.c.h; path = channel_layout.h; sourceTree = "<group>"; };
		EECD0029236AE2F2002E9C98 /* twofish.h */ = {isa = PBXFileReference; fileEncoding = 4; lastKnownFileType = sourcecode.c.h; path = twofish.h; sourceTree = "<group>"; };
		EECD002A236AE2F2002E9C98 /* imgutils.h */ = {isa = PBXFileReference; fileEncoding = 4; lastKnownFileType = sourcecode.c.h; path = imgutils.h; sourceTree = "<group>"; };
		EECD002B236AE2F2002E9C98 /* hwcontext_videotoolbox.h */ = {isa = PBXFileReference; fileEncoding = 4; lastKnownFileType = sourcecode.c.h; path = hwcontext_videotoolbox.h; sourceTree = "<group>"; };
		EECD002C236AE2F2002E9C98 /* mem.h */ = {isa = PBXFileReference; fileEncoding = 4; lastKnownFileType = sourcecode.c.h; path = mem.h; sourceTree = "<group>"; };
		EECD002D236AE2F2002E9C98 /* parseutils.h */ = {isa = PBXFileReference; fileEncoding = 4; lastKnownFileType = sourcecode.c.h; path = parseutils.h; sourceTree = "<group>"; };
		EECD002E236AE2F2002E9C98 /* ripemd.h */ = {isa = PBXFileReference; fileEncoding = 4; lastKnownFileType = sourcecode.c.h; path = ripemd.h; sourceTree = "<group>"; };
		EECD002F236AE2F2002E9C98 /* bprint.h */ = {isa = PBXFileReference; fileEncoding = 4; lastKnownFileType = sourcecode.c.h; path = bprint.h; sourceTree = "<group>"; };
		EECD0030236AE2F2002E9C98 /* hwcontext_qsv.h */ = {isa = PBXFileReference; fileEncoding = 4; lastKnownFileType = sourcecode.c.h; path = hwcontext_qsv.h; sourceTree = "<group>"; };
		EECD0031236AE2F2002E9C98 /* pixfmt.h */ = {isa = PBXFileReference; fileEncoding = 4; lastKnownFileType = sourcecode.c.h; path = pixfmt.h; sourceTree = "<group>"; };
		EECD0032236AE2F2002E9C98 /* aes_ctr.h */ = {isa = PBXFileReference; fileEncoding = 4; lastKnownFileType = sourcecode.c.h; path = aes_ctr.h; sourceTree = "<group>"; };
		EECD0033236AE2F2002E9C98 /* timestamp.h */ = {isa = PBXFileReference; fileEncoding = 4; lastKnownFileType = sourcecode.c.h; path = timestamp.h; sourceTree = "<group>"; };
		EECD0034236AE2F2002E9C98 /* downmix_info.h */ = {isa = PBXFileReference; fileEncoding = 4; lastKnownFileType = sourcecode.c.h; path = downmix_info.h; sourceTree = "<group>"; };
		EECD0035236AE2F2002E9C98 /* avassert.h */ = {isa = PBXFileReference; fileEncoding = 4; lastKnownFileType = sourcecode.c.h; path = avassert.h; sourceTree = "<group>"; };
		EECD0036236AE2F2002E9C98 /* hash.h */ = {isa = PBXFileReference; fileEncoding = 4; lastKnownFileType = sourcecode.c.h; path = hash.h; sourceTree = "<group>"; };
		EECD0037236AE2F2002E9C98 /* mathematics.h */ = {isa = PBXFileReference; fileEncoding = 4; lastKnownFileType = sourcecode.c.h; path = mathematics.h; sourceTree = "<group>"; };
		EECD0038236AE2F2002E9C98 /* intreadwrite.h */ = {isa = PBXFileReference; fileEncoding = 4; lastKnownFileType = sourcecode.c.h; path = intreadwrite.h; sourceTree = "<group>"; };
		EECD0039236AE2F2002E9C98 /* avstring.h */ = {isa = PBXFileReference; fileEncoding = 4; lastKnownFileType = sourcecode.c.h; path = avstring.h; sourceTree = "<group>"; };
		EECD003B236AE2F2002E9C98 /* version.h */ = {isa = PBXFileReference; fileEncoding = 4; lastKnownFileType = sourcecode.c.h; path = version.h; sourceTree = "<group>"; };
		EECD003C236AE2F2002E9C98 /* avdevice.h */ = {isa = PBXFileReference; fileEncoding = 4; lastKnownFileType = sourcecode.c.h; path = avdevice.h; sourceTree = "<group>"; };
		EECD003E236AE2F2002E9C98 /* version.h */ = {isa = PBXFileReference; fileEncoding = 4; lastKnownFileType = sourcecode.c.h; path = version.h; sourceTree = "<group>"; };
		EECD003F236AE2F2002E9C98 /* avio.h */ = {isa = PBXFileReference; fileEncoding = 4; lastKnownFileType = sourcecode.c.h; path = avio.h; sourceTree = "<group>"; };
		EECD0040236AE2F2002E9C98 /* avformat.h */ = {isa = PBXFileReference; fileEncoding = 4; lastKnownFileType = sourcecode.c.h; path = avformat.h; sourceTree = "<group>"; };
		EECD0042236AE2F2002E9C98 /* version.h */ = {isa = PBXFileReference; fileEncoding = 4; lastKnownFileType = sourcecode.c.h; path = version.h; sourceTree = "<group>"; };
		EECD0043236AE2F2002E9C98 /* swscale.h */ = {isa = PBXFileReference; fileEncoding = 4; lastKnownFileType = sourcecode.c.h; path = swscale.h; sourceTree = "<group>"; };
		EECD0045236AE2F2002E9C98 /* avcodec.h */ = {isa = PBXFileReference; fileEncoding = 4; lastKnownFileType = sourcecode.c.h; path = avcodec.h; sourceTree = "<group>"; };
		EECD0046236AE2F2002E9C98 /* version.h */ = {isa = PBXFileReference; fileEncoding = 4; lastKnownFileType = sourcecode.c.h; path = version.h; sourceTree = "<group>"; };
		EECD0047236AE2F2002E9C98 /* vdpau.h */ = {isa = PBXFileReference; fileEncoding = 4; lastKnownFileType = sourcecode.c.h; path = vdpau.h; sourceTree = "<group>"; };
		EECD0048236AE2F2002E9C98 /* qsv.h */ = {isa = PBXFileReference; fileEncoding = 4; lastKnownFileType = sourcecode.c.h; path = qsv.h; sourceTree = "<group>"; };
		EECD0049236AE2F2002E9C98 /* vaapi.h */ = {isa = PBXFileReference; fileEncoding = 4; lastKnownFileType = sourcecode.c.h; path = vaapi.h; sourceTree = "<group>"; };
		EECD004A236AE2F2002E9C98 /* videotoolbox.h */ = {isa = PBXFileReference; fileEncoding = 4; lastKnownFileType = sourcecode.c.h; path = videotoolbox.h; sourceTree = "<group>"; };
		EECD004B236AE2F2002E9C98 /* xvmc.h */ = {isa = PBXFileReference; fileEncoding = 4; lastKnownFileType = sourcecode.c.h; path = xvmc.h; sourceTree = "<group>"; };
		EECD004C236AE2F2002E9C98 /* mediacodec.h */ = {isa = PBXFileReference; fileEncoding = 4; lastKnownFileType = sourcecode.c.h; path = mediacodec.h; sourceTree = "<group>"; };
		EECD004D236AE2F2002E9C98 /* d3d11va.h */ = {isa = PBXFileReference; fileEncoding = 4; lastKnownFileType = sourcecode.c.h; path = d3d11va.h; sourceTree = "<group>"; };
		EECD004E236AE2F3002E9C98 /* avfft.h */ = {isa = PBXFileReference; fileEncoding = 4; lastKnownFileType = sourcecode.c.h; path = avfft.h; sourceTree = "<group>"; };
		EECD004F236AE2F3002E9C98 /* vda.h */ = {isa = PBXFileReference; fileEncoding = 4; lastKnownFileType = sourcecode.c.h; path = vda.h; sourceTree = "<group>"; };
		EECD0050236AE2F3002E9C98 /* jni.h */ = {isa = PBXFileReference; fileEncoding = 4; lastKnownFileType = sourcecode.c.h; path = jni.h; sourceTree = "<group>"; };
		EECD0051236AE2F3002E9C98 /* dirac.h */ = {isa = PBXFileReference; fileEncoding = 4; lastKnownFileType = sourcecode.c.h; path = dirac.h; sourceTree = "<group>"; };
		EECD0052236AE2F3002E9C98 /* avdct.h */ = {isa = PBXFileReference; fileEncoding = 4; lastKnownFileType = sourcecode.c.h; path = avdct.h; sourceTree = "<group>"; };
		EECD0053236AE2F3002E9C98 /* vorbis_parser.h */ = {isa = PBXFileReference; fileEncoding = 4; lastKnownFileType = sourcecode.c.h; path = vorbis_parser.h; sourceTree = "<group>"; };
		EECD0054236AE2F3002E9C98 /* dxva2.h */ = {isa = PBXFileReference; fileEncoding = 4; lastKnownFileType = sourcecode.c.h; path = dxva2.h; sourceTree = "<group>"; };
		EECD0055236AE2F3002E9C98 /* dv_profile.h */ = {isa = PBXFileReference; fileEncoding = 4; lastKnownFileType = sourcecode.c.h; path = dv_profile.h; sourceTree = "<group>"; };
		EECD0057236AE2F3002E9C98 /* version.h */ = {isa = PBXFileReference; fileEncoding = 4; lastKnownFileType = sourcecode.c.h; path = version.h; sourceTree = "<group>"; };
		EECD0058236AE2F3002E9C98 /* swresample.h */ = {isa = PBXFileReference; fileEncoding = 4; lastKnownFileType = sourcecode.c.h; path = swresample.h; sourceTree = "<group>"; };
		EECD005A236AE2F3002E9C98 /* libavutil.a */ = {isa = PBXFileReference; lastKnownFileType = archive.ar; path = libavutil.a; sourceTree = "<group>"; };
		EECD005B236AE2F3002E9C98 /* libavfilter.a */ = {isa = PBXFileReference; lastKnownFileType = archive.ar; path = libavfilter.a; sourceTree = "<group>"; };
		EECD005C236AE2F3002E9C98 /* libavcodec.a */ = {isa = PBXFileReference; lastKnownFileType = archive.ar; path = libavcodec.a; sourceTree = "<group>"; };
		EECD005D236AE2F3002E9C98 /* libpostproc.a */ = {isa = PBXFileReference; lastKnownFileType = archive.ar; path = libpostproc.a; sourceTree = "<group>"; };
		EECD005E236AE2F3002E9C98 /* libavformat.a */ = {isa = PBXFileReference; lastKnownFileType = archive.ar; path = libavformat.a; sourceTree = "<group>"; };
		EECD005F236AE2F3002E9C98 /* libavdevice.a */ = {isa = PBXFileReference; lastKnownFileType = archive.ar; path = libavdevice.a; sourceTree = "<group>"; };
		EECD0060236AE2F3002E9C98 /* libswresample.a */ = {isa = PBXFileReference; lastKnownFileType = archive.ar; path = libswresample.a; sourceTree = "<group>"; };
		EECD0061236AE2F3002E9C98 /* libfaac.a */ = {isa = PBXFileReference; lastKnownFileType = archive.ar; path = libfaac.a; sourceTree = "<group>"; };
		EECD0062236AE2F3002E9C98 /* libswscale.a */ = {isa = PBXFileReference; lastKnownFileType = archive.ar; path = libswscale.a; sourceTree = "<group>"; };
		EECD0063236AE2F3002E9C98 /* libx264.a */ = {isa = PBXFileReference; lastKnownFileType = archive.ar; path = libx264.a; sourceTree = "<group>"; };
		EECD010A236AE86F002E9C98 /* NHCaptureSessionProtocol.h */ = {isa = PBXFileReference; fileEncoding = 4; lastKnownFileType = sourcecode.c.h; path = NHCaptureSessionProtocol.h; sourceTree = "<group>"; };
		EECD010C236AE8D2002E9C98 /* NHVideoConfiguration.m */ = {isa = PBXFileReference; fileEncoding = 4; lastKnownFileType = sourcecode.c.objc; path = NHVideoConfiguration.m; sourceTree = "<group>"; };
		EECD010D236AE8D2002E9C98 /* NHVideoConfiguration.h */ = {isa = PBXFileReference; fileEncoding = 4; lastKnownFileType = sourcecode.c.h; path = NHVideoConfiguration.h; sourceTree = "<group>"; };
		EECD0111236AE948002E9C98 /* VideoToolbox.framework */ = {isa = PBXFileReference; lastKnownFileType = wrapper.framework; name = VideoToolbox.framework; path = Platforms/MacOSX.platform/Developer/SDKs/MacOSX10.15.sdk/System/Library/Frameworks/VideoToolbox.framework; sourceTree = DEVELOPER_DIR; };
		EECD0113236AE94C002E9C98 /* AudioToolbox.framework */ = {isa = PBXFileReference; lastKnownFileType = wrapper.framework; name = AudioToolbox.framework; path = Platforms/MacOSX.platform/Developer/SDKs/MacOSX10.15.sdk/System/Library/Frameworks/AudioToolbox.framework; sourceTree = DEVELOPER_DIR; };
		EECD0115236AE952002E9C98 /* libz.tbd */ = {isa = PBXFileReference; lastKnownFileType = "sourcecode.text-based-dylib-definition"; name = libz.tbd; path = Platforms/MacOSX.platform/Developer/SDKs/MacOSX10.15.sdk/usr/lib/libz.tbd; sourceTree = DEVELOPER_DIR; };
		EECD0117236AE956002E9C98 /* libbz2.tbd */ = {isa = PBXFileReference; lastKnownFileType = "sourcecode.text-based-dylib-definition"; name = libbz2.tbd; path = Platforms/MacOSX.platform/Developer/SDKs/MacOSX10.15.sdk/usr/lib/libbz2.tbd; sourceTree = DEVELOPER_DIR; };
		EECD0119236AE96B002E9C98 /* libiconv.tbd */ = {isa = PBXFileReference; lastKnownFileType = "sourcecode.text-based-dylib-definition"; name = libiconv.tbd; path = Platforms/MacOSX.platform/Developer/SDKs/MacOSX10.15.sdk/usr/lib/libiconv.tbd; sourceTree = DEVELOPER_DIR; };
		EECDFEAA236AE0CB002E9C98 /* NHFFmpegEncoder.framework */ = {isa = PBXFileReference; explicitFileType = wrapper.framework; includeInIndex = 0; path = NHFFmpegEncoder.framework; sourceTree = BUILT_PRODUCTS_DIR; };
		EECDFEAD236AE0CB002E9C98 /* Encoder.h */ = {isa = PBXFileReference; lastKnownFileType = sourcecode.c.h; path = Encoder.h; sourceTree = "<group>"; };
		EECDFEAE236AE0CB002E9C98 /* Info.plist */ = {isa = PBXFileReference; lastKnownFileType = text.plist.xml; path = Info.plist; sourceTree = "<group>"; };
		EECDFED0236AE2B6002E9C98 /* NHFFmpegSession.m */ = {isa = PBXFileReference; fileEncoding = 4; lastKnownFileType = sourcecode.c.objc; path = NHFFmpegSession.m; sourceTree = "<group>"; };
		EECDFED1236AE2B6002E9C98 /* NHFFmpegSession.h */ = {isa = PBXFileReference; fileEncoding = 4; lastKnownFileType = sourcecode.c.h; path = NHFFmpegSession.h; sourceTree = "<group>"; };
		EECDFED3236AE2B6002E9C98 /* NHWriteH264Stream.h */ = {isa = PBXFileReference; fileEncoding = 4; lastKnownFileType = sourcecode.c.h; path = NHWriteH264Stream.h; sourceTree = "<group>"; };
		EECDFED4236AE2B6002E9C98 /* NHX264OutputProtocol.h */ = {isa = PBXFileReference; fileEncoding = 4; lastKnownFileType = sourcecode.c.h; path = NHX264OutputProtocol.h; sourceTree = "<group>"; };
		EECDFED5236AE2B6002E9C98 /* NHX264Manager.m */ = {isa = PBXFileReference; fileEncoding = 4; lastKnownFileType = sourcecode.c.objc; path = NHX264Manager.m; sourceTree = "<group>"; };
		EECDFED6236AE2B6002E9C98 /* NHH264Encoder.h */ = {isa = PBXFileReference; fileEncoding = 4; lastKnownFileType = sourcecode.c.h; path = NHH264Encoder.h; sourceTree = "<group>"; };
		EECDFED7236AE2B6002E9C98 /* NHWriteH264Stream.m */ = {isa = PBXFileReference; fileEncoding = 4; lastKnownFileType = sourcecode.c.objc; path = NHWriteH264Stream.m; sourceTree = "<group>"; };
		EECDFED8236AE2B6002E9C98 /* NHX264Manager.h */ = {isa = PBXFileReference; fileEncoding = 4; lastKnownFileType = sourcecode.c.h; path = NHX264Manager.h; sourceTree = "<group>"; };
		EECDFED9236AE2B6002E9C98 /* NHH264Encoder.m */ = {isa = PBXFileReference; fileEncoding = 4; lastKnownFileType = sourcecode.c.objc; path = NHH264Encoder.m; sourceTree = "<group>"; };
		EECDFFE3236AE2F2002E9C98 /* version.h */ = {isa = PBXFileReference; fileEncoding = 4; lastKnownFileType = sourcecode.c.h; path = version.h; sourceTree = "<group>"; };
		EECDFFE4236AE2F2002E9C98 /* postprocess.h */ = {isa = PBXFileReference; fileEncoding = 4; lastKnownFileType = sourcecode.c.h; path = postprocess.h; sourceTree = "<group>"; };
		EECDFFE6236AE2F2002E9C98 /* version.h */ = {isa = PBXFileReference; fileEncoding = 4; lastKnownFileType = sourcecode.c.h; path = version.h; sourceTree = "<group>"; };
		EECDFFE7236AE2F2002E9C98 /* buffersrc.h */ = {isa = PBXFileReference; fileEncoding = 4; lastKnownFileType = sourcecode.c.h; path = buffersrc.h; sourceTree = "<group>"; };
		EECDFFE8236AE2F2002E9C98 /* buffersink.h */ = {isa = PBXFileReference; fileEncoding = 4; lastKnownFileType = sourcecode.c.h; path = buffersink.h; sourceTree = "<group>"; };
		EECDFFE9236AE2F2002E9C98 /* avfilter.h */ = {isa = PBXFileReference; fileEncoding = 4; lastKnownFileType = sourcecode.c.h; path = avfilter.h; sourceTree = "<group>"; };
		EECDFFEA236AE2F2002E9C98 /* avfiltergraph.h */ = {isa = PBXFileReference; fileEncoding = 4; lastKnownFileType = sourcecode.c.h; path = avfiltergraph.h; sourceTree = "<group>"; };
		EECDFFEC236AE2F2002E9C98 /* hwcontext.h */ = {isa = PBXFileReference; fileEncoding = 4; lastKnownFileType = sourcecode.c.h; path = hwcontext.h; sourceTree = "<group>"; };
		EECDFFED236AE2F2002E9C98 /* time.h */ = {isa = PBXFileReference; fileEncoding = 4; lastKnownFileType = sourcecode.c.h; path = time.h; sourceTree = "<group>"; };
		EECDFFEE236AE2F2002E9C98 /* hwcontext_cuda.h */ = {isa = PBXFileReference; fileEncoding = 4; lastKnownFileType = sourcecode.c.h; path = hwcontext_cuda.h; sourceTree = "<group>"; };
		EECDFFEF236AE2F2002E9C98 /* intfloat.h */ = {isa = PBXFileReference; fileEncoding = 4; lastKnownFileType = sourcecode.c.h; path = intfloat.h; sourceTree = "<group>"; };
		EECDFFF0236AE2F2002E9C98 /* error.h */ = {isa = PBXFileReference; fileEncoding = 4; lastKnownFileType = sourcecode.c.h; path = error.h; sourceTree = "<group>"; };
		EECDFFF1236AE2F2002E9C98 /* fifo.h */ = {isa = PBXFileReference; fileEncoding = 4; lastKnownFileType = sourcecode.c.h; path = fifo.h; sourceTree = "<group>"; };
		EECDFFF2236AE2F2002E9C98 /* blowfish.h */ = {isa = PBXFileReference; fileEncoding = 4; lastKnownFileType = sourcecode.c.h; path = blowfish.h; sourceTree = "<group>"; };
		EECDFFF3236AE2F2002E9C98 /* replaygain.h */ = {isa = PBXFileReference; fileEncoding = 4; lastKnownFileType = sourcecode.c.h; path = replaygain.h; sourceTree = "<group>"; };
		EECDFFF4236AE2F2002E9C98 /* version.h */ = {isa = PBXFileReference; fileEncoding = 4; lastKnownFileType = sourcecode.c.h; path = version.h; sourceTree = "<group>"; };
		EECDFFF5236AE2F2002E9C98 /* murmur3.h */ = {isa = PBXFileReference; fileEncoding = 4; lastKnownFileType = sourcecode.c.h; path = murmur3.h; sourceTree = "<group>"; };
		EECDFFF6236AE2F2002E9C98 /* stereo3d.h */ = {isa = PBXFileReference; fileEncoding = 4; lastKnownFileType = sourcecode.c.h; path = stereo3d.h; sourceTree = "<group>"; };
		EECDFFF7236AE2F2002E9C98 /* samplefmt.h */ = {isa = PBXFileReference; fileEncoding = 4; lastKnownFileType = sourcecode.c.h; path = samplefmt.h; sourceTree = "<group>"; };
		EECDFFF8236AE2F2002E9C98 /* pixdesc.h */ = {isa = PBXFileReference; fileEncoding = 4; lastKnownFileType = sourcecode.c.h; path = pixdesc.h; sourceTree = "<group>"; };
		EECDFFF9236AE2F2002E9C98 /* base64.h */ = {isa = PBXFileReference; fileEncoding = 4; lastKnownFileType = sourcecode.c.h; path = base64.h; sourceTree = "<group>"; };
		EECDFFFA236AE2F2002E9C98 /* rational.h */ = {isa = PBXFileReference; fileEncoding = 4; lastKnownFileType = sourcecode.c.h; path = rational.h; sourceTree = "<group>"; };
		EECDFFFB236AE2F2002E9C98 /* sha.h */ = {isa = PBXFileReference; fileEncoding = 4; lastKnownFileType = sourcecode.c.h; path = sha.h; sourceTree = "<group>"; };
		EECDFFFC236AE2F2002E9C98 /* motion_vector.h */ = {isa = PBXFileReference; fileEncoding = 4; lastKnownFileType = sourcecode.c.h; path = motion_vector.h; sourceTree = "<group>"; };
		EECDFFFD236AE2F2002E9C98 /* avconfig.h */ = {isa = PBXFileReference; fileEncoding = 4; lastKnownFileType = sourcecode.c.h; path = avconfig.h; sourceTree = "<group>"; };
		EECDFFFE236AE2F2002E9C98 /* lfg.h */ = {isa = PBXFileReference; fileEncoding = 4; lastKnownFileType = sourcecode.c.h; path = lfg.h; sourceTree = "<group>"; };
		EECDFFFF236AE2F2002E9C98 /* avutil.h */ = {isa = PBXFileReference; fileEncoding = 4; lastKnownFileType = sourcecode.c.h; path = avutil.h; sourceTree = "<group>"; };
/* End PBXFileReference section */

/* Begin PBXFrameworksBuildPhase section */
		EECDFEA7236AE0CB002E9C98 /* Frameworks */ = {
			isa = PBXFrameworksBuildPhase;
			buildActionMask = 2147483647;
			files = (
				EECD011A236AE96B002E9C98 /* libiconv.tbd in Frameworks */,
				EECD0118236AE956002E9C98 /* libbz2.tbd in Frameworks */,
				EECD0116236AE952002E9C98 /* libz.tbd in Frameworks */,
				EECD0114236AE94C002E9C98 /* AudioToolbox.framework in Frameworks */,
				EECD0112236AE948002E9C98 /* VideoToolbox.framework in Frameworks */,
				EECD00D4236AE2F3002E9C98 /* libavfilter.a in Frameworks */,
				EECD00D6236AE2F3002E9C98 /* libpostproc.a in Frameworks */,
				EECD00DA236AE2F3002E9C98 /* libfaac.a in Frameworks */,
				EECD00D3236AE2F3002E9C98 /* libavutil.a in Frameworks */,
				EECD00D7236AE2F3002E9C98 /* libavformat.a in Frameworks */,
				EECD00D8236AE2F3002E9C98 /* libavdevice.a in Frameworks */,
				EECD00DB236AE2F3002E9C98 /* libswscale.a in Frameworks */,
				EECD00DC236AE2F3002E9C98 /* libx264.a in Frameworks */,
				EECD00D9236AE2F3002E9C98 /* libswresample.a in Frameworks */,
				EECD00D5236AE2F3002E9C98 /* libavcodec.a in Frameworks */,
			);
			runOnlyForDeploymentPostprocessing = 0;
		};
/* End PBXFrameworksBuildPhase section */

/* Begin PBXGroup section */
		EECD003A236AE2F2002E9C98 /* libavdevice */ = {
			isa = PBXGroup;
			children = (
				EECD003B236AE2F2002E9C98 /* version.h */,
				EECD003C236AE2F2002E9C98 /* avdevice.h */,
			);
			path = libavdevice;
			sourceTree = "<group>";
		};
		EECD003D236AE2F2002E9C98 /* libavformat */ = {
			isa = PBXGroup;
			children = (
				EECD003E236AE2F2002E9C98 /* version.h */,
				EECD003F236AE2F2002E9C98 /* avio.h */,
				EECD0040236AE2F2002E9C98 /* avformat.h */,
			);
			path = libavformat;
			sourceTree = "<group>";
		};
		EECD0041236AE2F2002E9C98 /* libswscale */ = {
			isa = PBXGroup;
			children = (
				EECD0042236AE2F2002E9C98 /* version.h */,
				EECD0043236AE2F2002E9C98 /* swscale.h */,
			);
			path = libswscale;
			sourceTree = "<group>";
		};
		EECD0044236AE2F2002E9C98 /* libavcodec */ = {
			isa = PBXGroup;
			children = (
				EECD0045236AE2F2002E9C98 /* avcodec.h */,
				EECD0046236AE2F2002E9C98 /* version.h */,
				EECD0047236AE2F2002E9C98 /* vdpau.h */,
				EECD0048236AE2F2002E9C98 /* qsv.h */,
				EECD0049236AE2F2002E9C98 /* vaapi.h */,
				EECD004A236AE2F2002E9C98 /* videotoolbox.h */,
				EECD004B236AE2F2002E9C98 /* xvmc.h */,
				EECD004C236AE2F2002E9C98 /* mediacodec.h */,
				EECD004D236AE2F2002E9C98 /* d3d11va.h */,
				EECD004E236AE2F3002E9C98 /* avfft.h */,
				EECD004F236AE2F3002E9C98 /* vda.h */,
				EECD0050236AE2F3002E9C98 /* jni.h */,
				EECD0051236AE2F3002E9C98 /* dirac.h */,
				EECD0052236AE2F3002E9C98 /* avdct.h */,
				EECD0053236AE2F3002E9C98 /* vorbis_parser.h */,
				EECD0054236AE2F3002E9C98 /* dxva2.h */,
				EECD0055236AE2F3002E9C98 /* dv_profile.h */,
			);
			path = libavcodec;
			sourceTree = "<group>";
		};
		EECD0056236AE2F3002E9C98 /* libswresample */ = {
			isa = PBXGroup;
			children = (
				EECD0057236AE2F3002E9C98 /* version.h */,
				EECD0058236AE2F3002E9C98 /* swresample.h */,
			);
			path = libswresample;
			sourceTree = "<group>";
		};
		EECD0059236AE2F3002E9C98 /* lib */ = {
			isa = PBXGroup;
			children = (
				EECD005A236AE2F3002E9C98 /* libavutil.a */,
				EECD005B236AE2F3002E9C98 /* libavfilter.a */,
				EECD005C236AE2F3002E9C98 /* libavcodec.a */,
				EECD005D236AE2F3002E9C98 /* libpostproc.a */,
				EECD005E236AE2F3002E9C98 /* libavformat.a */,
				EECD005F236AE2F3002E9C98 /* libavdevice.a */,
				EECD0060236AE2F3002E9C98 /* libswresample.a */,
				EECD0061236AE2F3002E9C98 /* libfaac.a */,
				EECD0062236AE2F3002E9C98 /* libswscale.a */,
				EECD0063236AE2F3002E9C98 /* libx264.a */,
			);
			path = lib;
			sourceTree = "<group>";
		};
		EECD0110236AE948002E9C98 /* Frameworks */ = {
			isa = PBXGroup;
			children = (
				EECD0119236AE96B002E9C98 /* libiconv.tbd */,
				EECD0117236AE956002E9C98 /* libbz2.tbd */,
				EECD0115236AE952002E9C98 /* libz.tbd */,
				EECD0113236AE94C002E9C98 /* AudioToolbox.framework */,
				EECD0111236AE948002E9C98 /* VideoToolbox.framework */,
			);
			name = Frameworks;
			sourceTree = "<group>";
		};
		EECDFEA0236AE0CB002E9C98 = {
			isa = PBXGroup;
			children = (
				EECDFEAC236AE0CB002E9C98 /* NHFFmpegEncoder */,
				EECDFEAB236AE0CB002E9C98 /* Products */,
				EECD0110236AE948002E9C98 /* Frameworks */,
			);
			sourceTree = "<group>";
		};
		EECDFEAB236AE0CB002E9C98 /* Products */ = {
			isa = PBXGroup;
			children = (
				EECDFEAA236AE0CB002E9C98 /* NHFFmpegEncoder.framework */,
			);
			name = Products;
			sourceTree = "<group>";
		};
		EECDFEAC236AE0CB002E9C98 /* NHFFmpegEncoder */ = {
			isa = PBXGroup;
			children = (
				EECDFFE0236AE2F2002E9C98 /* FFmpeg */,
				EECDFECF236AE2B6002E9C98 /* Encoder */,
				EECDFEAD236AE0CB002E9C98 /* Encoder.h */,
				EECDFEAE236AE0CB002E9C98 /* Info.plist */,
			);
			path = NHFFmpegEncoder;
			sourceTree = "<group>";
		};
		EECDFECF236AE2B6002E9C98 /* Encoder */ = {
			isa = PBXGroup;
			children = (
				EECD010A236AE86F002E9C98 /* NHCaptureSessionProtocol.h */,
				EECDFED1236AE2B6002E9C98 /* NHFFmpegSession.h */,
				EECDFED0236AE2B6002E9C98 /* NHFFmpegSession.m */,
				EECD010D236AE8D2002E9C98 /* NHVideoConfiguration.h */,
				EECD010C236AE8D2002E9C98 /* NHVideoConfiguration.m */,
				EECDFED2236AE2B6002E9C98 /* X264 */,
			);
			name = Encoder;
			path = ../../../../NHAVKit2/FFmpeg/Encoder;
			sourceTree = "<group>";
		};
		EECDFED2236AE2B6002E9C98 /* X264 */ = {
			isa = PBXGroup;
			children = (
				EECDFED6236AE2B6002E9C98 /* NHH264Encoder.h */,
				EECDFED9236AE2B6002E9C98 /* NHH264Encoder.m */,
				EECDFED3236AE2B6002E9C98 /* NHWriteH264Stream.h */,
				EECDFED7236AE2B6002E9C98 /* NHWriteH264Stream.m */,
				EECDFED8236AE2B6002E9C98 /* NHX264Manager.h */,
				EECDFED5236AE2B6002E9C98 /* NHX264Manager.m */,
				EECDFED4236AE2B6002E9C98 /* NHX264OutputProtocol.h */,
			);
			path = X264;
			sourceTree = "<group>";
		};
		EECDFFE0236AE2F2002E9C98 /* FFmpeg */ = {
			isa = PBXGroup;
			children = (
				EECDFFE1236AE2F2002E9C98 /* include */,
				EECD0059236AE2F3002E9C98 /* lib */,
			);
			name = FFmpeg;
			path = ../../../../NHAVKit2/Library/FFmpeg;
			sourceTree = "<group>";
		};
		EECDFFE1236AE2F2002E9C98 /* include */ = {
			isa = PBXGroup;
			children = (
				EECDFFE2236AE2F2002E9C98 /* libpostproc */,
				EECDFFE5236AE2F2002E9C98 /* libavfilter */,
				EECDFFEB236AE2F2002E9C98 /* libavutil */,
				EECD003A236AE2F2002E9C98 /* libavdevice */,
				EECD003D236AE2F2002E9C98 /* libavformat */,
				EECD0041236AE2F2002E9C98 /* libswscale */,
				EECD0044236AE2F2002E9C98 /* libavcodec */,
				EECD0056236AE2F3002E9C98 /* libswresample */,
			);
			path = include;
			sourceTree = "<group>";
		};
		EECDFFE2236AE2F2002E9C98 /* libpostproc */ = {
			isa = PBXGroup;
			children = (
				EECDFFE3236AE2F2002E9C98 /* version.h */,
				EECDFFE4236AE2F2002E9C98 /* postprocess.h */,
			);
			path = libpostproc;
			sourceTree = "<group>";
		};
		EECDFFE5236AE2F2002E9C98 /* libavfilter */ = {
			isa = PBXGroup;
			children = (
				EECDFFE6236AE2F2002E9C98 /* version.h */,
				EECDFFE7236AE2F2002E9C98 /* buffersrc.h */,
				EECDFFE8236AE2F2002E9C98 /* buffersink.h */,
				EECDFFE9236AE2F2002E9C98 /* avfilter.h */,
				EECDFFEA236AE2F2002E9C98 /* avfiltergraph.h */,
			);
			path = libavfilter;
			sourceTree = "<group>";
		};
		EECDFFEB236AE2F2002E9C98 /* libavutil */ = {
			isa = PBXGroup;
			children = (
				EECDFFEC236AE2F2002E9C98 /* hwcontext.h */,
				EECDFFED236AE2F2002E9C98 /* time.h */,
				EECDFFEE236AE2F2002E9C98 /* hwcontext_cuda.h */,
				EECDFFEF236AE2F2002E9C98 /* intfloat.h */,
				EECDFFF0236AE2F2002E9C98 /* error.h */,
				EECDFFF1236AE2F2002E9C98 /* fifo.h */,
				EECDFFF2236AE2F2002E9C98 /* blowfish.h */,
				EECDFFF3236AE2F2002E9C98 /* replaygain.h */,
				EECDFFF4236AE2F2002E9C98 /* version.h */,
				EECDFFF5236AE2F2002E9C98 /* murmur3.h */,
				EECDFFF6236AE2F2002E9C98 /* stereo3d.h */,
				EECDFFF7236AE2F2002E9C98 /* samplefmt.h */,
				EECDFFF8236AE2F2002E9C98 /* pixdesc.h */,
				EECDFFF9236AE2F2002E9C98 /* base64.h */,
				EECDFFFA236AE2F2002E9C98 /* rational.h */,
				EECDFFFB236AE2F2002E9C98 /* sha.h */,
				EECDFFFC236AE2F2002E9C98 /* motion_vector.h */,
				EECDFFFD236AE2F2002E9C98 /* avconfig.h */,
				EECDFFFE236AE2F2002E9C98 /* lfg.h */,
				EECDFFFF236AE2F2002E9C98 /* avutil.h */,
				EECD0000236AE2F2002E9C98 /* xtea.h */,
				EECD0001236AE2F2002E9C98 /* crc.h */,
				EECD0002236AE2F2002E9C98 /* hwcontext_vdpau.h */,
				EECD0003236AE2F2002E9C98 /* frame.h */,
				EECD0004236AE2F2002E9C98 /* file.h */,
				EECD0005236AE2F2002E9C98 /* md5.h */,
				EECD0006236AE2F2002E9C98 /* cast5.h */,
				EECD0007236AE2F2002E9C98 /* hwcontext_vaapi.h */,
				EECD0008236AE2F2002E9C98 /* spherical.h */,
				EECD0009236AE2F2002E9C98 /* ffversion.h */,
				EECD000A236AE2F2002E9C98 /* audio_fifo.h */,
				EECD000B236AE2F2002E9C98 /* tree.h */,
				EECD000C236AE2F2002E9C98 /* threadmessage.h */,
				EECD000D236AE2F2002E9C98 /* attributes.h */,
				EECD000E236AE2F2002E9C98 /* adler32.h */,
				EECD000F236AE2F2002E9C98 /* hwcontext_d3d11va.h */,
				EECD0010236AE2F2002E9C98 /* timecode.h */,
				EECD0011236AE2F2002E9C98 /* sha512.h */,
				EECD0012236AE2F2002E9C98 /* hwcontext_dxva2.h */,
				EECD0013236AE2F2002E9C98 /* display.h */,
				EECD0014236AE2F2002E9C98 /* buffer.h */,
				EECD0015236AE2F2002E9C98 /* camellia.h */,
				EECD0016236AE2F2002E9C98 /* pixelutils.h */,
				EECD0017236AE2F2002E9C98 /* hwcontext_drm.h */,
				EECD0018236AE2F2002E9C98 /* common.h */,
				EECD0019236AE2F2002E9C98 /* hmac.h */,
				EECD001A236AE2F2002E9C98 /* eval.h */,
				EECD001B236AE2F2002E9C98 /* dict.h */,
				EECD001C236AE2F2002E9C98 /* random_seed.h */,
				EECD001D236AE2F2002E9C98 /* opt.h */,
				EECD001E236AE2F2002E9C98 /* mastering_display_metadata.h */,
				EECD001F236AE2F2002E9C98 /* log.h */,
				EECD0020236AE2F2002E9C98 /* aes.h */,
				EECD0021236AE2F2002E9C98 /* macros.h */,
				EECD0022236AE2F2002E9C98 /* bswap.h */,
				EECD0023236AE2F2002E9C98 /* rc4.h */,
				EECD0024236AE2F2002E9C98 /* tea.h */,
				EECD0025236AE2F2002E9C98 /* cpu.h */,
				EECD0026236AE2F2002E9C98 /* lzo.h */,
				EECD0027236AE2F2002E9C98 /* des.h */,
				EECD0028236AE2F2002E9C98 /* channel_layout.h */,
				EECD0029236AE2F2002E9C98 /* twofish.h */,
				EECD002A236AE2F2002E9C98 /* imgutils.h */,
				EECD002B236AE2F2002E9C98 /* hwcontext_videotoolbox.h */,
				EECD002C236AE2F2002E9C98 /* mem.h */,
				EECD002D236AE2F2002E9C98 /* parseutils.h */,
				EECD002E236AE2F2002E9C98 /* ripemd.h */,
				EECD002F236AE2F2002E9C98 /* bprint.h */,
				EECD0030236AE2F2002E9C98 /* hwcontext_qsv.h */,
				EECD0031236AE2F2002E9C98 /* pixfmt.h */,
				EECD0032236AE2F2002E9C98 /* aes_ctr.h */,
				EECD0033236AE2F2002E9C98 /* timestamp.h */,
				EECD0034236AE2F2002E9C98 /* downmix_info.h */,
				EECD0035236AE2F2002E9C98 /* avassert.h */,
				EECD0036236AE2F2002E9C98 /* hash.h */,
				EECD0037236AE2F2002E9C98 /* mathematics.h */,
				EECD0038236AE2F2002E9C98 /* intreadwrite.h */,
				EECD0039236AE2F2002E9C98 /* avstring.h */,
			);
			path = libavutil;
			sourceTree = "<group>";
		};
/* End PBXGroup section */

/* Begin PBXHeadersBuildPhase section */
		EECDFEA5236AE0CB002E9C98 /* Headers */ = {
			isa = PBXHeadersBuildPhase;
			buildActionMask = 2147483647;
			files = (
				EECDFEE1236AE2B6002E9C98 /* NHX264Manager.h in Headers */,
				EECDFEDB236AE2B6002E9C98 /* NHFFmpegSession.h in Headers */,
				EECD009F236AE2F3002E9C98 /* aes.h in Headers */,
				EECD00BB236AE2F3002E9C98 /* version.h in Headers */,
				EECD006C236AE2F3002E9C98 /* time.h in Headers */,
				EECD00B0236AE2F3002E9C98 /* pixfmt.h in Headers */,
				EECD0077236AE2F3002E9C98 /* pixdesc.h in Headers */,
				EECD0093236AE2F3002E9C98 /* buffer.h in Headers */,
				EECD0065236AE2F3002E9C98 /* postprocess.h in Headers */,
				EECD0084236AE2F3002E9C98 /* md5.h in Headers */,
				EECD00D2236AE2F3002E9C98 /* swresample.h in Headers */,
				EECD00B2236AE2F3002E9C98 /* timestamp.h in Headers */,
				EECD00A9236AE2F3002E9C98 /* imgutils.h in Headers */,
				EECD0096236AE2F3002E9C98 /* hwcontext_drm.h in Headers */,
				EECD009A236AE2F3002E9C98 /* dict.h in Headers */,
				EECD00C8236AE2F3002E9C98 /* d3d11va.h in Headers */,
				EECD0088236AE2F3002E9C98 /* ffversion.h in Headers */,
				EECD00B4236AE2F3002E9C98 /* avassert.h in Headers */,
				EECD00AF236AE2F3002E9C98 /* hwcontext_qsv.h in Headers */,
				EECD0082236AE2F3002E9C98 /* frame.h in Headers */,
				EECD007B236AE2F3002E9C98 /* motion_vector.h in Headers */,
				EECD006B236AE2F3002E9C98 /* hwcontext.h in Headers */,
				EECD0068236AE2F3002E9C98 /* buffersink.h in Headers */,
				EECD0072236AE2F3002E9C98 /* replaygain.h in Headers */,
				EECD0079236AE2F3002E9C98 /* rational.h in Headers */,
				EECD006A236AE2F3002E9C98 /* avfiltergraph.h in Headers */,
				EECD0064236AE2F3002E9C98 /* version.h in Headers */,
				EECD00AE236AE2F3002E9C98 /* bprint.h in Headers */,
				EECD006D236AE2F3002E9C98 /* hwcontext_cuda.h in Headers */,
				EECD00BC236AE2F3002E9C98 /* avio.h in Headers */,
				EECD0098236AE2F3002E9C98 /* hmac.h in Headers */,
				EECDFEDF236AE2B6002E9C98 /* NHH264Encoder.h in Headers */,
				EECD006E236AE2F3002E9C98 /* intfloat.h in Headers */,
				EECD008C236AE2F3002E9C98 /* attributes.h in Headers */,
				EECD007C236AE2F3002E9C98 /* avconfig.h in Headers */,
				EECD00BA236AE2F3002E9C98 /* avdevice.h in Headers */,
				EECD00B6236AE2F3002E9C98 /* mathematics.h in Headers */,
				EECD006F236AE2F3002E9C98 /* error.h in Headers */,
				EECD007E236AE2F3002E9C98 /* avutil.h in Headers */,
				EECD00C9236AE2F3002E9C98 /* avfft.h in Headers */,
				EECD00C6236AE2F3002E9C98 /* xvmc.h in Headers */,
				EECD00CC236AE2F3002E9C98 /* dirac.h in Headers */,
				EECD00A1236AE2F3002E9C98 /* bswap.h in Headers */,
				EECD00B8236AE2F3002E9C98 /* avstring.h in Headers */,
				EECD00A2236AE2F3002E9C98 /* rc4.h in Headers */,
				EECD0076236AE2F3002E9C98 /* samplefmt.h in Headers */,
				EECD0081236AE2F3002E9C98 /* hwcontext_vdpau.h in Headers */,
				EECD00CA236AE2F3002E9C98 /* vda.h in Headers */,
				EECD0091236AE2F3002E9C98 /* hwcontext_dxva2.h in Headers */,
				EECD0066236AE2F3002E9C98 /* version.h in Headers */,
				EECD0080236AE2F3002E9C98 /* crc.h in Headers */,
				EECD00CE236AE2F3002E9C98 /* vorbis_parser.h in Headers */,
				EECD0070236AE2F3002E9C98 /* fifo.h in Headers */,
				EECD00BE236AE2F3002E9C98 /* version.h in Headers */,
				EECD00C2236AE2F3002E9C98 /* vdpau.h in Headers */,
				EECD008A236AE2F3002E9C98 /* tree.h in Headers */,
				EECD00D0236AE2F3002E9C98 /* dv_profile.h in Headers */,
				EECD00AA236AE2F3002E9C98 /* hwcontext_videotoolbox.h in Headers */,
				EECD00AC236AE2F3002E9C98 /* parseutils.h in Headers */,
				EECD00B9236AE2F3002E9C98 /* version.h in Headers */,
				EECD0095236AE2F3002E9C98 /* pixelutils.h in Headers */,
				EECD007A236AE2F3002E9C98 /* sha.h in Headers */,
				EECD008F236AE2F3002E9C98 /* timecode.h in Headers */,
				EECD00CF236AE2F3002E9C98 /* dxva2.h in Headers */,
				EECD007D236AE2F3002E9C98 /* lfg.h in Headers */,
				EECD00A3236AE2F3002E9C98 /* tea.h in Headers */,
				EECDFEDD236AE2B6002E9C98 /* NHX264OutputProtocol.h in Headers */,
				EECD0071236AE2F3002E9C98 /* blowfish.h in Headers */,
				EECD0090236AE2F3002E9C98 /* sha512.h in Headers */,
				EECD00C7236AE2F3002E9C98 /* mediacodec.h in Headers */,
				EECDFEAF236AE0CB002E9C98 /* Encoder.h in Headers */,
				EECD00A7236AE2F3002E9C98 /* channel_layout.h in Headers */,
				EECD00CB236AE2F3002E9C98 /* jni.h in Headers */,
				EECD0092236AE2F3002E9C98 /* display.h in Headers */,
				EECD0099236AE2F3002E9C98 /* eval.h in Headers */,
				EECD0085236AE2F3002E9C98 /* cast5.h in Headers */,
				EECD0075236AE2F3002E9C98 /* stereo3d.h in Headers */,
				EECD00A5236AE2F3002E9C98 /* lzo.h in Headers */,
				EECD00BD236AE2F3002E9C98 /* avformat.h in Headers */,
				EECD0097236AE2F3002E9C98 /* common.h in Headers */,
				EECD00C0236AE2F3002E9C98 /* avcodec.h in Headers */,
				EECD0078236AE2F3002E9C98 /* base64.h in Headers */,
				EECD00B3236AE2F3002E9C98 /* downmix_info.h in Headers */,
				EECD00A6236AE2F3002E9C98 /* des.h in Headers */,
				EECD008B236AE2F3002E9C98 /* threadmessage.h in Headers */,
				EECD00A4236AE2F3002E9C98 /* cpu.h in Headers */,
				EECD00C5236AE2F3002E9C98 /* videotoolbox.h in Headers */,
				EECD0073236AE2F3002E9C98 /* version.h in Headers */,
				EECD010B236AE86F002E9C98 /* NHCaptureSessionProtocol.h in Headers */,
				EECD00C3236AE2F3002E9C98 /* qsv.h in Headers */,
				EECD009C236AE2F3002E9C98 /* opt.h in Headers */,
				EECD009D236AE2F3002E9C98 /* mastering_display_metadata.h in Headers */,
				EECD00B7236AE2F3002E9C98 /* intreadwrite.h in Headers */,
				EECD00A0236AE2F3002E9C98 /* macros.h in Headers */,
				EECD0086236AE2F3002E9C98 /* hwcontext_vaapi.h in Headers */,
				EECD007F236AE2F3002E9C98 /* xtea.h in Headers */,
				EECD009E236AE2F3002E9C98 /* log.h in Headers */,
				EECD00B1236AE2F3002E9C98 /* aes_ctr.h in Headers */,
				EECD0069236AE2F3002E9C98 /* avfilter.h in Headers */,
				EECD010F236AE8D2002E9C98 /* NHVideoConfiguration.h in Headers */,
				EECD00AB236AE2F3002E9C98 /* mem.h in Headers */,
				EECD00CD236AE2F3002E9C98 /* avdct.h in Headers */,
				EECD00C1236AE2F3002E9C98 /* version.h in Headers */,
				EECD009B236AE2F3002E9C98 /* random_seed.h in Headers */,
				EECD00A8236AE2F3002E9C98 /* twofish.h in Headers */,
				EECD00C4236AE2F3002E9C98 /* vaapi.h in Headers */,
				EECDFEDC236AE2B6002E9C98 /* NHWriteH264Stream.h in Headers */,
				EECD0089236AE2F3002E9C98 /* audio_fifo.h in Headers */,
				EECD0074236AE2F3002E9C98 /* murmur3.h in Headers */,
				EECD00B5236AE2F3002E9C98 /* hash.h in Headers */,
				EECD0094236AE2F3002E9C98 /* camellia.h in Headers */,
				EECD00BF236AE2F3002E9C98 /* swscale.h in Headers */,
				EECD00D1236AE2F3002E9C98 /* version.h in Headers */,
				EECD008E236AE2F3002E9C98 /* hwcontext_d3d11va.h in Headers */,
				EECD008D236AE2F3002E9C98 /* adler32.h in Headers */,
				EECD0083236AE2F3002E9C98 /* file.h in Headers */,
				EECD0087236AE2F3002E9C98 /* spherical.h in Headers */,
				EECD0067236AE2F3002E9C98 /* buffersrc.h in Headers */,
				EECD00AD236AE2F3002E9C98 /* ripemd.h in Headers */,
			);
			runOnlyForDeploymentPostprocessing = 0;
		};
/* End PBXHeadersBuildPhase section */

/* Begin PBXNativeTarget section */
		EECDFEA9236AE0CB002E9C98 /* NHFFmpegEncoder */ = {
			isa = PBXNativeTarget;
			buildConfigurationList = EECDFEB2236AE0CB002E9C98 /* Build configuration list for PBXNativeTarget "NHFFmpegEncoder" */;
			buildPhases = (
				EECDFEA5236AE0CB002E9C98 /* Headers */,
				EECDFEA6236AE0CB002E9C98 /* Sources */,
				EECDFEA7236AE0CB002E9C98 /* Frameworks */,
				EECDFEA8236AE0CB002E9C98 /* Resources */,
			);
			buildRules = (
			);
			dependencies = (
			);
			name = NHFFmpegEncoder;
			productName = NHFFmpegEncoder;
			productReference = EECDFEAA236AE0CB002E9C98 /* NHFFmpegEncoder.framework */;
			productType = "com.apple.product-type.framework";
		};
/* End PBXNativeTarget section */

/* Begin PBXProject section */
		EECDFEA1236AE0CB002E9C98 /* Project object */ = {
			isa = PBXProject;
			attributes = {
				LastUpgradeCheck = 1110;
				ORGANIZATIONNAME = nenhall;
				TargetAttributes = {
					EECDFEA9236AE0CB002E9C98 = {
						CreatedOnToolsVersion = 11.1;
					};
				};
			};
			buildConfigurationList = EECDFEA4236AE0CB002E9C98 /* Build configuration list for PBXProject "NHFFmpegEncoder" */;
			compatibilityVersion = "Xcode 9.3";
			developmentRegion = en;
			hasScannedForEncodings = 0;
			knownRegions = (
				en,
				Base,
			);
			mainGroup = EECDFEA0236AE0CB002E9C98;
			productRefGroup = EECDFEAB236AE0CB002E9C98 /* Products */;
			projectDirPath = "";
			projectRoot = "";
			targets = (
				EECDFEA9236AE0CB002E9C98 /* NHFFmpegEncoder */,
			);
		};
/* End PBXProject section */

/* Begin PBXResourcesBuildPhase section */
		EECDFEA8236AE0CB002E9C98 /* Resources */ = {
			isa = PBXResourcesBuildPhase;
			buildActionMask = 2147483647;
			files = (
			);
			runOnlyForDeploymentPostprocessing = 0;
		};
/* End PBXResourcesBuildPhase section */

/* Begin PBXSourcesBuildPhase section */
		EECDFEA6236AE0CB002E9C98 /* Sources */ = {
			isa = PBXSourcesBuildPhase;
			buildActionMask = 2147483647;
			files = (
				EECDFEE2236AE2B6002E9C98 /* NHH264Encoder.m in Sources */,
				EECDFEDA236AE2B6002E9C98 /* NHFFmpegSession.m in Sources */,
				EECD010E236AE8D2002E9C98 /* NHVideoConfiguration.m in Sources */,
				EECDFEDE236AE2B6002E9C98 /* NHX264Manager.m in Sources */,
				EECDFEE0236AE2B6002E9C98 /* NHWriteH264Stream.m in Sources */,
			);
			runOnlyForDeploymentPostprocessing = 0;
		};
/* End PBXSourcesBuildPhase section */

/* Begin XCBuildConfiguration section */
		EECDFEB0236AE0CB002E9C98 /* Debug */ = {
			isa = XCBuildConfiguration;
			buildSettings = {
				ALWAYS_SEARCH_USER_PATHS = NO;
				CLANG_ANALYZER_NONNULL = YES;
				CLANG_ANALYZER_NUMBER_OBJECT_CONVERSION = YES_AGGRESSIVE;
				CLANG_CXX_LANGUAGE_STANDARD = "gnu++14";
				CLANG_CXX_LIBRARY = "libc++";
				CLANG_ENABLE_MODULES = YES;
				CLANG_ENABLE_OBJC_ARC = YES;
				CLANG_ENABLE_OBJC_WEAK = YES;
				CLANG_WARN_BLOCK_CAPTURE_AUTORELEASING = YES;
				CLANG_WARN_BOOL_CONVERSION = YES;
				CLANG_WARN_COMMA = YES;
				CLANG_WARN_CONSTANT_CONVERSION = YES;
				CLANG_WARN_DEPRECATED_OBJC_IMPLEMENTATIONS = YES;
				CLANG_WARN_DIRECT_OBJC_ISA_USAGE = YES_ERROR;
				CLANG_WARN_DOCUMENTATION_COMMENTS = YES;
				CLANG_WARN_EMPTY_BODY = YES;
				CLANG_WARN_ENUM_CONVERSION = YES;
				CLANG_WARN_INFINITE_RECURSION = YES;
				CLANG_WARN_INT_CONVERSION = YES;
				CLANG_WARN_NON_LITERAL_NULL_CONVERSION = YES;
				CLANG_WARN_OBJC_IMPLICIT_RETAIN_SELF = YES;
				CLANG_WARN_OBJC_LITERAL_CONVERSION = YES;
				CLANG_WARN_OBJC_ROOT_CLASS = YES_ERROR;
				CLANG_WARN_RANGE_LOOP_ANALYSIS = YES;
				CLANG_WARN_STRICT_PROTOTYPES = YES;
				CLANG_WARN_SUSPICIOUS_MOVE = YES;
				CLANG_WARN_UNGUARDED_AVAILABILITY = YES_AGGRESSIVE;
				CLANG_WARN_UNREACHABLE_CODE = YES;
				CLANG_WARN__DUPLICATE_METHOD_MATCH = YES;
				COPY_PHASE_STRIP = NO;
				CURRENT_PROJECT_VERSION = 1;
				DEBUG_INFORMATION_FORMAT = dwarf;
				ENABLE_STRICT_OBJC_MSGSEND = YES;
				ENABLE_TESTABILITY = YES;
				GCC_C_LANGUAGE_STANDARD = gnu11;
				GCC_DYNAMIC_NO_PIC = NO;
				GCC_NO_COMMON_BLOCKS = YES;
				GCC_OPTIMIZATION_LEVEL = 0;
				GCC_PREPROCESSOR_DEFINITIONS = (
					"DEBUG=1",
					"$(inherited)",
				);
				GCC_WARN_64_TO_32_BIT_CONVERSION = YES;
				GCC_WARN_ABOUT_RETURN_TYPE = YES_ERROR;
				GCC_WARN_UNDECLARED_SELECTOR = YES;
				GCC_WARN_UNINITIALIZED_AUTOS = YES_AGGRESSIVE;
				GCC_WARN_UNUSED_FUNCTION = YES;
				GCC_WARN_UNUSED_VARIABLE = YES;
				IPHONEOS_DEPLOYMENT_TARGET = 13.1;
				MTL_ENABLE_DEBUG_INFO = INCLUDE_SOURCE;
				MTL_FAST_MATH = YES;
				ONLY_ACTIVE_ARCH = YES;
				SDKROOT = iphoneos;
				VERSIONING_SYSTEM = "apple-generic";
				VERSION_INFO_PREFIX = "";
			};
			name = Debug;
		};
		EECDFEB1236AE0CB002E9C98 /* Release */ = {
			isa = XCBuildConfiguration;
			buildSettings = {
				ALWAYS_SEARCH_USER_PATHS = NO;
				CLANG_ANALYZER_NONNULL = YES;
				CLANG_ANALYZER_NUMBER_OBJECT_CONVERSION = YES_AGGRESSIVE;
				CLANG_CXX_LANGUAGE_STANDARD = "gnu++14";
				CLANG_CXX_LIBRARY = "libc++";
				CLANG_ENABLE_MODULES = YES;
				CLANG_ENABLE_OBJC_ARC = YES;
				CLANG_ENABLE_OBJC_WEAK = YES;
				CLANG_WARN_BLOCK_CAPTURE_AUTORELEASING = YES;
				CLANG_WARN_BOOL_CONVERSION = YES;
				CLANG_WARN_COMMA = YES;
				CLANG_WARN_CONSTANT_CONVERSION = YES;
				CLANG_WARN_DEPRECATED_OBJC_IMPLEMENTATIONS = YES;
				CLANG_WARN_DIRECT_OBJC_ISA_USAGE = YES_ERROR;
				CLANG_WARN_DOCUMENTATION_COMMENTS = YES;
				CLANG_WARN_EMPTY_BODY = YES;
				CLANG_WARN_ENUM_CONVERSION = YES;
				CLANG_WARN_INFINITE_RECURSION = YES;
				CLANG_WARN_INT_CONVERSION = YES;
				CLANG_WARN_NON_LITERAL_NULL_CONVERSION = YES;
				CLANG_WARN_OBJC_IMPLICIT_RETAIN_SELF = YES;
				CLANG_WARN_OBJC_LITERAL_CONVERSION = YES;
				CLANG_WARN_OBJC_ROOT_CLASS = YES_ERROR;
				CLANG_WARN_RANGE_LOOP_ANALYSIS = YES;
				CLANG_WARN_STRICT_PROTOTYPES = YES;
				CLANG_WARN_SUSPICIOUS_MOVE = YES;
				CLANG_WARN_UNGUARDED_AVAILABILITY = YES_AGGRESSIVE;
				CLANG_WARN_UNREACHABLE_CODE = YES;
				CLANG_WARN__DUPLICATE_METHOD_MATCH = YES;
				COPY_PHASE_STRIP = NO;
				CURRENT_PROJECT_VERSION = 1;
				DEBUG_INFORMATION_FORMAT = "dwarf-with-dsym";
				ENABLE_NS_ASSERTIONS = NO;
				ENABLE_STRICT_OBJC_MSGSEND = YES;
				GCC_C_LANGUAGE_STANDARD = gnu11;
				GCC_NO_COMMON_BLOCKS = YES;
				GCC_WARN_64_TO_32_BIT_CONVERSION = YES;
				GCC_WARN_ABOUT_RETURN_TYPE = YES_ERROR;
				GCC_WARN_UNDECLARED_SELECTOR = YES;
				GCC_WARN_UNINITIALIZED_AUTOS = YES_AGGRESSIVE;
				GCC_WARN_UNUSED_FUNCTION = YES;
				GCC_WARN_UNUSED_VARIABLE = YES;
				IPHONEOS_DEPLOYMENT_TARGET = 13.1;
				MTL_ENABLE_DEBUG_INFO = NO;
				MTL_FAST_MATH = YES;
				SDKROOT = iphoneos;
				VALIDATE_PRODUCT = YES;
				VERSIONING_SYSTEM = "apple-generic";
				VERSION_INFO_PREFIX = "";
			};
			name = Release;
		};
		EECDFEB3236AE0CB002E9C98 /* Debug */ = {
			isa = XCBuildConfiguration;
			buildSettings = {
				CODE_SIGN_STYLE = Automatic;
				DEFINES_MODULE = YES;
				DEVELOPMENT_TEAM = ZPRFW6HFT6;
				DYLIB_COMPATIBILITY_VERSION = 1;
				DYLIB_CURRENT_VERSION = 1;
				DYLIB_INSTALL_NAME_BASE = "@rpath";
				HEADER_SEARCH_PATHS = "\"$(SRCROOT)/../../../NHAVKit2/Library/FFmpeg/include\"";
				INFOPLIST_FILE = NHFFmpegEncoder/Info.plist;
				INSTALL_PATH = "$(LOCAL_LIBRARY_DIR)/Frameworks";
				IPHONEOS_DEPLOYMENT_TARGET = 8.0;
				LD_RUNPATH_SEARCH_PATHS = (
					"$(inherited)",
					"@executable_path/Frameworks",
					"@loader_path/Frameworks",
				);
				LIBRARY_SEARCH_PATHS = "\"$(SRCROOT)/../../../NHAVKit2/Library/FFmpeg/lib\"";
				PRODUCT_BUNDLE_IDENTIFIER = com.nenhall.studio.NHFFmpegEncoder;
				PRODUCT_NAME = "$(TARGET_NAME:c99extidentifier)";
				SKIP_INSTALL = YES;
				TARGETED_DEVICE_FAMILY = "1,2";
			};
			name = Debug;
		};
		EECDFEB4236AE0CB002E9C98 /* Release */ = {
			isa = XCBuildConfiguration;
			buildSettings = {
				CODE_SIGN_STYLE = Automatic;
				DEFINES_MODULE = YES;
				DEVELOPMENT_TEAM = ZPRFW6HFT6;
				DYLIB_COMPATIBILITY_VERSION = 1;
				DYLIB_CURRENT_VERSION = 1;
				DYLIB_INSTALL_NAME_BASE = "@rpath";
				HEADER_SEARCH_PATHS = "\"$(SRCROOT)/../../../NHAVKit2/Library/FFmpeg/include\"";
				INFOPLIST_FILE = NHFFmpegEncoder/Info.plist;
				INSTALL_PATH = "$(LOCAL_LIBRARY_DIR)/Frameworks";
				IPHONEOS_DEPLOYMENT_TARGET = 8.0;
				LD_RUNPATH_SEARCH_PATHS = (
					"$(inherited)",
					"@executable_path/Frameworks",
					"@loader_path/Frameworks",
				);
				LIBRARY_SEARCH_PATHS = "\"$(SRCROOT)/../../../NHAVKit2/Library/FFmpeg/lib\"";
				PRODUCT_BUNDLE_IDENTIFIER = com.nenhall.studio.NHFFmpegEncoder;
				PRODUCT_NAME = "$(TARGET_NAME:c99extidentifier)";
				SKIP_INSTALL = YES;
				TARGETED_DEVICE_FAMILY = "1,2";
			};
			name = Release;
		};
/* End XCBuildConfiguration section */

/* Begin XCConfigurationList section */
		EECDFEA4236AE0CB002E9C98 /* Build configuration list for PBXProject "NHFFmpegEncoder" */ = {
			isa = XCConfigurationList;
			buildConfigurations = (
				EECDFEB0236AE0CB002E9C98 /* Debug */,
				EECDFEB1236AE0CB002E9C98 /* Release */,
			);
			defaultConfigurationIsVisible = 0;
			defaultConfigurationName = Release;
		};
		EECDFEB2236AE0CB002E9C98 /* Build configuration list for PBXNativeTarget "NHFFmpegEncoder" */ = {
			isa = XCConfigurationList;
			buildConfigurations = (
				EECDFEB3236AE0CB002E9C98 /* Debug */,
				EECDFEB4236AE0CB002E9C98 /* Release */,
			);
			defaultConfigurationIsVisible = 0;
			defaultConfigurationName = Release;
		};
/* End XCConfigurationList section */
	};
	rootObject = EECDFEA1236AE0CB002E9C98 /* Project object */;
}
